
Microsoft Visual Studio Solution File, Format Version 11.00
# Visual Studio 2010
Project("{FAE04EC0-301F-11D3-BF4B-00C04F79EFBC}") = "csproj.patcher", "csproj.patcher\csproj.patcher.csproj", "{21B8915F-9B0C-430A-8B05-09586AA486A3}"
EndProject
Global
	GlobalSection(SolutionConfigurationPlatforms) = preSolution
		Debug|x86 = Debug|x86
		Release|x86 = Release|x86
	EndGlobalSection
	GlobalSection(ProjectConfigurationPlatforms) = postSolution
		{21B8915F-9B0C-430A-8B05-09586AA486A3}.Debug|x86.ActiveCfg = Debug|x86
		{21B8915F-9B0C-430A-8B05-09586AA486A3}.Debug|x86.Build.0 = Debug|x86
		{21B8915F-9B0C-430A-8B05-09586AA486A3}.Release|x86.ActiveCfg = Release|x86
		{21B8915F-9B0C-430A-8B05-09586AA486A3}.Release|x86.Build.0 = Release|x86
	EndGlobalSection
	GlobalSection(SolutionProperties) = preSolution
		HideSolutionNode = FALSE
	EndGlobalSection
EndGlobal
