Microsoft Visual Studio Solution File, Format Version 8.00
Project("{FAE04EC0-301F-11D3-BF4B-00C04F79EFBC}") = "ICSharpCode.SharpZipLib", "ICSharpCode.SharpZipLib.csproj", "{8A8D2235-7462-446D-B513-65DB6C04083B}"
	ProjectSection(ProjectDependencies) = postProject
	EndProjectSection
EndProject
Global
	GlobalSection(SolutionConfiguration) = preSolution
		Debug = Debug
		Release = Release
	EndGlobalSection
	GlobalSection(ProjectConfiguration) = postSolution
		{8A8D2235-7462-446D-B513-65DB6C04083B}.Debug.ActiveCfg = Debug|.NET
		{8A8D2235-7462-446D-B513-65DB6C04083B}.Debug.Build.0 = Debug|.NET
		{8A8D2235-7462-446D-B513-65DB6C04083B}.Release.ActiveCfg = Release|.NET
		{8A8D2235-7462-446D-B513-65DB6C04083B}.Release.Build.0 = Release|.NET
	EndGlobalSection
	GlobalSection(ExtensibilityGlobals) = postSolution
	EndGlobalSection
	GlobalSection(ExtensibilityAddIns) = postSolution
	EndGlobalSection
EndGlobal
