Microsoft Visual Studio Solution File, Format Version 8.00
Project("{FAE04EC0-301F-11D3-BF4B-00C04F79EFBC}") = "gui", "gui\gui.csproj", "{244AE96A-5D5F-43BA-812C-7EF6F3885850}"
	ProjectSection(ProjectDependencies) = postProject
		{80C14A35-BD13-463C-B296-AF3F5A254439} = {80C14A35-BD13-463C-B296-AF3F5A254439}
		{2956F578-5FEE-4D8E-AEEB-F06411888588} = {2956F578-5FEE-4D8E-AEEB-F06411888588}
		{C1938679-4A1C-4A15-9121-1911FD6839B5} = {C1938679-4A1C-4A15-9121-1911FD6839B5}
		{C8FD9881-2EB6-4909-94FA-E178B6DA248B} = {C8FD9881-2EB6-4909-94FA-E178B6DA248B}
		{213A979A-506A-4295-9350-B86F82C0DBCB} = {213A979A-506A-4295-9350-B86F82C0DBCB}
		{A42EF8BC-57CF-4D5A-A423-9B03C034210A} = {A42EF8BC-57CF-4D5A-A423-9B03C034210A}
		{6382DEDB-ED8F-4152-B8FE-012FC5990C59} = {6382DEDB-ED8F-4152-B8FE-012FC5990C59}
		{B81AA2E2-D0A9-4ECF-9F96-ED3EDED63D7A} = {B81AA2E2-D0A9-4ECF-9F96-ED3EDED63D7A}
	EndProjectSection
EndProject
Project("{8BC9CEB8-8B4A-11D0-8D11-00A0C91BC942}") = "test", "test\test.vcproj", "{2A89E5A0-1B6B-4F8E-905D-45D6EE0C4CD7}"
	ProjectSection(ProjectDependencies) = postProject
	EndProjectSection
EndProject
Project("{8BC9CEB8-8B4A-11D0-8D11-00A0C91BC942}") = "graph_simplex", "graph_simplex\graph_simplex.vcproj", "{B81AA2E2-D0A9-4ECF-9F96-ED3EDED63D7A}"
	ProjectSection(ProjectDependencies) = postProject
	EndProjectSection
EndProject
Project("{8BC9CEB8-8B4A-11D0-8D11-00A0C91BC942}") = "calculator", "calculator\calculator.vcproj", "{A42EF8BC-57CF-4D5A-A423-9B03C034210A}"
	ProjectSection(ProjectDependencies) = postProject
	EndProjectSection
EndProject
Project("{8BC9CEB8-8B4A-11D0-8D11-00A0C91BC942}") = "graph", "graph\graph.vcproj", "{213A979A-506A-4295-9350-B86F82C0DBCB}"
	ProjectSection(ProjectDependencies) = postProject
	EndProjectSection
EndProject
Project("{8BC9CEB8-8B4A-11D0-8D11-00A0C91BC942}") = "MorseKernelATL", "MorseKernelATL\MorseKernelATL.vcproj", "{2956F578-5FEE-4D8E-AEEB-F06411888588}"
	ProjectSection(ProjectDependencies) = postProject
	EndProjectSection
EndProject
Project("{8BC9CEB8-8B4A-11D0-8D11-00A0C91BC942}") = "MorseKernelATLPS", "MorseKernelATL\MorseKernelATLPS.vcproj", "{6382DEDB-ED8F-4152-B8FE-012FC5990C59}"
	ProjectSection(ProjectDependencies) = postProject
		{2956F578-5FEE-4D8E-AEEB-F06411888588} = {2956F578-5FEE-4D8E-AEEB-F06411888588}
	EndProjectSection
EndProject
Project("{8BC9CEB8-8B4A-11D0-8D11-00A0C91BC942}") = "cellImageBuilders", "cellImageBuilders\cellImageBuilders.vcproj", "{80C14A35-BD13-463C-B296-AF3F5A254439}"
	ProjectSection(ProjectDependencies) = postProject
	EndProjectSection
EndProject
Project("{54435603-DBB4-11D2-8724-00A0C9A8B90C}") = "Setup", "Setup\Setup.vdproj", "{733CB0EA-6154-4ACB-9220-E41CE08A4278}"
	ProjectSection(ProjectDependencies) = postProject
		{C8FD9881-2EB6-4909-94FA-E178B6DA248B} = {C8FD9881-2EB6-4909-94FA-E178B6DA248B}
		{6382DEDB-ED8F-4152-B8FE-012FC5990C59} = {6382DEDB-ED8F-4152-B8FE-012FC5990C59}
	EndProjectSection
EndProject
Project("{8BC9CEB8-8B4A-11D0-8D11-00A0C91BC942}") = "MorseKernelVisualizationATL", "MorseKernelVisualizationATL\MorseKernelVisualizationATL.vcproj", "{C1938679-4A1C-4A15-9121-1911FD6839B5}"
	ProjectSection(ProjectDependencies) = postProject
	EndProjectSection
EndProject
Project("{8BC9CEB8-8B4A-11D0-8D11-00A0C91BC942}") = "MorseKernelVisualizationATLPS", "MorseKernelVisualizationATL\MorseKernelVisualizationATLPS.vcproj", "{C8FD9881-2EB6-4909-94FA-E178B6DA248B}"
	ProjectSection(ProjectDependencies) = postProject
		{C1938679-4A1C-4A15-9121-1911FD6839B5} = {C1938679-4A1C-4A15-9121-1911FD6839B5}
	EndProjectSection
EndProject
Project("{8BC9CEB8-8B4A-11D0-8D11-00A0C91BC942}") = "d3d9test", "d3d9test\d3d9test.vcproj", "{C49D6DB3-644F-4BE5-A5F3-1783394511EE}"
	ProjectSection(ProjectDependencies) = postProject
	EndProjectSection
EndProject
Project("{8BC9CEB8-8B4A-11D0-8D11-00A0C91BC942}") = "Visualizator", "D3DVisualizator\D3DVisualizator.vcproj", "{F564580A-A60A-4149-9416-60BAABFD1005}"
	ProjectSection(ProjectDependencies) = postProject
	EndProjectSection
EndProject
Project("{8BC9CEB8-8B4A-11D0-8D11-00A0C91BC942}") = "SystemFunction", "SystemFunction\SystemFunction.vcproj", "{8D190DB8-56C4-4C76-A7F1-5560D53344CC}"
	ProjectSection(ProjectDependencies) = postProject
	EndProjectSection
EndProject
Project("{8BC9CEB8-8B4A-11D0-8D11-00A0C91BC942}") = "Homotop", "Homotop\Homotop.vcproj", "{FAC2EC89-DA1B-4E88-A304-B80BB2BE0A51}"
	ProjectSection(ProjectDependencies) = postProject
		{80C14A35-BD13-463C-B296-AF3F5A254439} = {80C14A35-BD13-463C-B296-AF3F5A254439}
		{213A979A-506A-4295-9350-B86F82C0DBCB} = {213A979A-506A-4295-9350-B86F82C0DBCB}
	EndProjectSection
EndProject
Project("{8BC9CEB8-8B4A-11D0-8D11-00A0C91BC942}") = "GLVisualization", "GLVisualization\GLVisualization.vcproj", "{BEB479DF-198F-4F91-B459-BC229AF61BBA}"
	ProjectSection(ProjectDependencies) = postProject
	EndProjectSection
EndProject
Project("{8BC9CEB8-8B4A-11D0-8D11-00A0C91BC942}") = "GLVisualizationPS", "GLVisualization\GLVisualizationPS.vcproj", "{EE5EBA87-6906-4122-8C21-0B79A119DF4A}"
	ProjectSection(ProjectDependencies) = postProject
		{BEB479DF-198F-4F91-B459-BC229AF61BBA} = {BEB479DF-198F-4F91-B459-BC229AF61BBA}
	EndProjectSection
EndProject
Project("{8BC9CEB8-8B4A-11D0-8D11-00A0C91BC942}") = "MorseKernel2", "MorseKernel2\MorseKernel2.vcproj", "{FA02656D-A267-4B1F-A956-79236784E5CA}"
	ProjectSection(ProjectDependencies) = postProject
	EndProjectSection
EndProject
Project("{8BC9CEB8-8B4A-11D0-8D11-00A0C91BC942}") = "MorseKernel2PS", "MorseKernel2\MorseKernel2PS.vcproj", "{F0ECF416-0386-4E77-84B6-CFAD137A098E}"
	ProjectSection(ProjectDependencies) = postProject
		{FA02656D-A267-4B1F-A956-79236784E5CA} = {FA02656D-A267-4B1F-A956-79236784E5CA}
	EndProjectSection
EndProject
Project("{FAE04EC0-301F-11D3-BF4B-00C04F79EFBC}") = "guiKernel2", "guiKernel2\guiKernel2.csproj", "{458807AE-F7FB-4653-A338-A7A9BBBF3A2B}"
	ProjectSection(ProjectDependencies) = postProject
	EndProjectSection
EndProject
Project("{FAE04EC0-301F-11D3-BF4B-00C04F79EFBC}") = "guiControls", "guiControls\guiControls.csproj", "{9E2C7BF8-7B0B-42FD-9490-CA28694CC18C}"
	ProjectSection(ProjectDependencies) = postProject
	EndProjectSection
EndProject
Project("{FAE04EC0-301F-11D3-BF4B-00C04F79EFBC}") = "gui2", "gui2\gui2.csproj", "{D23A0918-1DE7-4355-8097-AE5D27FF0ABD}"
	ProjectSection(ProjectDependencies) = postProject
	EndProjectSection
EndProject
Global
	GlobalSection(SolutionConfiguration) = preSolution
		Debug = Debug
		Debug2 = Debug2
		DebugGL = DebugGL
		DebugGUI = DebugGUI
		DebugGui2 = DebugGui2
		FullDebug = FullDebug
		NewDLL = NewDLL
		Release = Release
		Test = Test
		VisualizationDebug = VisualizationDebug
	EndGlobalSection
	GlobalSection(ProjectConfiguration) = postSolution
		{244AE96A-5D5F-43BA-812C-7EF6F3885850}.Debug.ActiveCfg = Debug|.NET
		{244AE96A-5D5F-43BA-812C-7EF6F3885850}.Debug2.ActiveCfg = Debug|.NET
		{244AE96A-5D5F-43BA-812C-7EF6F3885850}.DebugGL.ActiveCfg = Debug|.NET
		{244AE96A-5D5F-43BA-812C-7EF6F3885850}.DebugGUI.ActiveCfg = Debug|.NET
		{244AE96A-5D5F-43BA-812C-7EF6F3885850}.DebugGUI.Build.0 = Debug|.NET
		{244AE96A-5D5F-43BA-812C-7EF6F3885850}.DebugGui2.ActiveCfg = Debug|.NET
		{244AE96A-5D5F-43BA-812C-7EF6F3885850}.FullDebug.ActiveCfg = FullDebug|.NET
		{244AE96A-5D5F-43BA-812C-7EF6F3885850}.FullDebug.Build.0 = FullDebug|.NET
		{244AE96A-5D5F-43BA-812C-7EF6F3885850}.NewDLL.ActiveCfg = Debug|.NET
		{244AE96A-5D5F-43BA-812C-7EF6F3885850}.Release.ActiveCfg = Release|.NET
		{244AE96A-5D5F-43BA-812C-7EF6F3885850}.Release.Build.0 = Release|.NET
		{244AE96A-5D5F-43BA-812C-7EF6F3885850}.Test.ActiveCfg = Debug|.NET
		{244AE96A-5D5F-43BA-812C-7EF6F3885850}.VisualizationDebug.ActiveCfg = Debug|.NET
		{2A89E5A0-1B6B-4F8E-905D-45D6EE0C4CD7}.Debug.ActiveCfg = Debug|Win32
		{2A89E5A0-1B6B-4F8E-905D-45D6EE0C4CD7}.Debug2.ActiveCfg = Debug|Win32
		{2A89E5A0-1B6B-4F8E-905D-45D6EE0C4CD7}.DebugGL.ActiveCfg = Debug|Win32
		{2A89E5A0-1B6B-4F8E-905D-45D6EE0C4CD7}.DebugGUI.ActiveCfg = Debug|Win32
		{2A89E5A0-1B6B-4F8E-905D-45D6EE0C4CD7}.DebugGui2.ActiveCfg = Debug|Win32
		{2A89E5A0-1B6B-4F8E-905D-45D6EE0C4CD7}.FullDebug.ActiveCfg = Debug|Win32
		{2A89E5A0-1B6B-4F8E-905D-45D6EE0C4CD7}.FullDebug.Build.0 = Debug|Win32
		{2A89E5A0-1B6B-4F8E-905D-45D6EE0C4CD7}.NewDLL.ActiveCfg = Debug|Win32
		{2A89E5A0-1B6B-4F8E-905D-45D6EE0C4CD7}.Release.ActiveCfg = Release|Win32
		{2A89E5A0-1B6B-4F8E-905D-45D6EE0C4CD7}.Test.ActiveCfg = Debug|Win32
		{2A89E5A0-1B6B-4F8E-905D-45D6EE0C4CD7}.Test.Build.0 = Debug|Win32
		{2A89E5A0-1B6B-4F8E-905D-45D6EE0C4CD7}.VisualizationDebug.ActiveCfg = Debug|Win32
		{B81AA2E2-D0A9-4ECF-9F96-ED3EDED63D7A}.Debug.ActiveCfg = Debug|Win32
		{B81AA2E2-D0A9-4ECF-9F96-ED3EDED63D7A}.Debug.Build.0 = Debug|Win32
		{B81AA2E2-D0A9-4ECF-9F96-ED3EDED63D7A}.Debug2.ActiveCfg = Debug|Win32
		{B81AA2E2-D0A9-4ECF-9F96-ED3EDED63D7A}.Debug2.Build.0 = Debug|Win32
		{B81AA2E2-D0A9-4ECF-9F96-ED3EDED63D7A}.DebugGL.ActiveCfg = Debug|Win32
		{B81AA2E2-D0A9-4ECF-9F96-ED3EDED63D7A}.DebugGUI.ActiveCfg = Debug|Win32
		{B81AA2E2-D0A9-4ECF-9F96-ED3EDED63D7A}.DebugGui2.ActiveCfg = Debug|Win32
		{B81AA2E2-D0A9-4ECF-9F96-ED3EDED63D7A}.FullDebug.ActiveCfg = Debug|Win32
		{B81AA2E2-D0A9-4ECF-9F96-ED3EDED63D7A}.FullDebug.Build.0 = Debug|Win32
		{B81AA2E2-D0A9-4ECF-9F96-ED3EDED63D7A}.NewDLL.ActiveCfg = Debug|Win32
		{B81AA2E2-D0A9-4ECF-9F96-ED3EDED63D7A}.NewDLL.Build.0 = Debug|Win32
		{B81AA2E2-D0A9-4ECF-9F96-ED3EDED63D7A}.Release.ActiveCfg = Release|Win32
		{B81AA2E2-D0A9-4ECF-9F96-ED3EDED63D7A}.Release.Build.0 = Release|Win32
		{B81AA2E2-D0A9-4ECF-9F96-ED3EDED63D7A}.Test.ActiveCfg = Debug|Win32
		{B81AA2E2-D0A9-4ECF-9F96-ED3EDED63D7A}.Test.Build.0 = Debug|Win32
		{B81AA2E2-D0A9-4ECF-9F96-ED3EDED63D7A}.VisualizationDebug.ActiveCfg = Debug|Win32
		{A42EF8BC-57CF-4D5A-A423-9B03C034210A}.Debug.ActiveCfg = Debug|Win32
		{A42EF8BC-57CF-4D5A-A423-9B03C034210A}.Debug.Build.0 = Debug|Win32
		{A42EF8BC-57CF-4D5A-A423-9B03C034210A}.Debug2.ActiveCfg = Debug|Win32
		{A42EF8BC-57CF-4D5A-A423-9B03C034210A}.Debug2.Build.0 = Debug|Win32
		{A42EF8BC-57CF-4D5A-A423-9B03C034210A}.DebugGL.ActiveCfg = Debug|Win32
		{A42EF8BC-57CF-4D5A-A423-9B03C034210A}.DebugGUI.ActiveCfg = Debug|Win32
		{A42EF8BC-57CF-4D5A-A423-9B03C034210A}.DebugGui2.ActiveCfg = Debug|Win32
		{A42EF8BC-57CF-4D5A-A423-9B03C034210A}.FullDebug.ActiveCfg = Debug|Win32
		{A42EF8BC-57CF-4D5A-A423-9B03C034210A}.FullDebug.Build.0 = Debug|Win32
		{A42EF8BC-57CF-4D5A-A423-9B03C034210A}.NewDLL.ActiveCfg = Debug|Win32
		{A42EF8BC-57CF-4D5A-A423-9B03C034210A}.NewDLL.Build.0 = Debug|Win32
		{A42EF8BC-57CF-4D5A-A423-9B03C034210A}.Release.ActiveCfg = Release|Win32
		{A42EF8BC-57CF-4D5A-A423-9B03C034210A}.Release.Build.0 = Release|Win32
		{A42EF8BC-57CF-4D5A-A423-9B03C034210A}.Test.ActiveCfg = Debug|Win32
		{A42EF8BC-57CF-4D5A-A423-9B03C034210A}.Test.Build.0 = Debug|Win32
		{A42EF8BC-57CF-4D5A-A423-9B03C034210A}.VisualizationDebug.ActiveCfg = Debug|Win32
		{213A979A-506A-4295-9350-B86F82C0DBCB}.Debug.ActiveCfg = Debug|Win32
		{213A979A-506A-4295-9350-B86F82C0DBCB}.Debug.Build.0 = Debug|Win32
		{213A979A-506A-4295-9350-B86F82C0DBCB}.Debug2.ActiveCfg = Debug|Win32
		{213A979A-506A-4295-9350-B86F82C0DBCB}.Debug2.Build.0 = Debug|Win32
		{213A979A-506A-4295-9350-B86F82C0DBCB}.DebugGL.ActiveCfg = Debug|Win32
		{213A979A-506A-4295-9350-B86F82C0DBCB}.DebugGUI.ActiveCfg = Debug|Win32
		{213A979A-506A-4295-9350-B86F82C0DBCB}.DebugGui2.ActiveCfg = Debug|Win32
		{213A979A-506A-4295-9350-B86F82C0DBCB}.FullDebug.ActiveCfg = Debug|Win32
		{213A979A-506A-4295-9350-B86F82C0DBCB}.FullDebug.Build.0 = Debug|Win32
		{213A979A-506A-4295-9350-B86F82C0DBCB}.NewDLL.ActiveCfg = Debug|Win32
		{213A979A-506A-4295-9350-B86F82C0DBCB}.NewDLL.Build.0 = Debug|Win32
		{213A979A-506A-4295-9350-B86F82C0DBCB}.Release.ActiveCfg = Release|Win32
		{213A979A-506A-4295-9350-B86F82C0DBCB}.Release.Build.0 = Release|Win32
		{213A979A-506A-4295-9350-B86F82C0DBCB}.Test.ActiveCfg = Debug|Win32
		{213A979A-506A-4295-9350-B86F82C0DBCB}.Test.Build.0 = Debug|Win32
		{213A979A-506A-4295-9350-B86F82C0DBCB}.VisualizationDebug.ActiveCfg = Debug|Win32
		{2956F578-5FEE-4D8E-AEEB-F06411888588}.Debug.ActiveCfg = Debug|Win32
		{2956F578-5FEE-4D8E-AEEB-F06411888588}.Debug.Build.0 = Debug|Win32
		{2956F578-5FEE-4D8E-AEEB-F06411888588}.Debug2.ActiveCfg = Debug|Win32
		{2956F578-5FEE-4D8E-AEEB-F06411888588}.DebugGL.ActiveCfg = Debug|Win32
		{2956F578-5FEE-4D8E-AEEB-F06411888588}.DebugGUI.ActiveCfg = Debug|Win32
		{2956F578-5FEE-4D8E-AEEB-F06411888588}.DebugGui2.ActiveCfg = Debug|Win32
		{2956F578-5FEE-4D8E-AEEB-F06411888588}.FullDebug.ActiveCfg = Debug|Win32
		{2956F578-5FEE-4D8E-AEEB-F06411888588}.FullDebug.Build.0 = Debug|Win32
		{2956F578-5FEE-4D8E-AEEB-F06411888588}.NewDLL.ActiveCfg = Debug|Win32
		{2956F578-5FEE-4D8E-AEEB-F06411888588}.NewDLL.Build.0 = Debug|Win32
		{2956F578-5FEE-4D8E-AEEB-F06411888588}.Release.ActiveCfg = Release|Win32
		{2956F578-5FEE-4D8E-AEEB-F06411888588}.Release.Build.0 = Release|Win32
		{2956F578-5FEE-4D8E-AEEB-F06411888588}.Test.ActiveCfg = Debug|Win32
		{2956F578-5FEE-4D8E-AEEB-F06411888588}.VisualizationDebug.ActiveCfg = Debug|Win32
		{6382DEDB-ED8F-4152-B8FE-012FC5990C59}.Debug.ActiveCfg = Debug|Win32
		{6382DEDB-ED8F-4152-B8FE-012FC5990C59}.Debug2.ActiveCfg = Debug|Win32
		{6382DEDB-ED8F-4152-B8FE-012FC5990C59}.DebugGL.ActiveCfg = Debug|Win32
		{6382DEDB-ED8F-4152-B8FE-012FC5990C59}.DebugGUI.ActiveCfg = Debug|Win32
		{6382DEDB-ED8F-4152-B8FE-012FC5990C59}.DebugGui2.ActiveCfg = Debug|Win32
		{6382DEDB-ED8F-4152-B8FE-012FC5990C59}.FullDebug.ActiveCfg = Debug|Win32
		{6382DEDB-ED8F-4152-B8FE-012FC5990C59}.NewDLL.ActiveCfg = Debug|Win32
		{6382DEDB-ED8F-4152-B8FE-012FC5990C59}.Release.ActiveCfg = Release|Win32
		{6382DEDB-ED8F-4152-B8FE-012FC5990C59}.Test.ActiveCfg = Debug|Win32
		{6382DEDB-ED8F-4152-B8FE-012FC5990C59}.VisualizationDebug.ActiveCfg = Debug|Win32
		{80C14A35-BD13-463C-B296-AF3F5A254439}.Debug.ActiveCfg = Debug|Win32
		{80C14A35-BD13-463C-B296-AF3F5A254439}.Debug.Build.0 = Debug|Win32
		{80C14A35-BD13-463C-B296-AF3F5A254439}.Debug2.ActiveCfg = Debug|Win32
		{80C14A35-BD13-463C-B296-AF3F5A254439}.Debug2.Build.0 = Debug|Win32
		{80C14A35-BD13-463C-B296-AF3F5A254439}.DebugGL.ActiveCfg = Debug|Win32
		{80C14A35-BD13-463C-B296-AF3F5A254439}.DebugGUI.ActiveCfg = Debug|Win32
		{80C14A35-BD13-463C-B296-AF3F5A254439}.DebugGui2.ActiveCfg = Debug|Win32
		{80C14A35-BD13-463C-B296-AF3F5A254439}.FullDebug.ActiveCfg = Debug|Win32
		{80C14A35-BD13-463C-B296-AF3F5A254439}.FullDebug.Build.0 = Debug|Win32
		{80C14A35-BD13-463C-B296-AF3F5A254439}.NewDLL.ActiveCfg = Debug|Win32
		{80C14A35-BD13-463C-B296-AF3F5A254439}.NewDLL.Build.0 = Debug|Win32
		{80C14A35-BD13-463C-B296-AF3F5A254439}.Release.ActiveCfg = Release|Win32
		{80C14A35-BD13-463C-B296-AF3F5A254439}.Release.Build.0 = Release|Win32
		{80C14A35-BD13-463C-B296-AF3F5A254439}.Test.ActiveCfg = Debug|Win32
		{80C14A35-BD13-463C-B296-AF3F5A254439}.Test.Build.0 = Debug|Win32
		{80C14A35-BD13-463C-B296-AF3F5A254439}.VisualizationDebug.ActiveCfg = Debug|Win32
		{733CB0EA-6154-4ACB-9220-E41CE08A4278}.Debug.ActiveCfg = Debug
		{733CB0EA-6154-4ACB-9220-E41CE08A4278}.Debug2.ActiveCfg = Debug
		{733CB0EA-6154-4ACB-9220-E41CE08A4278}.DebugGL.ActiveCfg = Debug
		{733CB0EA-6154-4ACB-9220-E41CE08A4278}.DebugGUI.ActiveCfg = Debug
		{733CB0EA-6154-4ACB-9220-E41CE08A4278}.DebugGui2.ActiveCfg = Debug
		{733CB0EA-6154-4ACB-9220-E41CE08A4278}.FullDebug.ActiveCfg = Debug
		{733CB0EA-6154-4ACB-9220-E41CE08A4278}.NewDLL.ActiveCfg = Debug
		{733CB0EA-6154-4ACB-9220-E41CE08A4278}.Release.ActiveCfg = Release
		{733CB0EA-6154-4ACB-9220-E41CE08A4278}.Release.Build.0 = Release
		{733CB0EA-6154-4ACB-9220-E41CE08A4278}.Test.ActiveCfg = Debug
		{733CB0EA-6154-4ACB-9220-E41CE08A4278}.VisualizationDebug.ActiveCfg = Debug
		{C1938679-4A1C-4A15-9121-1911FD6839B5}.Debug.ActiveCfg = Debug|Win32
		{C1938679-4A1C-4A15-9121-1911FD6839B5}.Debug2.ActiveCfg = Debug|Win32
		{C1938679-4A1C-4A15-9121-1911FD6839B5}.DebugGL.ActiveCfg = Debug|Win32
		{C1938679-4A1C-4A15-9121-1911FD6839B5}.DebugGUI.ActiveCfg = Debug|Win32
		{C1938679-4A1C-4A15-9121-1911FD6839B5}.DebugGui2.ActiveCfg = Debug|Win32
		{C1938679-4A1C-4A15-9121-1911FD6839B5}.FullDebug.ActiveCfg = Debug|Win32
		{C1938679-4A1C-4A15-9121-1911FD6839B5}.NewDLL.ActiveCfg = Release|Win32
		{C1938679-4A1C-4A15-9121-1911FD6839B5}.NewDLL.Build.0 = Release|Win32
		{C1938679-4A1C-4A15-9121-1911FD6839B5}.Release.ActiveCfg = Release|Win32
		{C1938679-4A1C-4A15-9121-1911FD6839B5}.Release.Build.0 = Release|Win32
		{C1938679-4A1C-4A15-9121-1911FD6839B5}.Test.ActiveCfg = Debug|Win32
		{C1938679-4A1C-4A15-9121-1911FD6839B5}.VisualizationDebug.ActiveCfg = Debug|Win32
		{C8FD9881-2EB6-4909-94FA-E178B6DA248B}.Debug.ActiveCfg = Debug|Win32
		{C8FD9881-2EB6-4909-94FA-E178B6DA248B}.Debug2.ActiveCfg = Debug|Win32
		{C8FD9881-2EB6-4909-94FA-E178B6DA248B}.DebugGL.ActiveCfg = Debug|Win32
		{C8FD9881-2EB6-4909-94FA-E178B6DA248B}.DebugGUI.ActiveCfg = Debug|Win32
		{C8FD9881-2EB6-4909-94FA-E178B6DA248B}.DebugGui2.ActiveCfg = Debug|Win32
		{C8FD9881-2EB6-4909-94FA-E178B6DA248B}.FullDebug.ActiveCfg = Debug|Win32
		{C8FD9881-2EB6-4909-94FA-E178B6DA248B}.NewDLL.ActiveCfg = Release|Win32
		{C8FD9881-2EB6-4909-94FA-E178B6DA248B}.Release.ActiveCfg = Release|Win32
		{C8FD9881-2EB6-4909-94FA-E178B6DA248B}.Test.ActiveCfg = Debug|Win32
		{C8FD9881-2EB6-4909-94FA-E178B6DA248B}.VisualizationDebug.ActiveCfg = Debug|Win32
		{C49D6DB3-644F-4BE5-A5F3-1783394511EE}.Debug.ActiveCfg = Debug|Win32
		{C49D6DB3-644F-4BE5-A5F3-1783394511EE}.Debug2.ActiveCfg = Debug|Win32
		{C49D6DB3-644F-4BE5-A5F3-1783394511EE}.DebugGL.ActiveCfg = Debug|Win32
		{C49D6DB3-644F-4BE5-A5F3-1783394511EE}.DebugGUI.ActiveCfg = Debug|Win32
		{C49D6DB3-644F-4BE5-A5F3-1783394511EE}.DebugGui2.ActiveCfg = Debug|Win32
		{C49D6DB3-644F-4BE5-A5F3-1783394511EE}.FullDebug.ActiveCfg = Debug|Win32
		{C49D6DB3-644F-4BE5-A5F3-1783394511EE}.NewDLL.ActiveCfg = Release|Win32
		{C49D6DB3-644F-4BE5-A5F3-1783394511EE}.NewDLL.Build.0 = Release|Win32
		{C49D6DB3-644F-4BE5-A5F3-1783394511EE}.Release.ActiveCfg = Release|Win32
		{C49D6DB3-644F-4BE5-A5F3-1783394511EE}.Release.Build.0 = Release|Win32
		{C49D6DB3-644F-4BE5-A5F3-1783394511EE}.Test.ActiveCfg = Debug|Win32
		{C49D6DB3-644F-4BE5-A5F3-1783394511EE}.VisualizationDebug.ActiveCfg = Debug|Win32
		{C49D6DB3-644F-4BE5-A5F3-1783394511EE}.VisualizationDebug.Build.0 = Debug|Win32
		{F564580A-A60A-4149-9416-60BAABFD1005}.Debug.ActiveCfg = Debug|Win32
		{F564580A-A60A-4149-9416-60BAABFD1005}.Debug2.ActiveCfg = Debug|Win32
		{F564580A-A60A-4149-9416-60BAABFD1005}.DebugGL.ActiveCfg = Debug|Win32
		{F564580A-A60A-4149-9416-60BAABFD1005}.DebugGUI.ActiveCfg = Debug|Win32
		{F564580A-A60A-4149-9416-60BAABFD1005}.DebugGui2.ActiveCfg = Debug|Win32
		{F564580A-A60A-4149-9416-60BAABFD1005}.FullDebug.ActiveCfg = Debug|Win32
		{F564580A-A60A-4149-9416-60BAABFD1005}.NewDLL.ActiveCfg = Release|Win32
		{F564580A-A60A-4149-9416-60BAABFD1005}.NewDLL.Build.0 = Release|Win32
		{F564580A-A60A-4149-9416-60BAABFD1005}.Release.ActiveCfg = Release|Win32
		{F564580A-A60A-4149-9416-60BAABFD1005}.Release.Build.0 = Release|Win32
		{F564580A-A60A-4149-9416-60BAABFD1005}.Test.ActiveCfg = Debug|Win32
		{F564580A-A60A-4149-9416-60BAABFD1005}.VisualizationDebug.ActiveCfg = Debug|Win32
		{F564580A-A60A-4149-9416-60BAABFD1005}.VisualizationDebug.Build.0 = Debug|Win32
		{8D190DB8-56C4-4C76-A7F1-5560D53344CC}.Debug.ActiveCfg = Debug|Win32
		{8D190DB8-56C4-4C76-A7F1-5560D53344CC}.Debug.Build.0 = Debug|Win32
		{8D190DB8-56C4-4C76-A7F1-5560D53344CC}.Debug2.ActiveCfg = Debug|Win32
		{8D190DB8-56C4-4C76-A7F1-5560D53344CC}.Debug2.Build.0 = Debug|Win32
		{8D190DB8-56C4-4C76-A7F1-5560D53344CC}.DebugGL.ActiveCfg = Debug|Win32
		{8D190DB8-56C4-4C76-A7F1-5560D53344CC}.DebugGUI.ActiveCfg = Debug|Win32
		{8D190DB8-56C4-4C76-A7F1-5560D53344CC}.DebugGui2.ActiveCfg = Debug|Win32
		{8D190DB8-56C4-4C76-A7F1-5560D53344CC}.FullDebug.ActiveCfg = Debug|Win32
		{8D190DB8-56C4-4C76-A7F1-5560D53344CC}.FullDebug.Build.0 = Debug|Win32
		{8D190DB8-56C4-4C76-A7F1-5560D53344CC}.NewDLL.ActiveCfg = Release|Win32
		{8D190DB8-56C4-4C76-A7F1-5560D53344CC}.NewDLL.Build.0 = Release|Win32
		{8D190DB8-56C4-4C76-A7F1-5560D53344CC}.Release.ActiveCfg = Release|Win32
		{8D190DB8-56C4-4C76-A7F1-5560D53344CC}.Release.Build.0 = Release|Win32
		{8D190DB8-56C4-4C76-A7F1-5560D53344CC}.Test.ActiveCfg = Debug|Win32
		{8D190DB8-56C4-4C76-A7F1-5560D53344CC}.Test.Build.0 = Debug|Win32
		{8D190DB8-56C4-4C76-A7F1-5560D53344CC}.VisualizationDebug.ActiveCfg = Debug|Win32
		{8D190DB8-56C4-4C76-A7F1-5560D53344CC}.VisualizationDebug.Build.0 = Debug|Win32
		{FAC2EC89-DA1B-4E88-A304-B80BB2BE0A51}.Debug.ActiveCfg = Debug|Win32
		{FAC2EC89-DA1B-4E88-A304-B80BB2BE0A51}.Debug.Build.0 = Debug|Win32
		{FAC2EC89-DA1B-4E88-A304-B80BB2BE0A51}.Debug2.ActiveCfg = Debug|Win32
		{FAC2EC89-DA1B-4E88-A304-B80BB2BE0A51}.Debug2.Build.0 = Debug|Win32
		{FAC2EC89-DA1B-4E88-A304-B80BB2BE0A51}.DebugGL.ActiveCfg = Debug|Win32
		{FAC2EC89-DA1B-4E88-A304-B80BB2BE0A51}.DebugGUI.ActiveCfg = Debug|Win32
		{FAC2EC89-DA1B-4E88-A304-B80BB2BE0A51}.DebugGui2.ActiveCfg = Debug|Win32
		{FAC2EC89-DA1B-4E88-A304-B80BB2BE0A51}.FullDebug.ActiveCfg = Debug|Win32
		{FAC2EC89-DA1B-4E88-A304-B80BB2BE0A51}.FullDebug.Build.0 = Debug|Win32
		{FAC2EC89-DA1B-4E88-A304-B80BB2BE0A51}.NewDLL.ActiveCfg = Release|Win32
		{FAC2EC89-DA1B-4E88-A304-B80BB2BE0A51}.NewDLL.Build.0 = Release|Win32
		{FAC2EC89-DA1B-4E88-A304-B80BB2BE0A51}.Release.ActiveCfg = Release|Win32
		{FAC2EC89-DA1B-4E88-A304-B80BB2BE0A51}.Release.Build.0 = Release|Win32
		{FAC2EC89-DA1B-4E88-A304-B80BB2BE0A51}.Test.ActiveCfg = Release|Win32
		{FAC2EC89-DA1B-4E88-A304-B80BB2BE0A51}.Test.Build.0 = Release|Win32
		{FAC2EC89-DA1B-4E88-A304-B80BB2BE0A51}.VisualizationDebug.ActiveCfg = Debug|Win32
		{FAC2EC89-DA1B-4E88-A304-B80BB2BE0A51}.VisualizationDebug.Build.0 = Debug|Win32
		{BEB479DF-198F-4F91-B459-BC229AF61BBA}.Debug.ActiveCfg = Debug|Win32
		{BEB479DF-198F-4F91-B459-BC229AF61BBA}.Debug.Build.0 = Debug|Win32
		{BEB479DF-198F-4F91-B459-BC229AF61BBA}.Debug2.ActiveCfg = Debug|Win32
		{BEB479DF-198F-4F91-B459-BC229AF61BBA}.DebugGL.ActiveCfg = Debug|Win32
		{BEB479DF-198F-4F91-B459-BC229AF61BBA}.DebugGL.Build.0 = Debug|Win32
		{BEB479DF-198F-4F91-B459-BC229AF61BBA}.DebugGUI.ActiveCfg = Debug|Win32
		{BEB479DF-198F-4F91-B459-BC229AF61BBA}.DebugGui2.ActiveCfg = Debug|Win32
		{BEB479DF-198F-4F91-B459-BC229AF61BBA}.FullDebug.ActiveCfg = Debug|Win32
		{BEB479DF-198F-4F91-B459-BC229AF61BBA}.FullDebug.Build.0 = Debug|Win32
		{BEB479DF-198F-4F91-B459-BC229AF61BBA}.NewDLL.ActiveCfg = Release|Win32
		{BEB479DF-198F-4F91-B459-BC229AF61BBA}.NewDLL.Build.0 = Release|Win32
		{BEB479DF-198F-4F91-B459-BC229AF61BBA}.Release.ActiveCfg = Release|Win32
		{BEB479DF-198F-4F91-B459-BC229AF61BBA}.Release.Build.0 = Release|Win32
		{BEB479DF-198F-4F91-B459-BC229AF61BBA}.Test.ActiveCfg = Release|Win32
		{BEB479DF-198F-4F91-B459-BC229AF61BBA}.Test.Build.0 = Release|Win32
		{BEB479DF-198F-4F91-B459-BC229AF61BBA}.VisualizationDebug.ActiveCfg = Debug|Win32
		{BEB479DF-198F-4F91-B459-BC229AF61BBA}.VisualizationDebug.Build.0 = Debug|Win32
		{EE5EBA87-6906-4122-8C21-0B79A119DF4A}.Debug.ActiveCfg = Debug|Win32
		{EE5EBA87-6906-4122-8C21-0B79A119DF4A}.Debug2.ActiveCfg = Debug|Win32
		{EE5EBA87-6906-4122-8C21-0B79A119DF4A}.DebugGL.ActiveCfg = Debug|Win32
		{EE5EBA87-6906-4122-8C21-0B79A119DF4A}.DebugGUI.ActiveCfg = Debug|Win32
		{EE5EBA87-6906-4122-8C21-0B79A119DF4A}.DebugGui2.ActiveCfg = Debug|Win32
		{EE5EBA87-6906-4122-8C21-0B79A119DF4A}.FullDebug.ActiveCfg = Debug|Win32
		{EE5EBA87-6906-4122-8C21-0B79A119DF4A}.NewDLL.ActiveCfg = Release|Win32
		{EE5EBA87-6906-4122-8C21-0B79A119DF4A}.Release.ActiveCfg = Release|Win32
		{EE5EBA87-6906-4122-8C21-0B79A119DF4A}.Test.ActiveCfg = Release|Win32
		{EE5EBA87-6906-4122-8C21-0B79A119DF4A}.VisualizationDebug.ActiveCfg = Debug|Win32
		{FA02656D-A267-4B1F-A956-79236784E5CA}.Debug.ActiveCfg = Debug|Win32
		{FA02656D-A267-4B1F-A956-79236784E5CA}.Debug.Build.0 = Debug|Win32
		{FA02656D-A267-4B1F-A956-79236784E5CA}.Debug2.ActiveCfg = Debug|Win32
		{FA02656D-A267-4B1F-A956-79236784E5CA}.Debug2.Build.0 = Debug|Win32
		{FA02656D-A267-4B1F-A956-79236784E5CA}.DebugGL.ActiveCfg = Debug|Win32
		{FA02656D-A267-4B1F-A956-79236784E5CA}.DebugGL.Build.0 = Debug|Win32
		{FA02656D-A267-4B1F-A956-79236784E5CA}.DebugGUI.ActiveCfg = Debug|Win32
		{FA02656D-A267-4B1F-A956-79236784E5CA}.DebugGUI.Build.0 = Debug|Win32
		{FA02656D-A267-4B1F-A956-79236784E5CA}.DebugGui2.ActiveCfg = Debug|Win32
		{FA02656D-A267-4B1F-A956-79236784E5CA}.FullDebug.ActiveCfg = Debug|Win32
		{FA02656D-A267-4B1F-A956-79236784E5CA}.FullDebug.Build.0 = Debug|Win32
		{FA02656D-A267-4B1F-A956-79236784E5CA}.NewDLL.ActiveCfg = Release|Win32
		{FA02656D-A267-4B1F-A956-79236784E5CA}.NewDLL.Build.0 = Release|Win32
		{FA02656D-A267-4B1F-A956-79236784E5CA}.Release.ActiveCfg = Release|Win32
		{FA02656D-A267-4B1F-A956-79236784E5CA}.Release.Build.0 = Release|Win32
		{FA02656D-A267-4B1F-A956-79236784E5CA}.Test.ActiveCfg = Release|Win32
		{FA02656D-A267-4B1F-A956-79236784E5CA}.Test.Build.0 = Release|Win32
		{FA02656D-A267-4B1F-A956-79236784E5CA}.VisualizationDebug.ActiveCfg = Debug|Win32
		{FA02656D-A267-4B1F-A956-79236784E5CA}.VisualizationDebug.Build.0 = Debug|Win32
		{F0ECF416-0386-4E77-84B6-CFAD137A098E}.Debug.ActiveCfg = Debug|Win32
		{F0ECF416-0386-4E77-84B6-CFAD137A098E}.Debug2.ActiveCfg = Debug|Win32
		{F0ECF416-0386-4E77-84B6-CFAD137A098E}.DebugGL.ActiveCfg = Debug|Win32
		{F0ECF416-0386-4E77-84B6-CFAD137A098E}.DebugGUI.ActiveCfg = Debug|Win32
		{F0ECF416-0386-4E77-84B6-CFAD137A098E}.DebugGui2.ActiveCfg = Debug|Win32
		{F0ECF416-0386-4E77-84B6-CFAD137A098E}.FullDebug.ActiveCfg = Debug|Win32
		{F0ECF416-0386-4E77-84B6-CFAD137A098E}.NewDLL.ActiveCfg = Release|Win32
		{F0ECF416-0386-4E77-84B6-CFAD137A098E}.Release.ActiveCfg = Release|Win32
		{F0ECF416-0386-4E77-84B6-CFAD137A098E}.Test.ActiveCfg = Release|Win32
		{F0ECF416-0386-4E77-84B6-CFAD137A098E}.VisualizationDebug.ActiveCfg = Debug|Win32
		{458807AE-F7FB-4653-A338-A7A9BBBF3A2B}.Debug.ActiveCfg = Debug|.NET
		{458807AE-F7FB-4653-A338-A7A9BBBF3A2B}.Debug.Build.0 = Debug|.NET
		{458807AE-F7FB-4653-A338-A7A9BBBF3A2B}.Debug2.ActiveCfg = Debug|.NET
		{458807AE-F7FB-4653-A338-A7A9BBBF3A2B}.Debug2.Build.0 = Debug|.NET
		{458807AE-F7FB-4653-A338-A7A9BBBF3A2B}.DebugGL.ActiveCfg = Debug|.NET
		{458807AE-F7FB-4653-A338-A7A9BBBF3A2B}.DebugGL.Build.0 = Debug|.NET
		{458807AE-F7FB-4653-A338-A7A9BBBF3A2B}.DebugGUI.ActiveCfg = Debug|.NET
		{458807AE-F7FB-4653-A338-A7A9BBBF3A2B}.DebugGUI.Build.0 = Debug|.NET
		{458807AE-F7FB-4653-A338-A7A9BBBF3A2B}.DebugGui2.ActiveCfg = Debug|.NET
		{458807AE-F7FB-4653-A338-A7A9BBBF3A2B}.DebugGui2.Build.0 = Debug|.NET
		{458807AE-F7FB-4653-A338-A7A9BBBF3A2B}.FullDebug.ActiveCfg = Debug|.NET
		{458807AE-F7FB-4653-A338-A7A9BBBF3A2B}.FullDebug.Build.0 = Debug|.NET
		{458807AE-F7FB-4653-A338-A7A9BBBF3A2B}.NewDLL.ActiveCfg = Release|.NET
		{458807AE-F7FB-4653-A338-A7A9BBBF3A2B}.NewDLL.Build.0 = Release|.NET
		{458807AE-F7FB-4653-A338-A7A9BBBF3A2B}.Release.ActiveCfg = Release|.NET
		{458807AE-F7FB-4653-A338-A7A9BBBF3A2B}.Release.Build.0 = Release|.NET
		{458807AE-F7FB-4653-A338-A7A9BBBF3A2B}.Test.ActiveCfg = Release|.NET
		{458807AE-F7FB-4653-A338-A7A9BBBF3A2B}.Test.Build.0 = Release|.NET
		{458807AE-F7FB-4653-A338-A7A9BBBF3A2B}.VisualizationDebug.ActiveCfg = Debug|.NET
		{458807AE-F7FB-4653-A338-A7A9BBBF3A2B}.VisualizationDebug.Build.0 = Debug|.NET
		{9E2C7BF8-7B0B-42FD-9490-CA28694CC18C}.Debug.ActiveCfg = Debug|.NET
		{9E2C7BF8-7B0B-42FD-9490-CA28694CC18C}.Debug.Build.0 = Debug|.NET
		{9E2C7BF8-7B0B-42FD-9490-CA28694CC18C}.Debug2.ActiveCfg = Debug|.NET
		{9E2C7BF8-7B0B-42FD-9490-CA28694CC18C}.Debug2.Build.0 = Debug|.NET
		{9E2C7BF8-7B0B-42FD-9490-CA28694CC18C}.DebugGL.ActiveCfg = Debug|.NET
		{9E2C7BF8-7B0B-42FD-9490-CA28694CC18C}.DebugGL.Build.0 = Debug|.NET
		{9E2C7BF8-7B0B-42FD-9490-CA28694CC18C}.DebugGUI.ActiveCfg = Debug|.NET
		{9E2C7BF8-7B0B-42FD-9490-CA28694CC18C}.DebugGUI.Build.0 = Debug|.NET
		{9E2C7BF8-7B0B-42FD-9490-CA28694CC18C}.DebugGui2.ActiveCfg = Debug|.NET
		{9E2C7BF8-7B0B-42FD-9490-CA28694CC18C}.DebugGui2.Build.0 = Debug|.NET
		{9E2C7BF8-7B0B-42FD-9490-CA28694CC18C}.FullDebug.ActiveCfg = Debug|.NET
		{9E2C7BF8-7B0B-42FD-9490-CA28694CC18C}.FullDebug.Build.0 = Debug|.NET
		{9E2C7BF8-7B0B-42FD-9490-CA28694CC18C}.NewDLL.ActiveCfg = Release|.NET
		{9E2C7BF8-7B0B-42FD-9490-CA28694CC18C}.NewDLL.Build.0 = Release|.NET
		{9E2C7BF8-7B0B-42FD-9490-CA28694CC18C}.Release.ActiveCfg = Release|.NET
		{9E2C7BF8-7B0B-42FD-9490-CA28694CC18C}.Release.Build.0 = Release|.NET
		{9E2C7BF8-7B0B-42FD-9490-CA28694CC18C}.Test.ActiveCfg = Release|.NET
		{9E2C7BF8-7B0B-42FD-9490-CA28694CC18C}.Test.Build.0 = Release|.NET
		{9E2C7BF8-7B0B-42FD-9490-CA28694CC18C}.VisualizationDebug.ActiveCfg = Debug|.NET
		{9E2C7BF8-7B0B-42FD-9490-CA28694CC18C}.VisualizationDebug.Build.0 = Debug|.NET
		{D23A0918-1DE7-4355-8097-AE5D27FF0ABD}.Debug.ActiveCfg = Debug|.NET
		{D23A0918-1DE7-4355-8097-AE5D27FF0ABD}.Debug.Build.0 = Debug|.NET
		{D23A0918-1DE7-4355-8097-AE5D27FF0ABD}.Debug2.ActiveCfg = Debug|.NET
		{D23A0918-1DE7-4355-8097-AE5D27FF0ABD}.Debug2.Build.0 = Debug|.NET
		{D23A0918-1DE7-4355-8097-AE5D27FF0ABD}.DebugGL.ActiveCfg = Debug|.NET
		{D23A0918-1DE7-4355-8097-AE5D27FF0ABD}.DebugGL.Build.0 = Debug|.NET
		{D23A0918-1DE7-4355-8097-AE5D27FF0ABD}.DebugGUI.ActiveCfg = Debug|.NET
		{D23A0918-1DE7-4355-8097-AE5D27FF0ABD}.DebugGUI.Build.0 = Debug|.NET
		{D23A0918-1DE7-4355-8097-AE5D27FF0ABD}.DebugGui2.ActiveCfg = Debug|.NET
		{D23A0918-1DE7-4355-8097-AE5D27FF0ABD}.DebugGui2.Build.0 = Debug|.NET
		{D23A0918-1DE7-4355-8097-AE5D27FF0ABD}.FullDebug.ActiveCfg = Debug|.NET
		{D23A0918-1DE7-4355-8097-AE5D27FF0ABD}.FullDebug.Build.0 = Debug|.NET
		{D23A0918-1DE7-4355-8097-AE5D27FF0ABD}.NewDLL.ActiveCfg = Release|.NET
		{D23A0918-1DE7-4355-8097-AE5D27FF0ABD}.NewDLL.Build.0 = Release|.NET
		{D23A0918-1DE7-4355-8097-AE5D27FF0ABD}.Release.ActiveCfg = Release|.NET
		{D23A0918-1DE7-4355-8097-AE5D27FF0ABD}.Release.Build.0 = Release|.NET
		{D23A0918-1DE7-4355-8097-AE5D27FF0ABD}.Test.ActiveCfg = Release|.NET
		{D23A0918-1DE7-4355-8097-AE5D27FF0ABD}.Test.Build.0 = Release|.NET
		{D23A0918-1DE7-4355-8097-AE5D27FF0ABD}.VisualizationDebug.ActiveCfg = Debug|.NET
		{D23A0918-1DE7-4355-8097-AE5D27FF0ABD}.VisualizationDebug.Build.0 = Debug|.NET
	EndGlobalSection
	GlobalSection(ExtensibilityGlobals) = postSolution
	EndGlobalSection
	GlobalSection(ExtensibilityAddIns) = postSolution
	EndGlobalSection
EndGlobal
