<?xml version="1.0" encoding="utf-8"?>
<Project ToolsVersion="4.0" xmlns="http://schemas.microsoft.com/developer/msbuild/2003">
  <ItemGroup>
    <Filter Include="Header Files">
      <UniqueIdentifier>{93995380-89BD-4b04-88EB-625FBE52EBFB}</UniqueIdentifier>
      <Extensions>h;hpp;hxx;hm;inl;inc;xsd</Extensions>
    </Filter>
    <Filter Include="Resource Files">
      <UniqueIdentifier>{67DA6AB6-F800-4c08-8B7A-83BB121AAD01}</UniqueIdentifier>
      <Extensions>rc;ico;cur;bmp;dlg;rc2;rct;bin;rgs;gif;jpg;jpeg;jpe;resx</Extensions>
    </Filter>
    <Filter Include="Source Files">
      <UniqueIdentifier>{4FC737F1-C7A5-4376-A066-2A32D752A2FF}</UniqueIdentifier>
      <Extensions>cpp;c;cxx;def;odl;idl;hpj;bat;asm;asmx</Extensions>
    </Filter>
  </ItemGroup>
  <ItemGroup>
    <ClInclude Include="AbstractBoxProcess.h">
      <Filter>Header Files</Filter>
    </ClInclude>
    <ClInclude Include="AbstractGraphCreator.h">
      <Filter>Header Files</Filter>
    </ClInclude>
    <ClInclude Include="AbstractPointBuilder.h">
      <Filter>Header Files</Filter>
    </ClInclude>
    <ClInclude Include="AbstractProcess.h">
      <Filter>Header Files</Filter>
    </ClInclude>
    <ClInclude Include="AbstractProcessExt.h">
      <Filter>Header Files</Filter>
    </ClInclude>
    <ClInclude Include="GraphSet.h">
      <Filter>Header Files</Filter>
    </ClInclude>
    <ClInclude Include="LoopsLocalizationProcess.h">
      <Filter>Header Files</Filter>
    </ClInclude>
    <ClInclude Include="MS2DBoxProcess.h">
      <Filter>Header Files</Filter>
    </ClInclude>
    <ClInclude Include="MS2DCreationProcess.h">
      <Filter>Header Files</Filter>
    </ClInclude>
    <ClInclude Include="MS2DSIBoxProcess.h">
      <Filter>Header Files</Filter>
    </ClInclude>
    <ClInclude Include="MSAngleCreationProcess.h">
      <Filter>Header Files</Filter>
    </ClInclude>
    <ClInclude Include="MSCreationProcess.h">
      <Filter>Header Files</Filter>
    </ClInclude>
    <ClInclude Include="MSNormedCreationProcess.h">
      <Filter>Header Files</Filter>
    </ClInclude>
    <ClInclude Include="MSOverlapedPointBuilder.h">
      <Filter>Header Files</Filter>
    </ClInclude>
    <ClInclude Include="MSPointBuilder.h">
      <Filter>Header Files</Filter>
    </ClInclude>
    <ClInclude Include="MSSegmentBoxProcess.h">
      <Filter>Header Files</Filter>
    </ClInclude>
    <ClInclude Include="onsoleProgressBarInfo.h">
      <Filter>Header Files</Filter>
    </ClInclude>
    <ClInclude Include="Processes.h">
      <Filter>Header Files</Filter>
    </ClInclude>
    <ClInclude Include="ProgressBarInfo.h">
      <Filter>Header Files</Filter>
    </ClInclude>
    <ClInclude Include="ProjectionProcess.h">
      <Filter>Header Files</Filter>
    </ClInclude>
    <ClInclude Include="SegmentProjectiveBundleMSCreationProcess.h">
      <Filter>Header Files</Filter>
    </ClInclude>
    <ClInclude Include="SimpleBoxProcess.h">
      <Filter>Header Files</Filter>
    </ClInclude>
    <ClInclude Include="SIOverlapedPointBuilder.h">
      <Filter>Header Files</Filter>
    </ClInclude>
    <ClInclude Include="SIPointBuilder.h">
      <Filter>Header Files</Filter>
    </ClInclude>
    <ClInclude Include="StableLocalizationProcess.h">
      <Filter>Header Files</Filter>
    </ClInclude>
    <ClInclude Include="stdafx.h">
      <Filter>Header Files</Filter>
    </ClInclude>
    <ClInclude Include="TarjanProcess.h">
      <Filter>Header Files</Filter>
    </ClInclude>
  </ItemGroup>
  <ItemGroup>
    <ClCompile Include="AbstractBoxProcess.cpp">
      <Filter>Source Files</Filter>
    </ClCompile>
    <ClCompile Include="AbstractGraphCreator.cpp">
      <Filter>Source Files</Filter>
    </ClCompile>
    <ClCompile Include="AbstractPointBuilder.cpp">
      <Filter>Source Files</Filter>
    </ClCompile>
    <ClCompile Include="AbstractProcess.cpp">
      <Filter>Source Files</Filter>
    </ClCompile>
    <ClCompile Include="AbstractProcessExt.cpp">
      <Filter>Source Files</Filter>
    </ClCompile>
    <ClCompile Include="GraphSet.cpp">
      <Filter>Source Files</Filter>
    </ClCompile>
    <ClCompile Include="LoopsLocalizationProcess.cpp">
      <Filter>Source Files</Filter>
    </ClCompile>
    <ClCompile Include="MS2DBoxProcess.cpp">
      <Filter>Source Files</Filter>
    </ClCompile>
    <ClCompile Include="MS2DCreationProcess.cpp">
      <Filter>Source Files</Filter>
    </ClCompile>
    <ClCompile Include="MS2DSIBoxProcess.cpp">
      <Filter>Source Files</Filter>
    </ClCompile>
    <ClCompile Include="MSAngleCreationProcess.cpp">
      <Filter>Source Files</Filter>
    </ClCompile>
    <ClCompile Include="MSCreationProcess.cpp">
      <Filter>Source Files</Filter>
    </ClCompile>
    <ClCompile Include="MSNormedCreationProcess.cpp">
      <Filter>Source Files</Filter>
    </ClCompile>
    <ClCompile Include="MSOverlapedPointBuilder.cpp">
      <Filter>Source Files</Filter>
    </ClCompile>
    <ClCompile Include="MSPointBuilder.cpp">
      <Filter>Source Files</Filter>
    </ClCompile>
    <ClCompile Include="MSSegmentBoxProcess.cpp">
      <Filter>Source Files</Filter>
    </ClCompile>
    <ClCompile Include="Processes.cpp">
      <Filter>Source Files</Filter>
    </ClCompile>
    <ClCompile Include="ProgressBarInfo.cpp">
      <Filter>Source Files</Filter>
    </ClCompile>
    <ClCompile Include="ProjectionProcess.cpp">
      <Filter>Source Files</Filter>
    </ClCompile>
    <ClCompile Include="SegmentProjectiveBundleMSCreationProcess.cpp">
      <Filter>Source Files</Filter>
    </ClCompile>
    <ClCompile Include="SimpleBoxProcess.cpp">
      <Filter>Source Files</Filter>
    </ClCompile>
    <ClCompile Include="SIOverlapedPointBuilder.cpp">
      <Filter>Source Files</Filter>
    </ClCompile>
    <ClCompile Include="SIPointBuilder.cpp">
      <Filter>Source Files</Filter>
    </ClCompile>
    <ClCompile Include="StableLocalizationProcess.cpp">
      <Filter>Source Files</Filter>
    </ClCompile>
    <ClCompile Include="stdafx.cpp">
      <Filter>Source Files</Filter>
    </ClCompile>
    <ClCompile Include="TarjanProcess.cpp">
      <Filter>Source Files</Filter>
    </ClCompile>
  </ItemGroup>
  <ItemGroup>
    <Text Include="ReadMe.txt" />
  </ItemGroup>
</Project>