
Microsoft Visual Studio Solution File, Format Version 11.00
# Visual Studio 2010
Project("{2150E333-8FDC-42A3-9474-1A3956D46DE8}") = "CellImage", "CellImage", "{9F64DA68-932B-4B25-A441-49336027E6B8}"
EndProject
Project("{2150E333-8FDC-42A3-9474-1A3956D46DE8}") = "Graphs", "Graphs", "{F0FAB9C4-28E7-4FA2-9BA0-D6EA43EC24EE}"
EndProject
Project("{2150E333-8FDC-42A3-9474-1A3956D46DE8}") = "Functions", "Functions", "{158D6F04-C25E-4C77-91C5-80D43534DEE3}"
EndProject
Project("{2150E333-8FDC-42A3-9474-1A3956D46DE8}") = "UI", "UI", "{19D282F3-A7D7-4873-9AD0-B51938EDA439}"
EndProject
Project("{FAE04EC0-301F-11D3-BF4B-00C04F79EFBC}") = "CellImageBuilder.BoxMethod", "CellImageBuilders\CellImageBuilder.BoxMethod\CellImageBuilder.BoxMethod.csproj", "{FA6D5947-51E7-4D99-9D18-D4946901FE80}"
EndProject
Project("{FAE04EC0-301F-11D3-BF4B-00C04F79EFBC}") = "IntegerCoordinates", "IntegerCoordinates\IntegerCoordinates.csproj", "{D083C004-D65D-484B-8E8F-77B37D17C9F4}"
EndProject
Project("{FAE04EC0-301F-11D3-BF4B-00C04F79EFBC}") = "Function.Predefined", "Functions\Function.Predefined\Function.Predefined.csproj", "{A2418F07-FA53-4E1E-A9D2-1170875F6042}"
EndProject
Project("{FAE04EC0-301F-11D3-BF4B-00C04F79EFBC}") = "Graph", "Graphs\Graph\Graph.csproj", "{75AA9BC5-C937-4EFB-AF4A-5F9AAA9EC483}"
EndProject
Project("{FAE04EC0-301F-11D3-BF4B-00C04F79EFBC}") = "BoxIterators", "CellImageBuilders\BoxIterators\BoxIterators.csproj", "{B5F40029-7A5F-440D-8A5A-215E032CF89C}"
EndProject
Project("{FAE04EC0-301F-11D3-BF4B-00C04F79EFBC}") = "CellImageBuilder.BoxAdaptiveMethod", "CellImageBuilders\CellImageBuilder.BoxAdaptiveMethod\CellImageBuilder.BoxAdaptiveMethod.csproj", "{5E26950D-C4A4-4DDE-BBAB-E7317E0C864F}"
EndProject
Project("{FAE04EC0-301F-11D3-BF4B-00C04F79EFBC}") = "CellImageBuilder.PointMethod", "CellImageBuilders\CellImageBuilder.PointMethod\CellImageBuilder.PointMethod.csproj", "{E240B619-3EF8-46C0-BE73-1A9D22D50446}"
EndProject
Project("{FAE04EC0-301F-11D3-BF4B-00C04F79EFBC}") = "CellImageBuilder.Shared", "CellImageBuilders\CellImageBuilder.Shared\CellImageBuilder.Shared.csproj", "{C75D0837-A992-41A2-8A46-A1B0F292048C}"
EndProject
Project("{FAE04EC0-301F-11D3-BF4B-00C04F79EFBC}") = "Core", "Core\Core.csproj", "{BDB193D8-A800-4799-BD34-3FCEB2AEE4FE}"
EndProject
Project("{FAE04EC0-301F-11D3-BF4B-00C04F79EFBC}") = "Core.Mock", "Core.Mock\Core.Mock.csproj", "{2B4BA54B-9B5E-4D07-B859-FAB1D15203F0}"
EndProject
Project("{FAE04EC0-301F-11D3-BF4B-00C04F79EFBC}") = "Function.Mock", "Functions\Function.Mock\Function.Mock.csproj", "{02AFA84E-DA1B-4010-BA76-8E077E4D6175}"
EndProject
Project("{FAE04EC0-301F-11D3-BF4B-00C04F79EFBC}") = "GnuplotDrawer", "GnuplotDrawer\GnuplotDrawer.csproj", "{CA14A441-039B-49F2-B678-9491146C56A1}"
EndProject
Project("{FAE04EC0-301F-11D3-BF4B-00C04F79EFBC}") = "Graph.Entropy", "Graphs\Graph.Entropy\Graph.Entropy.csproj", "{43283F9D-A669-47B2-80FD-FFA447A4BD7F}"
EndProject
Project("{FAE04EC0-301F-11D3-BF4B-00C04F79EFBC}") = "Tests.PerformanceChecks", "Tests.PerformanceChecks\Tests.PerformanceChecks.csproj", "{5B18F64F-452B-4155-94A7-B47CFF2FEDF4}"
EndProject
Project("{FAE04EC0-301F-11D3-BF4B-00C04F79EFBC}") = "SimpleRunner", "SimpleRunner\SimpleRunner.csproj", "{C6473776-929F-4328-B786-C51BB93E8994}"
EndProject
Project("{FAE04EC0-301F-11D3-BF4B-00C04F79EFBC}") = "CodeCompiler", "CodeCompiler\CodeCompiler.csproj", "{7B9FAC81-1546-41C6-B3E3-6BC693DF0D7E}"
EndProject
Project("{FAE04EC0-301F-11D3-BF4B-00C04F79EFBC}") = "Core.System", "Core.System\Core.System.csproj", "{B1E6F5DC-B318-4986-B1F8-AC560BFD71BE}"
EndProject
Project("{FAE04EC0-301F-11D3-BF4B-00C04F79EFBC}") = "Utils", "Utils\Utils.csproj", "{1621FA23-0B6C-4B2A-98B2-982DC0F26FE9}"
EndProject
Project("{FAE04EC0-301F-11D3-BF4B-00C04F79EFBC}") = "CellImageBuilder.AdaptiveMethod", "CellImageBuilders\CellImageBuilder.AdaptiveMethod\CellImageBuilder.AdaptiveMethod.csproj", "{096D6D4E-B782-4B87-95FE-8B59D80510BC}"
EndProject
Project("{FAE04EC0-301F-11D3-BF4B-00C04F79EFBC}") = "Function.Solvers", "Functions\Function.Solvers\Function.Solvers.csproj", "{4340017C-0FB4-4A43-8D5A-28ACB55045F0}"
EndProject
Project("{FAE04EC0-301F-11D3-BF4B-00C04F79EFBC}") = "Persistance", "Persistance\Persistance.csproj", "{5595A10C-CF2D-4B8D-BE05-AAEE819B0939}"
EndProject
Project("{FAE04EC0-301F-11D3-BF4B-00C04F79EFBC}") = "Scheme", "Scheme\Scheme.csproj", "{CCED6A95-9573-4BAD-9BC5-648FFF5093DD}"
EndProject
Project("{FAE04EC0-301F-11D3-BF4B-00C04F79EFBC}") = "Graph.Morse", "Graphs\Graph.Morse\Graph.Morse.csproj", "{CB0FD4CC-E606-4A2A-967D-A086E1AE2B9D}"
EndProject
Project("{FAE04EC0-301F-11D3-BF4B-00C04F79EFBC}") = "Graph.Morse.Tests", "Graphs\Graph.Morse.Tests\Graph.Morse.Tests.csproj", "{504B29F2-8B62-4F5C-9FF8-89175002C3A8}"
EndProject
Project("{FAE04EC0-301F-11D3-BF4B-00C04F79EFBC}") = "Scheme.Impl", "Scheme.Impl\Scheme.Impl.csproj", "{F7471EF8-60F1-4F4E-AB4F-1E188421FA52}"
EndProject
Project("{FAE04EC0-301F-11D3-BF4B-00C04F79EFBC}") = "Graph.Entropy.Tests", "Graphs\Graph.Entropy.Tests\Graph.Entropy.Tests.csproj", "{E23B0AB1-6374-4E97-9303-CEE8FD167FDE}"
EndProject
Project("{FAE04EC0-301F-11D3-BF4B-00C04F79EFBC}") = "Graph.Tests", "Graphs\Graph.Tests\Graph.Tests.csproj", "{55507A34-E276-49CB-93DF-8E31E27703FB}"
EndProject
Project("{FAE04EC0-301F-11D3-BF4B-00C04F79EFBC}") = "Tests.BlackBox", "Tests.BlackBox\Tests.BlackBox.csproj", "{D12DDA21-8956-4FD4-99C7-809290767E33}"
EndProject
Project("{FAE04EC0-301F-11D3-BF4B-00C04F79EFBC}") = "TrajectoryBuilder", "TrajectoryBuilder\TrajectoryBuilder.csproj", "{B31CAF74-1534-40F4-A6AC-3C35459E45C9}"
EndProject
Project("{FAE04EC0-301F-11D3-BF4B-00C04F79EFBC}") = "Trajectory.Tests", "Trajectory.Tests\Trajectory.Tests.csproj", "{C9630F91-468D-4981-AA03-972B559509E8}"
EndProject
Project("{FAE04EC0-301F-11D3-BF4B-00C04F79EFBC}") = "LineIterator", "LineIterator\LineIterator.csproj", "{4B165C39-5882-49C7-A69B-20E93855C702}"
EndProject
Project("{FAE04EC0-301F-11D3-BF4B-00C04F79EFBC}") = "LineIterator.Tests", "LineIterator.Tests\LineIterator.Tests.csproj", "{6ED2E705-43EE-4871-91D2-F0783F736CB6}"
EndProject
Project("{FAE04EC0-301F-11D3-BF4B-00C04F79EFBC}") = "UI", "UIs\UI\UI.csproj", "{5410F9D5-9D98-44CF-9518-CE5374CE4B22}"
EndProject
Project("{FAE04EC0-301F-11D3-BF4B-00C04F79EFBC}") = "UI.Model", "UIs\UI.Model\UI.Model.csproj", "{2A35D3B0-4D7B-4D6F-BB9E-1697A280BBC3}"
EndProject
Project("{FAE04EC0-301F-11D3-BF4B-00C04F79EFBC}") = "Scheme2", "Scheme2\Scheme2.csproj", "{69A72457-55CD-463A-840B-73F62BDCA0E5}"
EndProject
Project("{FAE04EC0-301F-11D3-BF4B-00C04F79EFBC}") = "Scheme2.Tests", "Scheme2.Tests\Scheme2.Tests.csproj", "{606E255C-62EB-4AC3-B85C-A4B5F78D73E9}"
EndProject
Project("{FAE04EC0-301F-11D3-BF4B-00C04F79EFBC}") = "Spring", "Spring\Spring.csproj", "{0DED83D3-1D84-463C-8343-DDD85F5CECAA}"
EndProject
Project("{FAE04EC0-301F-11D3-BF4B-00C04F79EFBC}") = "Scheme.Objects", "Scheme.Objects\Scheme.Objects.csproj", "{DD07B1E8-C264-41B6-847D-CE5C11C920F8}"
EndProject
Project("{FAE04EC0-301F-11D3-BF4B-00C04F79EFBC}") = "CellImageBuilder.Tests", "CellImageBuilders\CellImageBuilder.Tests\CellImageBuilder.Tests.csproj", "{5889B68D-709C-4CC2-8492-B421D6D8BCE9}"
EndProject
Project("{FAE04EC0-301F-11D3-BF4B-00C04F79EFBC}") = "IntegerCoordinates.Tests", "IntegerCoordinates.Tests\IntegerCoordinates.Tests.csproj", "{FE0FA82B-A965-4AA8-958B-150ED7200F12}"
EndProject
Project("{FAE04EC0-301F-11D3-BF4B-00C04F79EFBC}") = "Graph.Entropy.Intersection", "Graphs\Graph.Entropy.Intersection\Graph.Entropy.Intersection.csproj", "{655665D8-F6E8-45A2-85CB-AE10B2215C26}"
EndProject
Project("{FAE04EC0-301F-11D3-BF4B-00C04F79EFBC}") = "UI.Application", "UIs\UI.Application\UI.Application.csproj", "{0A091EAB-F110-4CEC-9DEF-0A8E966641C8}"
EndProject
Project("{FAE04EC0-301F-11D3-BF4B-00C04F79EFBC}") = "UI.FunctionDialog", "UIs\UI.FunctionDialog\UI.FunctionDialog.csproj", "{C8FBFBAF-B2DF-49FA-B428-6BC429658BB5}"
EndProject
Project("{FAE04EC0-301F-11D3-BF4B-00C04F79EFBC}") = "UI.Wizard", "UIs\UI.Wizard\UI.Wizard.csproj", "{F08FC04F-28A4-4A97-80CB-7F3867C8244B}"
EndProject
Project("{FAE04EC0-301F-11D3-BF4B-00C04F79EFBC}") = "UI.Application.Test", "UIs\UI.Application.Test\UI.Application.Test.csproj", "{74DCA687-4C27-4891-90A7-067B9F4F5B7A}"
EndProject
Project("{FAE04EC0-301F-11D3-BF4B-00C04F79EFBC}") = "UI.Controls", "UIs\UI.Controls\UI.Controls.csproj", "{3305A57B-0432-4E75-8E13-8AB265B8ECB6}"
EndProject
Project("{FAE04EC0-301F-11D3-BF4B-00C04F79EFBC}") = "Persistance.Tests", "Persistance.Tests\Persistance.Tests.csproj", "{83ED607D-158F-4B0A-84F9-0DA6FFC88BDE}"
EndProject
Project("{FAE04EC0-301F-11D3-BF4B-00C04F79EFBC}") = "BoxIterators.Tests", "CellImageBuilders\BoxIterators.Tests\BoxIterators.Tests.csproj", "{F99E3E8C-A19A-4681-8C9F-3245E63B39B2}"
EndProject
Project("{FAE04EC0-301F-11D3-BF4B-00C04F79EFBC}") = "Utils.Tests", "Utils.Tests\Utils.Tests.csproj", "{62D6EB84-48A7-4FCF-A0E0-02CDFC8FD586}"
EndProject
Project("{FAE04EC0-301F-11D3-BF4B-00C04F79EFBC}") = "Core.System.Tests", "Core.System.Tests\Core.System.Tests.csproj", "{66A2C35A-E042-4F0C-B8E7-D61401133359}"
EndProject
Project("{FAE04EC0-301F-11D3-BF4B-00C04F79EFBC}") = "Core.Tests", "Core.Tests\Core.Tests.csproj", "{EBC262D1-7640-49BD-9468-00340F26AF76}"
EndProject
Project("{FAE04EC0-301F-11D3-BF4B-00C04F79EFBC}") = "Scheme.Impl.Tests", "Scheme.Impl.Tests\Scheme.Impl.Tests.csproj", "{02C16579-3016-49FF-9037-1341A378A411}"
EndProject
Project("{FAE04EC0-301F-11D3-BF4B-00C04F79EFBC}") = "CodeCompiler.Tests", "CodeCompiler.Tests\CodeCompiler.Tests.csproj", "{94ECE4FC-7BD0-4756-A93A-C2C1119EAD2D}"
EndProject
Project("{FAE04EC0-301F-11D3-BF4B-00C04F79EFBC}") = "Core.Ioc", "Core.Ioc\Core.Ioc.csproj", "{CD7A1861-F565-470E-82BC-7FCE1ACDE896}"
EndProject
Project("{FAE04EC0-301F-11D3-BF4B-00C04F79EFBC}") = "Core.Ioc.Tests", "Core.Ioc.Tests\Core.Ioc.Tests.csproj", "{288AD169-5743-4C7D-889D-C77B8A69DDD9}"
EndProject
Project("{FAE04EC0-301F-11D3-BF4B-00C04F79EFBC}") = "InvariantSetMethod", "CellImageBuilders\InvariantSetMethod\InvariantSetMethod.csproj", "{CD2F335F-9E68-449E-B0F4-B377C44C294F}"
EndProject
Project("{FAE04EC0-301F-11D3-BF4B-00C04F79EFBC}") = "InvariantSetMethod.Tests", "CellImageBuilders\InvariantSetMethod.Tests\InvariantSetMethod.Tests.csproj", "{73B131B6-5E74-4F6C-B008-9A6134EC6516}"
EndProject
Project("{FAE04EC0-301F-11D3-BF4B-00C04F79EFBC}") = "UI.ComputationDialogs", "UIs\UI.ComputationDialogs\UI.ComputationDialogs.csproj", "{4BB65475-EC86-4C56-943D-7B8E4D8D152D}"
EndProject
Project("{FAE04EC0-301F-11D3-BF4B-00C04F79EFBC}") = "Function.UserDefined", "Functions\Function.UserDefined\Function.UserDefined.csproj", "{3904EC2C-B187-4999-ABB7-059DF4AA2371}"
EndProject
Project("{FAE04EC0-301F-11D3-BF4B-00C04F79EFBC}") = "Function.UserDefined.Tests", "Functions\Function.UserDefined.Tests\Function.UserDefined.Tests.csproj", "{AF1AFA0D-8B4A-442E-978E-7571E7A83CDE}"
EndProject
Project("{FAE04EC0-301F-11D3-BF4B-00C04F79EFBC}") = "CellImageBuilder.Descartes", "CellImageBuilders\CellImageBuilder.Descartes\CellImageBuilder.Descartes.csproj", "{9FDA36D3-9AC4-44D2-BBF8-F0D496783896}"
EndProject
Project("{FAE04EC0-301F-11D3-BF4B-00C04F79EFBC}") = "CellImageBuilder.BoxMethod.Angle.2D", "CellImageBuilders\CellImageBuilder.BoxMethod.Angle.2D\CellImageBuilder.BoxMethod.Angle.2D.csproj", "{2A94C2AE-28E7-43E2-A297-6EF543B42416}"
EndProject
Project("{FAE04EC0-301F-11D3-BF4B-00C04F79EFBC}") = "Function.Solvers.Tests", "Functions\Function.Solvers.Tests\Function.Solvers.Tests.csproj", "{5D502DD5-115F-4679-9307-92369C935667}"
EndProject
Project("{FAE04EC0-301F-11D3-BF4B-00C04F79EFBC}") = "Scheme.Xml", "Scheme.Xml\Scheme.Xml.csproj", "{90ED6605-1FD5-4C7E-A5A2-914DD9FB9820}"
EndProject
Project("{FAE04EC0-301F-11D3-BF4B-00C04F79EFBC}") = "Scheme.Tests", "Scheme.Tests\Scheme.Tests.csproj", "{A4E28EF3-FE4D-4823-9B78-CC508B7774E6}"
EndProject
Global
	GlobalSection(SolutionConfigurationPlatforms) = preSolution
		Debug|Any CPU = Debug|Any CPU
		Debug|Mixed Platforms = Debug|Mixed Platforms
		Debug|x64 = Debug|x64
		Release|Any CPU = Release|Any CPU
		Release|Mixed Platforms = Release|Mixed Platforms
		Release|x64 = Release|x64
	EndGlobalSection
	GlobalSection(ProjectConfigurationPlatforms) = postSolution
		{FA6D5947-51E7-4D99-9D18-D4946901FE80}.Debug|Any CPU.ActiveCfg = Debug|x64
		{FA6D5947-51E7-4D99-9D18-D4946901FE80}.Debug|Any CPU.Build.0 = Debug|x64
		{FA6D5947-51E7-4D99-9D18-D4946901FE80}.Debug|Mixed Platforms.ActiveCfg = Debug|x64
		{FA6D5947-51E7-4D99-9D18-D4946901FE80}.Debug|Mixed Platforms.Build.0 = Debug|x64
		{FA6D5947-51E7-4D99-9D18-D4946901FE80}.Debug|x64.ActiveCfg = Debug|x64
		{FA6D5947-51E7-4D99-9D18-D4946901FE80}.Debug|x64.Build.0 = Debug|x64
		{FA6D5947-51E7-4D99-9D18-D4946901FE80}.Release|Any CPU.ActiveCfg = Release|x64
		{FA6D5947-51E7-4D99-9D18-D4946901FE80}.Release|Any CPU.Build.0 = Release|x64
		{FA6D5947-51E7-4D99-9D18-D4946901FE80}.Release|Mixed Platforms.ActiveCfg = Release|x64
		{FA6D5947-51E7-4D99-9D18-D4946901FE80}.Release|Mixed Platforms.Build.0 = Release|x64
		{FA6D5947-51E7-4D99-9D18-D4946901FE80}.Release|x64.ActiveCfg = Release|x64
		{FA6D5947-51E7-4D99-9D18-D4946901FE80}.Release|x64.Build.0 = Release|x64
		{D083C004-D65D-484B-8E8F-77B37D17C9F4}.Debug|Any CPU.ActiveCfg = Debug|x64
		{D083C004-D65D-484B-8E8F-77B37D17C9F4}.Debug|Any CPU.Build.0 = Debug|x64
		{D083C004-D65D-484B-8E8F-77B37D17C9F4}.Debug|Mixed Platforms.ActiveCfg = Debug|x64
		{D083C004-D65D-484B-8E8F-77B37D17C9F4}.Debug|Mixed Platforms.Build.0 = Debug|x64
		{D083C004-D65D-484B-8E8F-77B37D17C9F4}.Debug|x64.ActiveCfg = Debug|x64
		{D083C004-D65D-484B-8E8F-77B37D17C9F4}.Debug|x64.Build.0 = Debug|x64
		{D083C004-D65D-484B-8E8F-77B37D17C9F4}.Release|Any CPU.ActiveCfg = Release|x64
		{D083C004-D65D-484B-8E8F-77B37D17C9F4}.Release|Any CPU.Build.0 = Release|x64
		{D083C004-D65D-484B-8E8F-77B37D17C9F4}.Release|Mixed Platforms.ActiveCfg = Release|x64
		{D083C004-D65D-484B-8E8F-77B37D17C9F4}.Release|Mixed Platforms.Build.0 = Release|x64
		{D083C004-D65D-484B-8E8F-77B37D17C9F4}.Release|x64.ActiveCfg = Release|x64
		{D083C004-D65D-484B-8E8F-77B37D17C9F4}.Release|x64.Build.0 = Release|x64
		{A2418F07-FA53-4E1E-A9D2-1170875F6042}.Debug|Any CPU.ActiveCfg = Debug|x64
		{A2418F07-FA53-4E1E-A9D2-1170875F6042}.Debug|Any CPU.Build.0 = Debug|x64
		{A2418F07-FA53-4E1E-A9D2-1170875F6042}.Debug|Mixed Platforms.ActiveCfg = Debug|x64
		{A2418F07-FA53-4E1E-A9D2-1170875F6042}.Debug|Mixed Platforms.Build.0 = Debug|x64
		{A2418F07-FA53-4E1E-A9D2-1170875F6042}.Debug|x64.ActiveCfg = Debug|x64
		{A2418F07-FA53-4E1E-A9D2-1170875F6042}.Debug|x64.Build.0 = Debug|x64
		{A2418F07-FA53-4E1E-A9D2-1170875F6042}.Release|Any CPU.ActiveCfg = Release|x64
		{A2418F07-FA53-4E1E-A9D2-1170875F6042}.Release|Any CPU.Build.0 = Release|x64
		{A2418F07-FA53-4E1E-A9D2-1170875F6042}.Release|Mixed Platforms.ActiveCfg = Release|x64
		{A2418F07-FA53-4E1E-A9D2-1170875F6042}.Release|Mixed Platforms.Build.0 = Release|x64
		{A2418F07-FA53-4E1E-A9D2-1170875F6042}.Release|x64.ActiveCfg = Release|x64
		{A2418F07-FA53-4E1E-A9D2-1170875F6042}.Release|x64.Build.0 = Release|x64
		{75AA9BC5-C937-4EFB-AF4A-5F9AAA9EC483}.Debug|Any CPU.ActiveCfg = Debug|x64
		{75AA9BC5-C937-4EFB-AF4A-5F9AAA9EC483}.Debug|Any CPU.Build.0 = Debug|x64
		{75AA9BC5-C937-4EFB-AF4A-5F9AAA9EC483}.Debug|Mixed Platforms.ActiveCfg = Debug|x64
		{75AA9BC5-C937-4EFB-AF4A-5F9AAA9EC483}.Debug|Mixed Platforms.Build.0 = Debug|x64
		{75AA9BC5-C937-4EFB-AF4A-5F9AAA9EC483}.Debug|x64.ActiveCfg = Debug|x64
		{75AA9BC5-C937-4EFB-AF4A-5F9AAA9EC483}.Debug|x64.Build.0 = Debug|x64
		{75AA9BC5-C937-4EFB-AF4A-5F9AAA9EC483}.Release|Any CPU.ActiveCfg = Release|x64
		{75AA9BC5-C937-4EFB-AF4A-5F9AAA9EC483}.Release|Any CPU.Build.0 = Release|x64
		{75AA9BC5-C937-4EFB-AF4A-5F9AAA9EC483}.Release|Mixed Platforms.ActiveCfg = Release|x64
		{75AA9BC5-C937-4EFB-AF4A-5F9AAA9EC483}.Release|Mixed Platforms.Build.0 = Release|x64
		{75AA9BC5-C937-4EFB-AF4A-5F9AAA9EC483}.Release|x64.ActiveCfg = Release|x64
		{75AA9BC5-C937-4EFB-AF4A-5F9AAA9EC483}.Release|x64.Build.0 = Release|x64
		{B5F40029-7A5F-440D-8A5A-215E032CF89C}.Debug|Any CPU.ActiveCfg = Debug|x64
		{B5F40029-7A5F-440D-8A5A-215E032CF89C}.Debug|Any CPU.Build.0 = Debug|x64
		{B5F40029-7A5F-440D-8A5A-215E032CF89C}.Debug|Mixed Platforms.ActiveCfg = Debug|x64
		{B5F40029-7A5F-440D-8A5A-215E032CF89C}.Debug|Mixed Platforms.Build.0 = Debug|x64
		{B5F40029-7A5F-440D-8A5A-215E032CF89C}.Debug|x64.ActiveCfg = Debug|x64
		{B5F40029-7A5F-440D-8A5A-215E032CF89C}.Debug|x64.Build.0 = Debug|x64
		{B5F40029-7A5F-440D-8A5A-215E032CF89C}.Release|Any CPU.ActiveCfg = Release|x64
		{B5F40029-7A5F-440D-8A5A-215E032CF89C}.Release|Any CPU.Build.0 = Release|x64
		{B5F40029-7A5F-440D-8A5A-215E032CF89C}.Release|Mixed Platforms.ActiveCfg = Release|x64
		{B5F40029-7A5F-440D-8A5A-215E032CF89C}.Release|Mixed Platforms.Build.0 = Release|x64
		{B5F40029-7A5F-440D-8A5A-215E032CF89C}.Release|x64.ActiveCfg = Release|x64
		{B5F40029-7A5F-440D-8A5A-215E032CF89C}.Release|x64.Build.0 = Release|x64
		{5E26950D-C4A4-4DDE-BBAB-E7317E0C864F}.Debug|Any CPU.ActiveCfg = Debug|x64
		{5E26950D-C4A4-4DDE-BBAB-E7317E0C864F}.Debug|Any CPU.Build.0 = Debug|x64
		{5E26950D-C4A4-4DDE-BBAB-E7317E0C864F}.Debug|Mixed Platforms.ActiveCfg = Debug|x64
		{5E26950D-C4A4-4DDE-BBAB-E7317E0C864F}.Debug|Mixed Platforms.Build.0 = Debug|x64
		{5E26950D-C4A4-4DDE-BBAB-E7317E0C864F}.Debug|x64.ActiveCfg = Debug|x64
		{5E26950D-C4A4-4DDE-BBAB-E7317E0C864F}.Debug|x64.Build.0 = Debug|x64
		{5E26950D-C4A4-4DDE-BBAB-E7317E0C864F}.Release|Any CPU.ActiveCfg = Release|x64
		{5E26950D-C4A4-4DDE-BBAB-E7317E0C864F}.Release|Any CPU.Build.0 = Release|x64
		{5E26950D-C4A4-4DDE-BBAB-E7317E0C864F}.Release|Mixed Platforms.ActiveCfg = Release|x64
		{5E26950D-C4A4-4DDE-BBAB-E7317E0C864F}.Release|Mixed Platforms.Build.0 = Release|x64
		{5E26950D-C4A4-4DDE-BBAB-E7317E0C864F}.Release|x64.ActiveCfg = Release|x64
		{5E26950D-C4A4-4DDE-BBAB-E7317E0C864F}.Release|x64.Build.0 = Release|x64
		{E240B619-3EF8-46C0-BE73-1A9D22D50446}.Debug|Any CPU.ActiveCfg = Debug|x64
		{E240B619-3EF8-46C0-BE73-1A9D22D50446}.Debug|Any CPU.Build.0 = Debug|x64
		{E240B619-3EF8-46C0-BE73-1A9D22D50446}.Debug|Mixed Platforms.ActiveCfg = Debug|x64
		{E240B619-3EF8-46C0-BE73-1A9D22D50446}.Debug|Mixed Platforms.Build.0 = Debug|x64
		{E240B619-3EF8-46C0-BE73-1A9D22D50446}.Debug|x64.ActiveCfg = Debug|x64
		{E240B619-3EF8-46C0-BE73-1A9D22D50446}.Debug|x64.Build.0 = Debug|x64
		{E240B619-3EF8-46C0-BE73-1A9D22D50446}.Release|Any CPU.ActiveCfg = Release|x64
		{E240B619-3EF8-46C0-BE73-1A9D22D50446}.Release|Any CPU.Build.0 = Release|x64
		{E240B619-3EF8-46C0-BE73-1A9D22D50446}.Release|Mixed Platforms.ActiveCfg = Release|x64
		{E240B619-3EF8-46C0-BE73-1A9D22D50446}.Release|Mixed Platforms.Build.0 = Release|x64
		{E240B619-3EF8-46C0-BE73-1A9D22D50446}.Release|x64.ActiveCfg = Release|x64
		{E240B619-3EF8-46C0-BE73-1A9D22D50446}.Release|x64.Build.0 = Release|x64
		{C75D0837-A992-41A2-8A46-A1B0F292048C}.Debug|Any CPU.ActiveCfg = Debug|x64
		{C75D0837-A992-41A2-8A46-A1B0F292048C}.Debug|Any CPU.Build.0 = Debug|x64
		{C75D0837-A992-41A2-8A46-A1B0F292048C}.Debug|Mixed Platforms.ActiveCfg = Debug|x64
		{C75D0837-A992-41A2-8A46-A1B0F292048C}.Debug|Mixed Platforms.Build.0 = Debug|x64
		{C75D0837-A992-41A2-8A46-A1B0F292048C}.Debug|x64.ActiveCfg = Debug|x64
		{C75D0837-A992-41A2-8A46-A1B0F292048C}.Debug|x64.Build.0 = Debug|x64
		{C75D0837-A992-41A2-8A46-A1B0F292048C}.Release|Any CPU.ActiveCfg = Release|x64
		{C75D0837-A992-41A2-8A46-A1B0F292048C}.Release|Any CPU.Build.0 = Release|x64
		{C75D0837-A992-41A2-8A46-A1B0F292048C}.Release|Mixed Platforms.ActiveCfg = Release|x64
		{C75D0837-A992-41A2-8A46-A1B0F292048C}.Release|Mixed Platforms.Build.0 = Release|x64
		{C75D0837-A992-41A2-8A46-A1B0F292048C}.Release|x64.ActiveCfg = Release|x64
		{C75D0837-A992-41A2-8A46-A1B0F292048C}.Release|x64.Build.0 = Release|x64
		{BDB193D8-A800-4799-BD34-3FCEB2AEE4FE}.Debug|Any CPU.ActiveCfg = Debug|x64
		{BDB193D8-A800-4799-BD34-3FCEB2AEE4FE}.Debug|Any CPU.Build.0 = Debug|x64
		{BDB193D8-A800-4799-BD34-3FCEB2AEE4FE}.Debug|Mixed Platforms.ActiveCfg = Debug|x64
		{BDB193D8-A800-4799-BD34-3FCEB2AEE4FE}.Debug|Mixed Platforms.Build.0 = Debug|x64
		{BDB193D8-A800-4799-BD34-3FCEB2AEE4FE}.Debug|x64.ActiveCfg = Debug|x64
		{BDB193D8-A800-4799-BD34-3FCEB2AEE4FE}.Debug|x64.Build.0 = Debug|x64
		{BDB193D8-A800-4799-BD34-3FCEB2AEE4FE}.Release|Any CPU.ActiveCfg = Release|x64
		{BDB193D8-A800-4799-BD34-3FCEB2AEE4FE}.Release|Any CPU.Build.0 = Release|x64
		{BDB193D8-A800-4799-BD34-3FCEB2AEE4FE}.Release|Mixed Platforms.ActiveCfg = Release|x64
		{BDB193D8-A800-4799-BD34-3FCEB2AEE4FE}.Release|Mixed Platforms.Build.0 = Release|x64
		{BDB193D8-A800-4799-BD34-3FCEB2AEE4FE}.Release|x64.ActiveCfg = Release|x64
		{BDB193D8-A800-4799-BD34-3FCEB2AEE4FE}.Release|x64.Build.0 = Release|x64
		{2B4BA54B-9B5E-4D07-B859-FAB1D15203F0}.Debug|Any CPU.ActiveCfg = Debug|x64
		{2B4BA54B-9B5E-4D07-B859-FAB1D15203F0}.Debug|Any CPU.Build.0 = Debug|x64
		{2B4BA54B-9B5E-4D07-B859-FAB1D15203F0}.Debug|Mixed Platforms.ActiveCfg = Debug|x64
		{2B4BA54B-9B5E-4D07-B859-FAB1D15203F0}.Debug|Mixed Platforms.Build.0 = Debug|x64
		{2B4BA54B-9B5E-4D07-B859-FAB1D15203F0}.Debug|x64.ActiveCfg = Debug|x64
		{2B4BA54B-9B5E-4D07-B859-FAB1D15203F0}.Debug|x64.Build.0 = Debug|x64
		{2B4BA54B-9B5E-4D07-B859-FAB1D15203F0}.Release|Any CPU.ActiveCfg = Release|x64
		{2B4BA54B-9B5E-4D07-B859-FAB1D15203F0}.Release|Any CPU.Build.0 = Release|x64
		{2B4BA54B-9B5E-4D07-B859-FAB1D15203F0}.Release|Mixed Platforms.ActiveCfg = Release|x64
		{2B4BA54B-9B5E-4D07-B859-FAB1D15203F0}.Release|Mixed Platforms.Build.0 = Release|x64
		{2B4BA54B-9B5E-4D07-B859-FAB1D15203F0}.Release|x64.ActiveCfg = Release|x64
		{2B4BA54B-9B5E-4D07-B859-FAB1D15203F0}.Release|x64.Build.0 = Release|x64
		{02AFA84E-DA1B-4010-BA76-8E077E4D6175}.Debug|Any CPU.ActiveCfg = Debug|x64
		{02AFA84E-DA1B-4010-BA76-8E077E4D6175}.Debug|Any CPU.Build.0 = Debug|x64
		{02AFA84E-DA1B-4010-BA76-8E077E4D6175}.Debug|Mixed Platforms.ActiveCfg = Debug|x64
		{02AFA84E-DA1B-4010-BA76-8E077E4D6175}.Debug|Mixed Platforms.Build.0 = Debug|x64
		{02AFA84E-DA1B-4010-BA76-8E077E4D6175}.Debug|x64.ActiveCfg = Debug|x64
		{02AFA84E-DA1B-4010-BA76-8E077E4D6175}.Debug|x64.Build.0 = Debug|x64
		{02AFA84E-DA1B-4010-BA76-8E077E4D6175}.Release|Any CPU.ActiveCfg = Release|x64
		{02AFA84E-DA1B-4010-BA76-8E077E4D6175}.Release|Any CPU.Build.0 = Release|x64
		{02AFA84E-DA1B-4010-BA76-8E077E4D6175}.Release|Mixed Platforms.ActiveCfg = Release|x64
		{02AFA84E-DA1B-4010-BA76-8E077E4D6175}.Release|Mixed Platforms.Build.0 = Release|x64
		{02AFA84E-DA1B-4010-BA76-8E077E4D6175}.Release|x64.ActiveCfg = Release|x64
		{02AFA84E-DA1B-4010-BA76-8E077E4D6175}.Release|x64.Build.0 = Release|x64
		{CA14A441-039B-49F2-B678-9491146C56A1}.Debug|Any CPU.ActiveCfg = Debug|x64
		{CA14A441-039B-49F2-B678-9491146C56A1}.Debug|Any CPU.Build.0 = Debug|x64
		{CA14A441-039B-49F2-B678-9491146C56A1}.Debug|Mixed Platforms.ActiveCfg = Debug|x64
		{CA14A441-039B-49F2-B678-9491146C56A1}.Debug|Mixed Platforms.Build.0 = Debug|x64
		{CA14A441-039B-49F2-B678-9491146C56A1}.Debug|x64.ActiveCfg = Debug|x64
		{CA14A441-039B-49F2-B678-9491146C56A1}.Debug|x64.Build.0 = Debug|x64
		{CA14A441-039B-49F2-B678-9491146C56A1}.Release|Any CPU.ActiveCfg = Release|x64
		{CA14A441-039B-49F2-B678-9491146C56A1}.Release|Any CPU.Build.0 = Release|x64
		{CA14A441-039B-49F2-B678-9491146C56A1}.Release|Mixed Platforms.ActiveCfg = Release|x64
		{CA14A441-039B-49F2-B678-9491146C56A1}.Release|Mixed Platforms.Build.0 = Release|x64
		{CA14A441-039B-49F2-B678-9491146C56A1}.Release|x64.ActiveCfg = Release|x64
		{CA14A441-039B-49F2-B678-9491146C56A1}.Release|x64.Build.0 = Release|x64
		{43283F9D-A669-47B2-80FD-FFA447A4BD7F}.Debug|Any CPU.ActiveCfg = Debug|x64
		{43283F9D-A669-47B2-80FD-FFA447A4BD7F}.Debug|Any CPU.Build.0 = Debug|x64
		{43283F9D-A669-47B2-80FD-FFA447A4BD7F}.Debug|Mixed Platforms.ActiveCfg = Debug|x64
		{43283F9D-A669-47B2-80FD-FFA447A4BD7F}.Debug|Mixed Platforms.Build.0 = Debug|x64
		{43283F9D-A669-47B2-80FD-FFA447A4BD7F}.Debug|x64.ActiveCfg = Debug|x64
		{43283F9D-A669-47B2-80FD-FFA447A4BD7F}.Debug|x64.Build.0 = Debug|x64
		{43283F9D-A669-47B2-80FD-FFA447A4BD7F}.Release|Any CPU.ActiveCfg = Release|x64
		{43283F9D-A669-47B2-80FD-FFA447A4BD7F}.Release|Any CPU.Build.0 = Release|x64
		{43283F9D-A669-47B2-80FD-FFA447A4BD7F}.Release|Mixed Platforms.ActiveCfg = Release|x64
		{43283F9D-A669-47B2-80FD-FFA447A4BD7F}.Release|Mixed Platforms.Build.0 = Release|x64
		{43283F9D-A669-47B2-80FD-FFA447A4BD7F}.Release|x64.ActiveCfg = Release|x64
		{43283F9D-A669-47B2-80FD-FFA447A4BD7F}.Release|x64.Build.0 = Release|x64
		{5B18F64F-452B-4155-94A7-B47CFF2FEDF4}.Debug|Any CPU.ActiveCfg = Debug|x64
		{5B18F64F-452B-4155-94A7-B47CFF2FEDF4}.Debug|Any CPU.Build.0 = Debug|x64
		{5B18F64F-452B-4155-94A7-B47CFF2FEDF4}.Debug|Mixed Platforms.ActiveCfg = Debug|x64
		{5B18F64F-452B-4155-94A7-B47CFF2FEDF4}.Debug|Mixed Platforms.Build.0 = Debug|x64
		{5B18F64F-452B-4155-94A7-B47CFF2FEDF4}.Debug|x64.ActiveCfg = Debug|x64
		{5B18F64F-452B-4155-94A7-B47CFF2FEDF4}.Debug|x64.Build.0 = Debug|x64
		{5B18F64F-452B-4155-94A7-B47CFF2FEDF4}.Release|Any CPU.ActiveCfg = Release|x64
		{5B18F64F-452B-4155-94A7-B47CFF2FEDF4}.Release|Any CPU.Build.0 = Release|x64
		{5B18F64F-452B-4155-94A7-B47CFF2FEDF4}.Release|Mixed Platforms.ActiveCfg = Release|x64
		{5B18F64F-452B-4155-94A7-B47CFF2FEDF4}.Release|Mixed Platforms.Build.0 = Release|x64
		{5B18F64F-452B-4155-94A7-B47CFF2FEDF4}.Release|x64.ActiveCfg = Release|x64
		{5B18F64F-452B-4155-94A7-B47CFF2FEDF4}.Release|x64.Build.0 = Release|x64
		{C6473776-929F-4328-B786-C51BB93E8994}.Debug|Any CPU.ActiveCfg = Debug|x64
		{C6473776-929F-4328-B786-C51BB93E8994}.Debug|Any CPU.Build.0 = Debug|x64
		{C6473776-929F-4328-B786-C51BB93E8994}.Debug|Mixed Platforms.ActiveCfg = Debug|x64
		{C6473776-929F-4328-B786-C51BB93E8994}.Debug|Mixed Platforms.Build.0 = Debug|x64
		{C6473776-929F-4328-B786-C51BB93E8994}.Debug|x64.ActiveCfg = Debug|x64
		{C6473776-929F-4328-B786-C51BB93E8994}.Debug|x64.Build.0 = Debug|x64
		{C6473776-929F-4328-B786-C51BB93E8994}.Release|Any CPU.ActiveCfg = Release|x64
		{C6473776-929F-4328-B786-C51BB93E8994}.Release|Any CPU.Build.0 = Release|x64
		{C6473776-929F-4328-B786-C51BB93E8994}.Release|Mixed Platforms.ActiveCfg = Release|x64
		{C6473776-929F-4328-B786-C51BB93E8994}.Release|Mixed Platforms.Build.0 = Release|x64
		{C6473776-929F-4328-B786-C51BB93E8994}.Release|x64.ActiveCfg = Release|x64
		{C6473776-929F-4328-B786-C51BB93E8994}.Release|x64.Build.0 = Release|x64
		{7B9FAC81-1546-41C6-B3E3-6BC693DF0D7E}.Debug|Any CPU.ActiveCfg = Debug|x64
		{7B9FAC81-1546-41C6-B3E3-6BC693DF0D7E}.Debug|Any CPU.Build.0 = Debug|x64
		{7B9FAC81-1546-41C6-B3E3-6BC693DF0D7E}.Debug|Mixed Platforms.ActiveCfg = Debug|x64
		{7B9FAC81-1546-41C6-B3E3-6BC693DF0D7E}.Debug|Mixed Platforms.Build.0 = Debug|x64
		{7B9FAC81-1546-41C6-B3E3-6BC693DF0D7E}.Debug|x64.ActiveCfg = Debug|x64
		{7B9FAC81-1546-41C6-B3E3-6BC693DF0D7E}.Debug|x64.Build.0 = Debug|x64
		{7B9FAC81-1546-41C6-B3E3-6BC693DF0D7E}.Release|Any CPU.ActiveCfg = Release|x64
		{7B9FAC81-1546-41C6-B3E3-6BC693DF0D7E}.Release|Any CPU.Build.0 = Release|x64
		{7B9FAC81-1546-41C6-B3E3-6BC693DF0D7E}.Release|Mixed Platforms.ActiveCfg = Release|x64
		{7B9FAC81-1546-41C6-B3E3-6BC693DF0D7E}.Release|Mixed Platforms.Build.0 = Release|x64
		{7B9FAC81-1546-41C6-B3E3-6BC693DF0D7E}.Release|x64.ActiveCfg = Release|x64
		{7B9FAC81-1546-41C6-B3E3-6BC693DF0D7E}.Release|x64.Build.0 = Release|x64
		{B1E6F5DC-B318-4986-B1F8-AC560BFD71BE}.Debug|Any CPU.ActiveCfg = Debug|x64
		{B1E6F5DC-B318-4986-B1F8-AC560BFD71BE}.Debug|Any CPU.Build.0 = Debug|x64
		{B1E6F5DC-B318-4986-B1F8-AC560BFD71BE}.Debug|Mixed Platforms.ActiveCfg = Debug|x64
		{B1E6F5DC-B318-4986-B1F8-AC560BFD71BE}.Debug|Mixed Platforms.Build.0 = Debug|x64
		{B1E6F5DC-B318-4986-B1F8-AC560BFD71BE}.Debug|x64.ActiveCfg = Debug|x64
		{B1E6F5DC-B318-4986-B1F8-AC560BFD71BE}.Debug|x64.Build.0 = Debug|x64
		{B1E6F5DC-B318-4986-B1F8-AC560BFD71BE}.Release|Any CPU.ActiveCfg = Release|x64
		{B1E6F5DC-B318-4986-B1F8-AC560BFD71BE}.Release|Any CPU.Build.0 = Release|x64
		{B1E6F5DC-B318-4986-B1F8-AC560BFD71BE}.Release|Mixed Platforms.ActiveCfg = Release|x64
		{B1E6F5DC-B318-4986-B1F8-AC560BFD71BE}.Release|Mixed Platforms.Build.0 = Release|x64
		{B1E6F5DC-B318-4986-B1F8-AC560BFD71BE}.Release|x64.ActiveCfg = Release|x64
		{B1E6F5DC-B318-4986-B1F8-AC560BFD71BE}.Release|x64.Build.0 = Release|x64
		{1621FA23-0B6C-4B2A-98B2-982DC0F26FE9}.Debug|Any CPU.ActiveCfg = Debug|x64
		{1621FA23-0B6C-4B2A-98B2-982DC0F26FE9}.Debug|Any CPU.Build.0 = Debug|x64
		{1621FA23-0B6C-4B2A-98B2-982DC0F26FE9}.Debug|Mixed Platforms.ActiveCfg = Debug|x64
		{1621FA23-0B6C-4B2A-98B2-982DC0F26FE9}.Debug|Mixed Platforms.Build.0 = Debug|x64
		{1621FA23-0B6C-4B2A-98B2-982DC0F26FE9}.Debug|x64.ActiveCfg = Debug|x64
		{1621FA23-0B6C-4B2A-98B2-982DC0F26FE9}.Debug|x64.Build.0 = Debug|x64
		{1621FA23-0B6C-4B2A-98B2-982DC0F26FE9}.Release|Any CPU.ActiveCfg = Release|x64
		{1621FA23-0B6C-4B2A-98B2-982DC0F26FE9}.Release|Any CPU.Build.0 = Release|x64
		{1621FA23-0B6C-4B2A-98B2-982DC0F26FE9}.Release|Mixed Platforms.ActiveCfg = Release|x64
		{1621FA23-0B6C-4B2A-98B2-982DC0F26FE9}.Release|Mixed Platforms.Build.0 = Release|x64
		{1621FA23-0B6C-4B2A-98B2-982DC0F26FE9}.Release|x64.ActiveCfg = Release|x64
		{1621FA23-0B6C-4B2A-98B2-982DC0F26FE9}.Release|x64.Build.0 = Release|x64
		{096D6D4E-B782-4B87-95FE-8B59D80510BC}.Debug|Any CPU.ActiveCfg = Debug|x64
		{096D6D4E-B782-4B87-95FE-8B59D80510BC}.Debug|Any CPU.Build.0 = Debug|x64
		{096D6D4E-B782-4B87-95FE-8B59D80510BC}.Debug|Mixed Platforms.ActiveCfg = Debug|x64
		{096D6D4E-B782-4B87-95FE-8B59D80510BC}.Debug|Mixed Platforms.Build.0 = Debug|x64
		{096D6D4E-B782-4B87-95FE-8B59D80510BC}.Debug|x64.ActiveCfg = Debug|x64
		{096D6D4E-B782-4B87-95FE-8B59D80510BC}.Debug|x64.Build.0 = Debug|x64
		{096D6D4E-B782-4B87-95FE-8B59D80510BC}.Release|Any CPU.ActiveCfg = Release|x64
		{096D6D4E-B782-4B87-95FE-8B59D80510BC}.Release|Any CPU.Build.0 = Release|x64
		{096D6D4E-B782-4B87-95FE-8B59D80510BC}.Release|Mixed Platforms.ActiveCfg = Release|x64
		{096D6D4E-B782-4B87-95FE-8B59D80510BC}.Release|Mixed Platforms.Build.0 = Release|x64
		{096D6D4E-B782-4B87-95FE-8B59D80510BC}.Release|x64.ActiveCfg = Release|x64
		{096D6D4E-B782-4B87-95FE-8B59D80510BC}.Release|x64.Build.0 = Release|x64
		{4340017C-0FB4-4A43-8D5A-28ACB55045F0}.Debug|Any CPU.ActiveCfg = Debug|x64
		{4340017C-0FB4-4A43-8D5A-28ACB55045F0}.Debug|Any CPU.Build.0 = Debug|x64
		{4340017C-0FB4-4A43-8D5A-28ACB55045F0}.Debug|Mixed Platforms.ActiveCfg = Debug|x64
		{4340017C-0FB4-4A43-8D5A-28ACB55045F0}.Debug|Mixed Platforms.Build.0 = Debug|x64
		{4340017C-0FB4-4A43-8D5A-28ACB55045F0}.Debug|x64.ActiveCfg = Debug|x64
		{4340017C-0FB4-4A43-8D5A-28ACB55045F0}.Debug|x64.Build.0 = Debug|x64
		{4340017C-0FB4-4A43-8D5A-28ACB55045F0}.Release|Any CPU.ActiveCfg = Release|x64
		{4340017C-0FB4-4A43-8D5A-28ACB55045F0}.Release|Any CPU.Build.0 = Release|x64
		{4340017C-0FB4-4A43-8D5A-28ACB55045F0}.Release|Mixed Platforms.ActiveCfg = Release|x64
		{4340017C-0FB4-4A43-8D5A-28ACB55045F0}.Release|Mixed Platforms.Build.0 = Release|x64
		{4340017C-0FB4-4A43-8D5A-28ACB55045F0}.Release|x64.ActiveCfg = Release|x64
		{4340017C-0FB4-4A43-8D5A-28ACB55045F0}.Release|x64.Build.0 = Release|x64
		{5595A10C-CF2D-4B8D-BE05-AAEE819B0939}.Debug|Any CPU.ActiveCfg = Debug|x64
		{5595A10C-CF2D-4B8D-BE05-AAEE819B0939}.Debug|Any CPU.Build.0 = Debug|x64
		{5595A10C-CF2D-4B8D-BE05-AAEE819B0939}.Debug|Mixed Platforms.ActiveCfg = Debug|x64
		{5595A10C-CF2D-4B8D-BE05-AAEE819B0939}.Debug|Mixed Platforms.Build.0 = Debug|x64
		{5595A10C-CF2D-4B8D-BE05-AAEE819B0939}.Debug|x64.ActiveCfg = Debug|x64
		{5595A10C-CF2D-4B8D-BE05-AAEE819B0939}.Debug|x64.Build.0 = Debug|x64
		{5595A10C-CF2D-4B8D-BE05-AAEE819B0939}.Release|Any CPU.ActiveCfg = Release|x64
		{5595A10C-CF2D-4B8D-BE05-AAEE819B0939}.Release|Any CPU.Build.0 = Release|x64
		{5595A10C-CF2D-4B8D-BE05-AAEE819B0939}.Release|Mixed Platforms.ActiveCfg = Release|x64
		{5595A10C-CF2D-4B8D-BE05-AAEE819B0939}.Release|Mixed Platforms.Build.0 = Release|x64
		{5595A10C-CF2D-4B8D-BE05-AAEE819B0939}.Release|x64.ActiveCfg = Release|x64
		{5595A10C-CF2D-4B8D-BE05-AAEE819B0939}.Release|x64.Build.0 = Release|x64
		{CCED6A95-9573-4BAD-9BC5-648FFF5093DD}.Debug|Any CPU.ActiveCfg = Debug|x64
		{CCED6A95-9573-4BAD-9BC5-648FFF5093DD}.Debug|Any CPU.Build.0 = Debug|x64
		{CCED6A95-9573-4BAD-9BC5-648FFF5093DD}.Debug|Mixed Platforms.ActiveCfg = Debug|x64
		{CCED6A95-9573-4BAD-9BC5-648FFF5093DD}.Debug|Mixed Platforms.Build.0 = Debug|x64
		{CCED6A95-9573-4BAD-9BC5-648FFF5093DD}.Debug|x64.ActiveCfg = Debug|x64
		{CCED6A95-9573-4BAD-9BC5-648FFF5093DD}.Debug|x64.Build.0 = Debug|x64
		{CCED6A95-9573-4BAD-9BC5-648FFF5093DD}.Release|Any CPU.ActiveCfg = Release|x64
		{CCED6A95-9573-4BAD-9BC5-648FFF5093DD}.Release|Any CPU.Build.0 = Release|x64
		{CCED6A95-9573-4BAD-9BC5-648FFF5093DD}.Release|Mixed Platforms.ActiveCfg = Release|x64
		{CCED6A95-9573-4BAD-9BC5-648FFF5093DD}.Release|Mixed Platforms.Build.0 = Release|x64
		{CCED6A95-9573-4BAD-9BC5-648FFF5093DD}.Release|x64.ActiveCfg = Release|x64
		{CCED6A95-9573-4BAD-9BC5-648FFF5093DD}.Release|x64.Build.0 = Release|x64
		{CB0FD4CC-E606-4A2A-967D-A086E1AE2B9D}.Debug|Any CPU.ActiveCfg = Debug|x64
		{CB0FD4CC-E606-4A2A-967D-A086E1AE2B9D}.Debug|Any CPU.Build.0 = Debug|x64
		{CB0FD4CC-E606-4A2A-967D-A086E1AE2B9D}.Debug|Mixed Platforms.ActiveCfg = Debug|x64
		{CB0FD4CC-E606-4A2A-967D-A086E1AE2B9D}.Debug|Mixed Platforms.Build.0 = Debug|x64
		{CB0FD4CC-E606-4A2A-967D-A086E1AE2B9D}.Debug|x64.ActiveCfg = Debug|x64
		{CB0FD4CC-E606-4A2A-967D-A086E1AE2B9D}.Debug|x64.Build.0 = Debug|x64
		{CB0FD4CC-E606-4A2A-967D-A086E1AE2B9D}.Release|Any CPU.ActiveCfg = Release|x64
		{CB0FD4CC-E606-4A2A-967D-A086E1AE2B9D}.Release|Any CPU.Build.0 = Release|x64
		{CB0FD4CC-E606-4A2A-967D-A086E1AE2B9D}.Release|Mixed Platforms.ActiveCfg = Release|x64
		{CB0FD4CC-E606-4A2A-967D-A086E1AE2B9D}.Release|Mixed Platforms.Build.0 = Release|x64
		{CB0FD4CC-E606-4A2A-967D-A086E1AE2B9D}.Release|x64.ActiveCfg = Release|x64
		{CB0FD4CC-E606-4A2A-967D-A086E1AE2B9D}.Release|x64.Build.0 = Release|x64
		{504B29F2-8B62-4F5C-9FF8-89175002C3A8}.Debug|Any CPU.ActiveCfg = Debug|x64
		{504B29F2-8B62-4F5C-9FF8-89175002C3A8}.Debug|Any CPU.Build.0 = Debug|x64
		{504B29F2-8B62-4F5C-9FF8-89175002C3A8}.Debug|Mixed Platforms.ActiveCfg = Debug|x64
		{504B29F2-8B62-4F5C-9FF8-89175002C3A8}.Debug|Mixed Platforms.Build.0 = Debug|x64
		{504B29F2-8B62-4F5C-9FF8-89175002C3A8}.Debug|x64.ActiveCfg = Debug|x64
		{504B29F2-8B62-4F5C-9FF8-89175002C3A8}.Debug|x64.Build.0 = Debug|x64
		{504B29F2-8B62-4F5C-9FF8-89175002C3A8}.Release|Any CPU.ActiveCfg = Release|x64
		{504B29F2-8B62-4F5C-9FF8-89175002C3A8}.Release|Any CPU.Build.0 = Release|x64
		{504B29F2-8B62-4F5C-9FF8-89175002C3A8}.Release|Mixed Platforms.ActiveCfg = Release|x64
		{504B29F2-8B62-4F5C-9FF8-89175002C3A8}.Release|Mixed Platforms.Build.0 = Release|x64
		{504B29F2-8B62-4F5C-9FF8-89175002C3A8}.Release|x64.ActiveCfg = Release|x64
		{504B29F2-8B62-4F5C-9FF8-89175002C3A8}.Release|x64.Build.0 = Release|x64
		{F7471EF8-60F1-4F4E-AB4F-1E188421FA52}.Debug|Any CPU.ActiveCfg = Debug|x64
		{F7471EF8-60F1-4F4E-AB4F-1E188421FA52}.Debug|Any CPU.Build.0 = Debug|x64
		{F7471EF8-60F1-4F4E-AB4F-1E188421FA52}.Debug|Mixed Platforms.ActiveCfg = Debug|x64
		{F7471EF8-60F1-4F4E-AB4F-1E188421FA52}.Debug|Mixed Platforms.Build.0 = Debug|x64
		{F7471EF8-60F1-4F4E-AB4F-1E188421FA52}.Debug|x64.ActiveCfg = Debug|x64
		{F7471EF8-60F1-4F4E-AB4F-1E188421FA52}.Debug|x64.Build.0 = Debug|x64
		{F7471EF8-60F1-4F4E-AB4F-1E188421FA52}.Release|Any CPU.ActiveCfg = Release|x64
		{F7471EF8-60F1-4F4E-AB4F-1E188421FA52}.Release|Any CPU.Build.0 = Release|x64
		{F7471EF8-60F1-4F4E-AB4F-1E188421FA52}.Release|Mixed Platforms.ActiveCfg = Release|x64
		{F7471EF8-60F1-4F4E-AB4F-1E188421FA52}.Release|Mixed Platforms.Build.0 = Release|x64
		{F7471EF8-60F1-4F4E-AB4F-1E188421FA52}.Release|x64.ActiveCfg = Release|x64
		{F7471EF8-60F1-4F4E-AB4F-1E188421FA52}.Release|x64.Build.0 = Release|x64
		{E23B0AB1-6374-4E97-9303-CEE8FD167FDE}.Debug|Any CPU.ActiveCfg = Debug|x64
		{E23B0AB1-6374-4E97-9303-CEE8FD167FDE}.Debug|Any CPU.Build.0 = Debug|x64
		{E23B0AB1-6374-4E97-9303-CEE8FD167FDE}.Debug|Mixed Platforms.ActiveCfg = Debug|x64
		{E23B0AB1-6374-4E97-9303-CEE8FD167FDE}.Debug|Mixed Platforms.Build.0 = Debug|x64
		{E23B0AB1-6374-4E97-9303-CEE8FD167FDE}.Debug|x64.ActiveCfg = Debug|x64
		{E23B0AB1-6374-4E97-9303-CEE8FD167FDE}.Debug|x64.Build.0 = Debug|x64
		{E23B0AB1-6374-4E97-9303-CEE8FD167FDE}.Release|Any CPU.ActiveCfg = Release|x64
		{E23B0AB1-6374-4E97-9303-CEE8FD167FDE}.Release|Any CPU.Build.0 = Release|x64
		{E23B0AB1-6374-4E97-9303-CEE8FD167FDE}.Release|Mixed Platforms.ActiveCfg = Release|x64
		{E23B0AB1-6374-4E97-9303-CEE8FD167FDE}.Release|Mixed Platforms.Build.0 = Release|x64
		{E23B0AB1-6374-4E97-9303-CEE8FD167FDE}.Release|x64.ActiveCfg = Release|x64
		{E23B0AB1-6374-4E97-9303-CEE8FD167FDE}.Release|x64.Build.0 = Release|x64
		{55507A34-E276-49CB-93DF-8E31E27703FB}.Debug|Any CPU.ActiveCfg = Debug|x64
		{55507A34-E276-49CB-93DF-8E31E27703FB}.Debug|Any CPU.Build.0 = Debug|x64
		{55507A34-E276-49CB-93DF-8E31E27703FB}.Debug|Mixed Platforms.ActiveCfg = Debug|x64
		{55507A34-E276-49CB-93DF-8E31E27703FB}.Debug|Mixed Platforms.Build.0 = Debug|x64
		{55507A34-E276-49CB-93DF-8E31E27703FB}.Debug|x64.ActiveCfg = Debug|x64
		{55507A34-E276-49CB-93DF-8E31E27703FB}.Debug|x64.Build.0 = Debug|x64
		{55507A34-E276-49CB-93DF-8E31E27703FB}.Release|Any CPU.ActiveCfg = Release|x64
		{55507A34-E276-49CB-93DF-8E31E27703FB}.Release|Any CPU.Build.0 = Release|x64
		{55507A34-E276-49CB-93DF-8E31E27703FB}.Release|Mixed Platforms.ActiveCfg = Release|x64
		{55507A34-E276-49CB-93DF-8E31E27703FB}.Release|Mixed Platforms.Build.0 = Release|x64
		{55507A34-E276-49CB-93DF-8E31E27703FB}.Release|x64.ActiveCfg = Release|x64
		{55507A34-E276-49CB-93DF-8E31E27703FB}.Release|x64.Build.0 = Release|x64
		{D12DDA21-8956-4FD4-99C7-809290767E33}.Debug|Any CPU.ActiveCfg = Debug|x64
		{D12DDA21-8956-4FD4-99C7-809290767E33}.Debug|Any CPU.Build.0 = Debug|x64
		{D12DDA21-8956-4FD4-99C7-809290767E33}.Debug|Mixed Platforms.ActiveCfg = Debug|x64
		{D12DDA21-8956-4FD4-99C7-809290767E33}.Debug|Mixed Platforms.Build.0 = Debug|x64
		{D12DDA21-8956-4FD4-99C7-809290767E33}.Debug|x64.ActiveCfg = Debug|x64
		{D12DDA21-8956-4FD4-99C7-809290767E33}.Debug|x64.Build.0 = Debug|x64
		{D12DDA21-8956-4FD4-99C7-809290767E33}.Release|Any CPU.ActiveCfg = Release|x64
		{D12DDA21-8956-4FD4-99C7-809290767E33}.Release|Any CPU.Build.0 = Release|x64
		{D12DDA21-8956-4FD4-99C7-809290767E33}.Release|Mixed Platforms.ActiveCfg = Release|x64
		{D12DDA21-8956-4FD4-99C7-809290767E33}.Release|Mixed Platforms.Build.0 = Release|x64
		{D12DDA21-8956-4FD4-99C7-809290767E33}.Release|x64.ActiveCfg = Release|x64
		{D12DDA21-8956-4FD4-99C7-809290767E33}.Release|x64.Build.0 = Release|x64
		{B31CAF74-1534-40F4-A6AC-3C35459E45C9}.Debug|Any CPU.ActiveCfg = Debug|x64
		{B31CAF74-1534-40F4-A6AC-3C35459E45C9}.Debug|Any CPU.Build.0 = Debug|x64
		{B31CAF74-1534-40F4-A6AC-3C35459E45C9}.Debug|Mixed Platforms.ActiveCfg = Debug|x64
		{B31CAF74-1534-40F4-A6AC-3C35459E45C9}.Debug|Mixed Platforms.Build.0 = Debug|x64
		{B31CAF74-1534-40F4-A6AC-3C35459E45C9}.Debug|x64.ActiveCfg = Debug|x64
		{B31CAF74-1534-40F4-A6AC-3C35459E45C9}.Debug|x64.Build.0 = Debug|x64
		{B31CAF74-1534-40F4-A6AC-3C35459E45C9}.Release|Any CPU.ActiveCfg = Release|x64
		{B31CAF74-1534-40F4-A6AC-3C35459E45C9}.Release|Any CPU.Build.0 = Release|x64
		{B31CAF74-1534-40F4-A6AC-3C35459E45C9}.Release|Mixed Platforms.ActiveCfg = Release|x64
		{B31CAF74-1534-40F4-A6AC-3C35459E45C9}.Release|Mixed Platforms.Build.0 = Release|x64
		{B31CAF74-1534-40F4-A6AC-3C35459E45C9}.Release|x64.ActiveCfg = Release|x64
		{B31CAF74-1534-40F4-A6AC-3C35459E45C9}.Release|x64.Build.0 = Release|x64
		{C9630F91-468D-4981-AA03-972B559509E8}.Debug|Any CPU.ActiveCfg = Debug|x64
		{C9630F91-468D-4981-AA03-972B559509E8}.Debug|Any CPU.Build.0 = Debug|x64
		{C9630F91-468D-4981-AA03-972B559509E8}.Debug|Mixed Platforms.ActiveCfg = Debug|x64
		{C9630F91-468D-4981-AA03-972B559509E8}.Debug|Mixed Platforms.Build.0 = Debug|x64
		{C9630F91-468D-4981-AA03-972B559509E8}.Debug|x64.ActiveCfg = Debug|x64
		{C9630F91-468D-4981-AA03-972B559509E8}.Debug|x64.Build.0 = Debug|x64
		{C9630F91-468D-4981-AA03-972B559509E8}.Release|Any CPU.ActiveCfg = Release|x64
		{C9630F91-468D-4981-AA03-972B559509E8}.Release|Any CPU.Build.0 = Release|x64
		{C9630F91-468D-4981-AA03-972B559509E8}.Release|Mixed Platforms.ActiveCfg = Release|x64
		{C9630F91-468D-4981-AA03-972B559509E8}.Release|Mixed Platforms.Build.0 = Release|x64
		{C9630F91-468D-4981-AA03-972B559509E8}.Release|x64.ActiveCfg = Release|x64
		{C9630F91-468D-4981-AA03-972B559509E8}.Release|x64.Build.0 = Release|x64
		{4B165C39-5882-49C7-A69B-20E93855C702}.Debug|Any CPU.ActiveCfg = Debug|x64
		{4B165C39-5882-49C7-A69B-20E93855C702}.Debug|Any CPU.Build.0 = Debug|x64
		{4B165C39-5882-49C7-A69B-20E93855C702}.Debug|Mixed Platforms.ActiveCfg = Debug|x64
		{4B165C39-5882-49C7-A69B-20E93855C702}.Debug|Mixed Platforms.Build.0 = Debug|x64
		{4B165C39-5882-49C7-A69B-20E93855C702}.Debug|x64.ActiveCfg = Debug|x64
		{4B165C39-5882-49C7-A69B-20E93855C702}.Debug|x64.Build.0 = Debug|x64
		{4B165C39-5882-49C7-A69B-20E93855C702}.Release|Any CPU.ActiveCfg = Release|x64
		{4B165C39-5882-49C7-A69B-20E93855C702}.Release|Any CPU.Build.0 = Release|x64
		{4B165C39-5882-49C7-A69B-20E93855C702}.Release|Mixed Platforms.ActiveCfg = Release|x64
		{4B165C39-5882-49C7-A69B-20E93855C702}.Release|Mixed Platforms.Build.0 = Release|x64
		{4B165C39-5882-49C7-A69B-20E93855C702}.Release|x64.ActiveCfg = Release|x64
		{4B165C39-5882-49C7-A69B-20E93855C702}.Release|x64.Build.0 = Release|x64
		{6ED2E705-43EE-4871-91D2-F0783F736CB6}.Debug|Any CPU.ActiveCfg = Debug|x64
		{6ED2E705-43EE-4871-91D2-F0783F736CB6}.Debug|Any CPU.Build.0 = Debug|x64
		{6ED2E705-43EE-4871-91D2-F0783F736CB6}.Debug|Mixed Platforms.ActiveCfg = Debug|x64
		{6ED2E705-43EE-4871-91D2-F0783F736CB6}.Debug|Mixed Platforms.Build.0 = Debug|x64
		{6ED2E705-43EE-4871-91D2-F0783F736CB6}.Debug|x64.ActiveCfg = Debug|x64
		{6ED2E705-43EE-4871-91D2-F0783F736CB6}.Debug|x64.Build.0 = Debug|x64
		{6ED2E705-43EE-4871-91D2-F0783F736CB6}.Release|Any CPU.ActiveCfg = Release|x64
		{6ED2E705-43EE-4871-91D2-F0783F736CB6}.Release|Any CPU.Build.0 = Release|x64
		{6ED2E705-43EE-4871-91D2-F0783F736CB6}.Release|Mixed Platforms.ActiveCfg = Release|x64
		{6ED2E705-43EE-4871-91D2-F0783F736CB6}.Release|Mixed Platforms.Build.0 = Release|x64
		{6ED2E705-43EE-4871-91D2-F0783F736CB6}.Release|x64.ActiveCfg = Release|x64
		{6ED2E705-43EE-4871-91D2-F0783F736CB6}.Release|x64.Build.0 = Release|x64
		{5410F9D5-9D98-44CF-9518-CE5374CE4B22}.Debug|Any CPU.ActiveCfg = Debug|x64
		{5410F9D5-9D98-44CF-9518-CE5374CE4B22}.Debug|Any CPU.Build.0 = Debug|x64
		{5410F9D5-9D98-44CF-9518-CE5374CE4B22}.Debug|Mixed Platforms.ActiveCfg = Debug|x64
		{5410F9D5-9D98-44CF-9518-CE5374CE4B22}.Debug|Mixed Platforms.Build.0 = Debug|x64
		{5410F9D5-9D98-44CF-9518-CE5374CE4B22}.Debug|x64.ActiveCfg = Debug|x64
		{5410F9D5-9D98-44CF-9518-CE5374CE4B22}.Debug|x64.Build.0 = Debug|x64
		{5410F9D5-9D98-44CF-9518-CE5374CE4B22}.Release|Any CPU.ActiveCfg = Release|x64
		{5410F9D5-9D98-44CF-9518-CE5374CE4B22}.Release|Any CPU.Build.0 = Release|x64
		{5410F9D5-9D98-44CF-9518-CE5374CE4B22}.Release|Mixed Platforms.ActiveCfg = Release|x64
		{5410F9D5-9D98-44CF-9518-CE5374CE4B22}.Release|Mixed Platforms.Build.0 = Release|x64
		{5410F9D5-9D98-44CF-9518-CE5374CE4B22}.Release|x64.ActiveCfg = Release|x64
		{5410F9D5-9D98-44CF-9518-CE5374CE4B22}.Release|x64.Build.0 = Release|x64
		{2A35D3B0-4D7B-4D6F-BB9E-1697A280BBC3}.Debug|Any CPU.ActiveCfg = Debug|x64
		{2A35D3B0-4D7B-4D6F-BB9E-1697A280BBC3}.Debug|Any CPU.Build.0 = Debug|x64
		{2A35D3B0-4D7B-4D6F-BB9E-1697A280BBC3}.Debug|Mixed Platforms.ActiveCfg = Debug|x64
		{2A35D3B0-4D7B-4D6F-BB9E-1697A280BBC3}.Debug|Mixed Platforms.Build.0 = Debug|x64
		{2A35D3B0-4D7B-4D6F-BB9E-1697A280BBC3}.Debug|x64.ActiveCfg = Debug|x64
		{2A35D3B0-4D7B-4D6F-BB9E-1697A280BBC3}.Debug|x64.Build.0 = Debug|x64
		{2A35D3B0-4D7B-4D6F-BB9E-1697A280BBC3}.Release|Any CPU.ActiveCfg = Release|x64
		{2A35D3B0-4D7B-4D6F-BB9E-1697A280BBC3}.Release|Any CPU.Build.0 = Release|x64
		{2A35D3B0-4D7B-4D6F-BB9E-1697A280BBC3}.Release|Mixed Platforms.ActiveCfg = Release|x64
		{2A35D3B0-4D7B-4D6F-BB9E-1697A280BBC3}.Release|Mixed Platforms.Build.0 = Release|x64
		{2A35D3B0-4D7B-4D6F-BB9E-1697A280BBC3}.Release|x64.ActiveCfg = Release|x64
		{2A35D3B0-4D7B-4D6F-BB9E-1697A280BBC3}.Release|x64.Build.0 = Release|x64
		{69A72457-55CD-463A-840B-73F62BDCA0E5}.Debug|Any CPU.ActiveCfg = Debug|x64
		{69A72457-55CD-463A-840B-73F62BDCA0E5}.Debug|Any CPU.Build.0 = Debug|x64
		{69A72457-55CD-463A-840B-73F62BDCA0E5}.Debug|Mixed Platforms.ActiveCfg = Debug|x64
		{69A72457-55CD-463A-840B-73F62BDCA0E5}.Debug|Mixed Platforms.Build.0 = Debug|x64
		{69A72457-55CD-463A-840B-73F62BDCA0E5}.Debug|x64.ActiveCfg = Debug|x64
		{69A72457-55CD-463A-840B-73F62BDCA0E5}.Debug|x64.Build.0 = Debug|x64
		{69A72457-55CD-463A-840B-73F62BDCA0E5}.Release|Any CPU.ActiveCfg = Release|x64
		{69A72457-55CD-463A-840B-73F62BDCA0E5}.Release|Any CPU.Build.0 = Release|x64
		{69A72457-55CD-463A-840B-73F62BDCA0E5}.Release|Mixed Platforms.ActiveCfg = Release|x64
		{69A72457-55CD-463A-840B-73F62BDCA0E5}.Release|Mixed Platforms.Build.0 = Release|x64
		{69A72457-55CD-463A-840B-73F62BDCA0E5}.Release|x64.ActiveCfg = Release|x64
		{69A72457-55CD-463A-840B-73F62BDCA0E5}.Release|x64.Build.0 = Release|x64
		{606E255C-62EB-4AC3-B85C-A4B5F78D73E9}.Debug|Any CPU.ActiveCfg = Debug|x64
		{606E255C-62EB-4AC3-B85C-A4B5F78D73E9}.Debug|Any CPU.Build.0 = Debug|x64
		{606E255C-62EB-4AC3-B85C-A4B5F78D73E9}.Debug|Mixed Platforms.ActiveCfg = Debug|x64
		{606E255C-62EB-4AC3-B85C-A4B5F78D73E9}.Debug|Mixed Platforms.Build.0 = Debug|x64
		{606E255C-62EB-4AC3-B85C-A4B5F78D73E9}.Debug|x64.ActiveCfg = Debug|x64
		{606E255C-62EB-4AC3-B85C-A4B5F78D73E9}.Debug|x64.Build.0 = Debug|x64
		{606E255C-62EB-4AC3-B85C-A4B5F78D73E9}.Release|Any CPU.ActiveCfg = Release|x64
		{606E255C-62EB-4AC3-B85C-A4B5F78D73E9}.Release|Any CPU.Build.0 = Release|x64
		{606E255C-62EB-4AC3-B85C-A4B5F78D73E9}.Release|Mixed Platforms.ActiveCfg = Release|x64
		{606E255C-62EB-4AC3-B85C-A4B5F78D73E9}.Release|Mixed Platforms.Build.0 = Release|x64
		{606E255C-62EB-4AC3-B85C-A4B5F78D73E9}.Release|x64.ActiveCfg = Release|x64
		{606E255C-62EB-4AC3-B85C-A4B5F78D73E9}.Release|x64.Build.0 = Release|x64
		{0DED83D3-1D84-463C-8343-DDD85F5CECAA}.Debug|Any CPU.ActiveCfg = Debug|x64
		{0DED83D3-1D84-463C-8343-DDD85F5CECAA}.Debug|Any CPU.Build.0 = Debug|x64
		{0DED83D3-1D84-463C-8343-DDD85F5CECAA}.Debug|Mixed Platforms.ActiveCfg = Debug|x64
		{0DED83D3-1D84-463C-8343-DDD85F5CECAA}.Debug|Mixed Platforms.Build.0 = Debug|x64
		{0DED83D3-1D84-463C-8343-DDD85F5CECAA}.Debug|x64.ActiveCfg = Debug|x64
		{0DED83D3-1D84-463C-8343-DDD85F5CECAA}.Debug|x64.Build.0 = Debug|x64
		{0DED83D3-1D84-463C-8343-DDD85F5CECAA}.Release|Any CPU.ActiveCfg = Release|x64
		{0DED83D3-1D84-463C-8343-DDD85F5CECAA}.Release|Any CPU.Build.0 = Release|x64
		{0DED83D3-1D84-463C-8343-DDD85F5CECAA}.Release|Mixed Platforms.ActiveCfg = Release|x64
		{0DED83D3-1D84-463C-8343-DDD85F5CECAA}.Release|Mixed Platforms.Build.0 = Release|x64
		{0DED83D3-1D84-463C-8343-DDD85F5CECAA}.Release|x64.ActiveCfg = Release|x64
		{0DED83D3-1D84-463C-8343-DDD85F5CECAA}.Release|x64.Build.0 = Release|x64
		{DD07B1E8-C264-41B6-847D-CE5C11C920F8}.Debug|Any CPU.ActiveCfg = Debug|x64
		{DD07B1E8-C264-41B6-847D-CE5C11C920F8}.Debug|Any CPU.Build.0 = Debug|x64
		{DD07B1E8-C264-41B6-847D-CE5C11C920F8}.Debug|Mixed Platforms.ActiveCfg = Debug|x64
		{DD07B1E8-C264-41B6-847D-CE5C11C920F8}.Debug|Mixed Platforms.Build.0 = Debug|x64
		{DD07B1E8-C264-41B6-847D-CE5C11C920F8}.Debug|x64.ActiveCfg = Debug|x64
		{DD07B1E8-C264-41B6-847D-CE5C11C920F8}.Debug|x64.Build.0 = Debug|x64
		{DD07B1E8-C264-41B6-847D-CE5C11C920F8}.Release|Any CPU.ActiveCfg = Release|x64
		{DD07B1E8-C264-41B6-847D-CE5C11C920F8}.Release|Any CPU.Build.0 = Release|x64
		{DD07B1E8-C264-41B6-847D-CE5C11C920F8}.Release|Mixed Platforms.ActiveCfg = Release|x64
		{DD07B1E8-C264-41B6-847D-CE5C11C920F8}.Release|Mixed Platforms.Build.0 = Release|x64
		{DD07B1E8-C264-41B6-847D-CE5C11C920F8}.Release|x64.ActiveCfg = Release|x64
		{DD07B1E8-C264-41B6-847D-CE5C11C920F8}.Release|x64.Build.0 = Release|x64
		{5889B68D-709C-4CC2-8492-B421D6D8BCE9}.Debug|Any CPU.ActiveCfg = Debug|x64
		{5889B68D-709C-4CC2-8492-B421D6D8BCE9}.Debug|Any CPU.Build.0 = Debug|x64
		{5889B68D-709C-4CC2-8492-B421D6D8BCE9}.Debug|Mixed Platforms.ActiveCfg = Debug|x64
		{5889B68D-709C-4CC2-8492-B421D6D8BCE9}.Debug|Mixed Platforms.Build.0 = Debug|x64
		{5889B68D-709C-4CC2-8492-B421D6D8BCE9}.Debug|x64.ActiveCfg = Debug|x64
		{5889B68D-709C-4CC2-8492-B421D6D8BCE9}.Debug|x64.Build.0 = Debug|x64
		{5889B68D-709C-4CC2-8492-B421D6D8BCE9}.Release|Any CPU.ActiveCfg = Release|x64
		{5889B68D-709C-4CC2-8492-B421D6D8BCE9}.Release|Any CPU.Build.0 = Release|x64
		{5889B68D-709C-4CC2-8492-B421D6D8BCE9}.Release|Mixed Platforms.ActiveCfg = Release|x64
		{5889B68D-709C-4CC2-8492-B421D6D8BCE9}.Release|Mixed Platforms.Build.0 = Release|x64
		{5889B68D-709C-4CC2-8492-B421D6D8BCE9}.Release|x64.ActiveCfg = Release|x64
		{5889B68D-709C-4CC2-8492-B421D6D8BCE9}.Release|x64.Build.0 = Release|x64
		{FE0FA82B-A965-4AA8-958B-150ED7200F12}.Debug|Any CPU.ActiveCfg = Debug|x64
		{FE0FA82B-A965-4AA8-958B-150ED7200F12}.Debug|Any CPU.Build.0 = Debug|x64
		{FE0FA82B-A965-4AA8-958B-150ED7200F12}.Debug|Mixed Platforms.ActiveCfg = Debug|x64
		{FE0FA82B-A965-4AA8-958B-150ED7200F12}.Debug|Mixed Platforms.Build.0 = Debug|x64
		{FE0FA82B-A965-4AA8-958B-150ED7200F12}.Debug|x64.ActiveCfg = Debug|x64
		{FE0FA82B-A965-4AA8-958B-150ED7200F12}.Debug|x64.Build.0 = Debug|x64
		{FE0FA82B-A965-4AA8-958B-150ED7200F12}.Release|Any CPU.ActiveCfg = Release|x64
		{FE0FA82B-A965-4AA8-958B-150ED7200F12}.Release|Any CPU.Build.0 = Release|x64
		{FE0FA82B-A965-4AA8-958B-150ED7200F12}.Release|Mixed Platforms.ActiveCfg = Release|x64
		{FE0FA82B-A965-4AA8-958B-150ED7200F12}.Release|Mixed Platforms.Build.0 = Release|x64
		{FE0FA82B-A965-4AA8-958B-150ED7200F12}.Release|x64.ActiveCfg = Release|x64
		{FE0FA82B-A965-4AA8-958B-150ED7200F12}.Release|x64.Build.0 = Release|x64
		{655665D8-F6E8-45A2-85CB-AE10B2215C26}.Debug|Any CPU.ActiveCfg = Debug|x64
		{655665D8-F6E8-45A2-85CB-AE10B2215C26}.Debug|Any CPU.Build.0 = Debug|x64
		{655665D8-F6E8-45A2-85CB-AE10B2215C26}.Debug|Mixed Platforms.ActiveCfg = Debug|x64
		{655665D8-F6E8-45A2-85CB-AE10B2215C26}.Debug|Mixed Platforms.Build.0 = Debug|x64
		{655665D8-F6E8-45A2-85CB-AE10B2215C26}.Debug|x64.ActiveCfg = Debug|x64
		{655665D8-F6E8-45A2-85CB-AE10B2215C26}.Debug|x64.Build.0 = Debug|x64
		{655665D8-F6E8-45A2-85CB-AE10B2215C26}.Release|Any CPU.ActiveCfg = Release|x64
		{655665D8-F6E8-45A2-85CB-AE10B2215C26}.Release|Any CPU.Build.0 = Release|x64
		{655665D8-F6E8-45A2-85CB-AE10B2215C26}.Release|Mixed Platforms.ActiveCfg = Release|x64
		{655665D8-F6E8-45A2-85CB-AE10B2215C26}.Release|Mixed Platforms.Build.0 = Release|x64
		{655665D8-F6E8-45A2-85CB-AE10B2215C26}.Release|x64.ActiveCfg = Release|x64
		{655665D8-F6E8-45A2-85CB-AE10B2215C26}.Release|x64.Build.0 = Release|x64
		{0A091EAB-F110-4CEC-9DEF-0A8E966641C8}.Debug|Any CPU.ActiveCfg = Debug|Any CPU
		{0A091EAB-F110-4CEC-9DEF-0A8E966641C8}.Debug|Any CPU.Build.0 = Debug|Any CPU
		{0A091EAB-F110-4CEC-9DEF-0A8E966641C8}.Debug|Mixed Platforms.ActiveCfg = Debug|Any CPU
		{0A091EAB-F110-4CEC-9DEF-0A8E966641C8}.Debug|Mixed Platforms.Build.0 = Debug|Any CPU
		{0A091EAB-F110-4CEC-9DEF-0A8E966641C8}.Debug|x64.ActiveCfg = Debug|x64
		{0A091EAB-F110-4CEC-9DEF-0A8E966641C8}.Debug|x64.Build.0 = Debug|x64
		{0A091EAB-F110-4CEC-9DEF-0A8E966641C8}.Release|Any CPU.ActiveCfg = Release|Any CPU
		{0A091EAB-F110-4CEC-9DEF-0A8E966641C8}.Release|Any CPU.Build.0 = Release|Any CPU
		{0A091EAB-F110-4CEC-9DEF-0A8E966641C8}.Release|Mixed Platforms.ActiveCfg = Release|Any CPU
		{0A091EAB-F110-4CEC-9DEF-0A8E966641C8}.Release|Mixed Platforms.Build.0 = Release|Any CPU
		{0A091EAB-F110-4CEC-9DEF-0A8E966641C8}.Release|x64.ActiveCfg = Release|x64
		{0A091EAB-F110-4CEC-9DEF-0A8E966641C8}.Release|x64.Build.0 = Release|x64
		{C8FBFBAF-B2DF-49FA-B428-6BC429658BB5}.Debug|Any CPU.ActiveCfg = Debug|x64
		{C8FBFBAF-B2DF-49FA-B428-6BC429658BB5}.Debug|Any CPU.Build.0 = Debug|x64
		{C8FBFBAF-B2DF-49FA-B428-6BC429658BB5}.Debug|Mixed Platforms.ActiveCfg = Debug|x64
		{C8FBFBAF-B2DF-49FA-B428-6BC429658BB5}.Debug|Mixed Platforms.Build.0 = Debug|x64
		{C8FBFBAF-B2DF-49FA-B428-6BC429658BB5}.Debug|x64.ActiveCfg = Debug|x64
		{C8FBFBAF-B2DF-49FA-B428-6BC429658BB5}.Debug|x64.Build.0 = Debug|x64
		{C8FBFBAF-B2DF-49FA-B428-6BC429658BB5}.Release|Any CPU.ActiveCfg = Release|x64
		{C8FBFBAF-B2DF-49FA-B428-6BC429658BB5}.Release|Any CPU.Build.0 = Release|x64
		{C8FBFBAF-B2DF-49FA-B428-6BC429658BB5}.Release|Mixed Platforms.ActiveCfg = Release|x64
		{C8FBFBAF-B2DF-49FA-B428-6BC429658BB5}.Release|Mixed Platforms.Build.0 = Release|x64
		{C8FBFBAF-B2DF-49FA-B428-6BC429658BB5}.Release|x64.ActiveCfg = Release|x64
		{C8FBFBAF-B2DF-49FA-B428-6BC429658BB5}.Release|x64.Build.0 = Release|x64
		{F08FC04F-28A4-4A97-80CB-7F3867C8244B}.Debug|Any CPU.ActiveCfg = Debug|x64
		{F08FC04F-28A4-4A97-80CB-7F3867C8244B}.Debug|Any CPU.Build.0 = Debug|x64
		{F08FC04F-28A4-4A97-80CB-7F3867C8244B}.Debug|Mixed Platforms.ActiveCfg = Debug|x64
		{F08FC04F-28A4-4A97-80CB-7F3867C8244B}.Debug|Mixed Platforms.Build.0 = Debug|x64
		{F08FC04F-28A4-4A97-80CB-7F3867C8244B}.Debug|x64.ActiveCfg = Debug|x64
		{F08FC04F-28A4-4A97-80CB-7F3867C8244B}.Debug|x64.Build.0 = Debug|x64
		{F08FC04F-28A4-4A97-80CB-7F3867C8244B}.Release|Any CPU.ActiveCfg = Release|x64
		{F08FC04F-28A4-4A97-80CB-7F3867C8244B}.Release|Any CPU.Build.0 = Release|x64
		{F08FC04F-28A4-4A97-80CB-7F3867C8244B}.Release|Mixed Platforms.ActiveCfg = Release|x64
		{F08FC04F-28A4-4A97-80CB-7F3867C8244B}.Release|Mixed Platforms.Build.0 = Release|x64
		{F08FC04F-28A4-4A97-80CB-7F3867C8244B}.Release|x64.ActiveCfg = Release|x64
		{F08FC04F-28A4-4A97-80CB-7F3867C8244B}.Release|x64.Build.0 = Release|x64
		{74DCA687-4C27-4891-90A7-067B9F4F5B7A}.Debug|Any CPU.ActiveCfg = Debug|x64
		{74DCA687-4C27-4891-90A7-067B9F4F5B7A}.Debug|Any CPU.Build.0 = Debug|x64
		{74DCA687-4C27-4891-90A7-067B9F4F5B7A}.Debug|Mixed Platforms.ActiveCfg = Debug|x64
		{74DCA687-4C27-4891-90A7-067B9F4F5B7A}.Debug|Mixed Platforms.Build.0 = Debug|x64
		{74DCA687-4C27-4891-90A7-067B9F4F5B7A}.Debug|x64.ActiveCfg = Debug|x64
		{74DCA687-4C27-4891-90A7-067B9F4F5B7A}.Debug|x64.Build.0 = Debug|x64
		{74DCA687-4C27-4891-90A7-067B9F4F5B7A}.Release|Any CPU.ActiveCfg = Release|x64
		{74DCA687-4C27-4891-90A7-067B9F4F5B7A}.Release|Any CPU.Build.0 = Release|x64
		{74DCA687-4C27-4891-90A7-067B9F4F5B7A}.Release|Mixed Platforms.ActiveCfg = Release|x64
		{74DCA687-4C27-4891-90A7-067B9F4F5B7A}.Release|Mixed Platforms.Build.0 = Release|x64
		{74DCA687-4C27-4891-90A7-067B9F4F5B7A}.Release|x64.ActiveCfg = Release|x64
		{74DCA687-4C27-4891-90A7-067B9F4F5B7A}.Release|x64.Build.0 = Release|x64
		{3305A57B-0432-4E75-8E13-8AB265B8ECB6}.Debug|Any CPU.ActiveCfg = Debug|x64
		{3305A57B-0432-4E75-8E13-8AB265B8ECB6}.Debug|Any CPU.Build.0 = Debug|x64
		{3305A57B-0432-4E75-8E13-8AB265B8ECB6}.Debug|Mixed Platforms.ActiveCfg = Debug|x64
		{3305A57B-0432-4E75-8E13-8AB265B8ECB6}.Debug|Mixed Platforms.Build.0 = Debug|x64
		{3305A57B-0432-4E75-8E13-8AB265B8ECB6}.Debug|x64.ActiveCfg = Debug|x64
		{3305A57B-0432-4E75-8E13-8AB265B8ECB6}.Debug|x64.Build.0 = Debug|x64
		{3305A57B-0432-4E75-8E13-8AB265B8ECB6}.Release|Any CPU.ActiveCfg = Release|x64
		{3305A57B-0432-4E75-8E13-8AB265B8ECB6}.Release|Any CPU.Build.0 = Release|x64
		{3305A57B-0432-4E75-8E13-8AB265B8ECB6}.Release|Mixed Platforms.ActiveCfg = Release|x64
		{3305A57B-0432-4E75-8E13-8AB265B8ECB6}.Release|Mixed Platforms.Build.0 = Release|x64
		{3305A57B-0432-4E75-8E13-8AB265B8ECB6}.Release|x64.ActiveCfg = Release|x64
		{3305A57B-0432-4E75-8E13-8AB265B8ECB6}.Release|x64.Build.0 = Release|x64
		{83ED607D-158F-4B0A-84F9-0DA6FFC88BDE}.Debug|Any CPU.ActiveCfg = Debug|x64
		{83ED607D-158F-4B0A-84F9-0DA6FFC88BDE}.Debug|Any CPU.Build.0 = Debug|x64
		{83ED607D-158F-4B0A-84F9-0DA6FFC88BDE}.Debug|Mixed Platforms.ActiveCfg = Debug|x64
		{83ED607D-158F-4B0A-84F9-0DA6FFC88BDE}.Debug|Mixed Platforms.Build.0 = Debug|x64
		{83ED607D-158F-4B0A-84F9-0DA6FFC88BDE}.Debug|x64.ActiveCfg = Debug|x64
		{83ED607D-158F-4B0A-84F9-0DA6FFC88BDE}.Debug|x64.Build.0 = Debug|x64
		{83ED607D-158F-4B0A-84F9-0DA6FFC88BDE}.Release|Any CPU.ActiveCfg = Release|x64
		{83ED607D-158F-4B0A-84F9-0DA6FFC88BDE}.Release|Any CPU.Build.0 = Release|x64
		{83ED607D-158F-4B0A-84F9-0DA6FFC88BDE}.Release|Mixed Platforms.ActiveCfg = Release|x64
		{83ED607D-158F-4B0A-84F9-0DA6FFC88BDE}.Release|Mixed Platforms.Build.0 = Release|x64
		{83ED607D-158F-4B0A-84F9-0DA6FFC88BDE}.Release|x64.ActiveCfg = Release|x64
		{83ED607D-158F-4B0A-84F9-0DA6FFC88BDE}.Release|x64.Build.0 = Release|x64
		{F99E3E8C-A19A-4681-8C9F-3245E63B39B2}.Debug|Any CPU.ActiveCfg = Debug|x64
		{F99E3E8C-A19A-4681-8C9F-3245E63B39B2}.Debug|Any CPU.Build.0 = Debug|x64
		{F99E3E8C-A19A-4681-8C9F-3245E63B39B2}.Debug|Mixed Platforms.ActiveCfg = Debug|x64
		{F99E3E8C-A19A-4681-8C9F-3245E63B39B2}.Debug|Mixed Platforms.Build.0 = Debug|x64
		{F99E3E8C-A19A-4681-8C9F-3245E63B39B2}.Debug|x64.ActiveCfg = Debug|x64
		{F99E3E8C-A19A-4681-8C9F-3245E63B39B2}.Debug|x64.Build.0 = Debug|x64
		{F99E3E8C-A19A-4681-8C9F-3245E63B39B2}.Release|Any CPU.ActiveCfg = Release|x64
		{F99E3E8C-A19A-4681-8C9F-3245E63B39B2}.Release|Any CPU.Build.0 = Release|x64
		{F99E3E8C-A19A-4681-8C9F-3245E63B39B2}.Release|Mixed Platforms.ActiveCfg = Release|x64
		{F99E3E8C-A19A-4681-8C9F-3245E63B39B2}.Release|Mixed Platforms.Build.0 = Release|x64
		{F99E3E8C-A19A-4681-8C9F-3245E63B39B2}.Release|x64.ActiveCfg = Release|x64
		{F99E3E8C-A19A-4681-8C9F-3245E63B39B2}.Release|x64.Build.0 = Release|x64
		{62D6EB84-48A7-4FCF-A0E0-02CDFC8FD586}.Debug|Any CPU.ActiveCfg = Debug|x64
		{62D6EB84-48A7-4FCF-A0E0-02CDFC8FD586}.Debug|Any CPU.Build.0 = Debug|x64
		{62D6EB84-48A7-4FCF-A0E0-02CDFC8FD586}.Debug|Mixed Platforms.ActiveCfg = Debug|x64
		{62D6EB84-48A7-4FCF-A0E0-02CDFC8FD586}.Debug|Mixed Platforms.Build.0 = Debug|x64
		{62D6EB84-48A7-4FCF-A0E0-02CDFC8FD586}.Debug|x64.ActiveCfg = Debug|x64
		{62D6EB84-48A7-4FCF-A0E0-02CDFC8FD586}.Debug|x64.Build.0 = Debug|x64
		{62D6EB84-48A7-4FCF-A0E0-02CDFC8FD586}.Release|Any CPU.ActiveCfg = Release|x64
		{62D6EB84-48A7-4FCF-A0E0-02CDFC8FD586}.Release|Any CPU.Build.0 = Release|x64
		{62D6EB84-48A7-4FCF-A0E0-02CDFC8FD586}.Release|Mixed Platforms.ActiveCfg = Release|x64
		{62D6EB84-48A7-4FCF-A0E0-02CDFC8FD586}.Release|Mixed Platforms.Build.0 = Release|x64
		{62D6EB84-48A7-4FCF-A0E0-02CDFC8FD586}.Release|x64.ActiveCfg = Release|x64
		{62D6EB84-48A7-4FCF-A0E0-02CDFC8FD586}.Release|x64.Build.0 = Release|x64
		{66A2C35A-E042-4F0C-B8E7-D61401133359}.Debug|Any CPU.ActiveCfg = Debug|x64
		{66A2C35A-E042-4F0C-B8E7-D61401133359}.Debug|Any CPU.Build.0 = Debug|x64
		{66A2C35A-E042-4F0C-B8E7-D61401133359}.Debug|Mixed Platforms.ActiveCfg = Debug|x64
		{66A2C35A-E042-4F0C-B8E7-D61401133359}.Debug|Mixed Platforms.Build.0 = Debug|x64
		{66A2C35A-E042-4F0C-B8E7-D61401133359}.Debug|x64.ActiveCfg = Debug|x64
		{66A2C35A-E042-4F0C-B8E7-D61401133359}.Debug|x64.Build.0 = Debug|x64
		{66A2C35A-E042-4F0C-B8E7-D61401133359}.Release|Any CPU.ActiveCfg = Release|x64
		{66A2C35A-E042-4F0C-B8E7-D61401133359}.Release|Any CPU.Build.0 = Release|x64
		{66A2C35A-E042-4F0C-B8E7-D61401133359}.Release|Mixed Platforms.ActiveCfg = Release|x64
		{66A2C35A-E042-4F0C-B8E7-D61401133359}.Release|Mixed Platforms.Build.0 = Release|x64
		{66A2C35A-E042-4F0C-B8E7-D61401133359}.Release|x64.ActiveCfg = Release|x64
		{66A2C35A-E042-4F0C-B8E7-D61401133359}.Release|x64.Build.0 = Release|x64
		{EBC262D1-7640-49BD-9468-00340F26AF76}.Debug|Any CPU.ActiveCfg = Debug|x64
		{EBC262D1-7640-49BD-9468-00340F26AF76}.Debug|Any CPU.Build.0 = Debug|x64
		{EBC262D1-7640-49BD-9468-00340F26AF76}.Debug|Mixed Platforms.ActiveCfg = Debug|x64
		{EBC262D1-7640-49BD-9468-00340F26AF76}.Debug|Mixed Platforms.Build.0 = Debug|x64
		{EBC262D1-7640-49BD-9468-00340F26AF76}.Debug|x64.ActiveCfg = Debug|x64
		{EBC262D1-7640-49BD-9468-00340F26AF76}.Debug|x64.Build.0 = Debug|x64
		{EBC262D1-7640-49BD-9468-00340F26AF76}.Release|Any CPU.ActiveCfg = Release|x64
		{EBC262D1-7640-49BD-9468-00340F26AF76}.Release|Any CPU.Build.0 = Release|x64
		{EBC262D1-7640-49BD-9468-00340F26AF76}.Release|Mixed Platforms.ActiveCfg = Release|x64
		{EBC262D1-7640-49BD-9468-00340F26AF76}.Release|Mixed Platforms.Build.0 = Release|x64
		{EBC262D1-7640-49BD-9468-00340F26AF76}.Release|x64.ActiveCfg = Release|x64
		{EBC262D1-7640-49BD-9468-00340F26AF76}.Release|x64.Build.0 = Release|x64
		{02C16579-3016-49FF-9037-1341A378A411}.Debug|Any CPU.ActiveCfg = Debug|x64
		{02C16579-3016-49FF-9037-1341A378A411}.Debug|Any CPU.Build.0 = Debug|x64
		{02C16579-3016-49FF-9037-1341A378A411}.Debug|Mixed Platforms.ActiveCfg = Debug|x64
		{02C16579-3016-49FF-9037-1341A378A411}.Debug|Mixed Platforms.Build.0 = Debug|x64
		{02C16579-3016-49FF-9037-1341A378A411}.Debug|x64.ActiveCfg = Debug|x64
		{02C16579-3016-49FF-9037-1341A378A411}.Debug|x64.Build.0 = Debug|x64
		{02C16579-3016-49FF-9037-1341A378A411}.Release|Any CPU.ActiveCfg = Release|x64
		{02C16579-3016-49FF-9037-1341A378A411}.Release|Any CPU.Build.0 = Release|x64
		{02C16579-3016-49FF-9037-1341A378A411}.Release|Mixed Platforms.ActiveCfg = Release|x64
		{02C16579-3016-49FF-9037-1341A378A411}.Release|Mixed Platforms.Build.0 = Release|x64
		{02C16579-3016-49FF-9037-1341A378A411}.Release|x64.ActiveCfg = Release|x64
		{02C16579-3016-49FF-9037-1341A378A411}.Release|x64.Build.0 = Release|x64
		{94ECE4FC-7BD0-4756-A93A-C2C1119EAD2D}.Debug|Any CPU.ActiveCfg = Debug|x64
		{94ECE4FC-7BD0-4756-A93A-C2C1119EAD2D}.Debug|Any CPU.Build.0 = Debug|x64
		{94ECE4FC-7BD0-4756-A93A-C2C1119EAD2D}.Debug|Mixed Platforms.ActiveCfg = Debug|x64
		{94ECE4FC-7BD0-4756-A93A-C2C1119EAD2D}.Debug|Mixed Platforms.Build.0 = Debug|x64
		{94ECE4FC-7BD0-4756-A93A-C2C1119EAD2D}.Debug|x64.ActiveCfg = Debug|x64
		{94ECE4FC-7BD0-4756-A93A-C2C1119EAD2D}.Debug|x64.Build.0 = Debug|x64
		{94ECE4FC-7BD0-4756-A93A-C2C1119EAD2D}.Release|Any CPU.ActiveCfg = Release|x64
		{94ECE4FC-7BD0-4756-A93A-C2C1119EAD2D}.Release|Any CPU.Build.0 = Release|x64
		{94ECE4FC-7BD0-4756-A93A-C2C1119EAD2D}.Release|Mixed Platforms.ActiveCfg = Release|x64
		{94ECE4FC-7BD0-4756-A93A-C2C1119EAD2D}.Release|Mixed Platforms.Build.0 = Release|x64
		{94ECE4FC-7BD0-4756-A93A-C2C1119EAD2D}.Release|x64.ActiveCfg = Release|x64
		{94ECE4FC-7BD0-4756-A93A-C2C1119EAD2D}.Release|x64.Build.0 = Release|x64
		{CD7A1861-F565-470E-82BC-7FCE1ACDE896}.Debug|Any CPU.ActiveCfg = Debug|x64
		{CD7A1861-F565-470E-82BC-7FCE1ACDE896}.Debug|Any CPU.Build.0 = Debug|x64
		{CD7A1861-F565-470E-82BC-7FCE1ACDE896}.Debug|Mixed Platforms.ActiveCfg = Debug|x64
		{CD7A1861-F565-470E-82BC-7FCE1ACDE896}.Debug|Mixed Platforms.Build.0 = Debug|x64
		{CD7A1861-F565-470E-82BC-7FCE1ACDE896}.Debug|x64.ActiveCfg = Debug|x64
		{CD7A1861-F565-470E-82BC-7FCE1ACDE896}.Debug|x64.Build.0 = Debug|x64
		{CD7A1861-F565-470E-82BC-7FCE1ACDE896}.Release|Any CPU.ActiveCfg = Release|x64
		{CD7A1861-F565-470E-82BC-7FCE1ACDE896}.Release|Any CPU.Build.0 = Release|x64
		{CD7A1861-F565-470E-82BC-7FCE1ACDE896}.Release|Mixed Platforms.ActiveCfg = Release|x64
		{CD7A1861-F565-470E-82BC-7FCE1ACDE896}.Release|Mixed Platforms.Build.0 = Release|x64
		{CD7A1861-F565-470E-82BC-7FCE1ACDE896}.Release|x64.ActiveCfg = Release|x64
		{CD7A1861-F565-470E-82BC-7FCE1ACDE896}.Release|x64.Build.0 = Release|x64
		{288AD169-5743-4C7D-889D-C77B8A69DDD9}.Debug|Any CPU.ActiveCfg = Debug|x64
		{288AD169-5743-4C7D-889D-C77B8A69DDD9}.Debug|Any CPU.Build.0 = Debug|x64
		{288AD169-5743-4C7D-889D-C77B8A69DDD9}.Debug|Mixed Platforms.ActiveCfg = Debug|x64
		{288AD169-5743-4C7D-889D-C77B8A69DDD9}.Debug|Mixed Platforms.Build.0 = Debug|x64
		{288AD169-5743-4C7D-889D-C77B8A69DDD9}.Debug|x64.ActiveCfg = Debug|x64
		{288AD169-5743-4C7D-889D-C77B8A69DDD9}.Debug|x64.Build.0 = Debug|x64
		{288AD169-5743-4C7D-889D-C77B8A69DDD9}.Release|Any CPU.ActiveCfg = Release|x64
		{288AD169-5743-4C7D-889D-C77B8A69DDD9}.Release|Any CPU.Build.0 = Release|x64
		{288AD169-5743-4C7D-889D-C77B8A69DDD9}.Release|Mixed Platforms.ActiveCfg = Release|x64
		{288AD169-5743-4C7D-889D-C77B8A69DDD9}.Release|Mixed Platforms.Build.0 = Release|x64
		{288AD169-5743-4C7D-889D-C77B8A69DDD9}.Release|x64.ActiveCfg = Release|x64
		{288AD169-5743-4C7D-889D-C77B8A69DDD9}.Release|x64.Build.0 = Release|x64
		{CD2F335F-9E68-449E-B0F4-B377C44C294F}.Debug|Any CPU.ActiveCfg = Debug|x64
		{CD2F335F-9E68-449E-B0F4-B377C44C294F}.Debug|Any CPU.Build.0 = Debug|x64
		{CD2F335F-9E68-449E-B0F4-B377C44C294F}.Debug|Mixed Platforms.ActiveCfg = Debug|x64
		{CD2F335F-9E68-449E-B0F4-B377C44C294F}.Debug|Mixed Platforms.Build.0 = Debug|x64
		{CD2F335F-9E68-449E-B0F4-B377C44C294F}.Debug|x64.ActiveCfg = Debug|x64
		{CD2F335F-9E68-449E-B0F4-B377C44C294F}.Debug|x64.Build.0 = Debug|x64
		{CD2F335F-9E68-449E-B0F4-B377C44C294F}.Release|Any CPU.ActiveCfg = Release|x64
		{CD2F335F-9E68-449E-B0F4-B377C44C294F}.Release|Any CPU.Build.0 = Release|x64
		{CD2F335F-9E68-449E-B0F4-B377C44C294F}.Release|Mixed Platforms.ActiveCfg = Release|x64
		{CD2F335F-9E68-449E-B0F4-B377C44C294F}.Release|Mixed Platforms.Build.0 = Release|x64
		{CD2F335F-9E68-449E-B0F4-B377C44C294F}.Release|x64.ActiveCfg = Release|x64
		{CD2F335F-9E68-449E-B0F4-B377C44C294F}.Release|x64.Build.0 = Release|x64
		{73B131B6-5E74-4F6C-B008-9A6134EC6516}.Debug|Any CPU.ActiveCfg = Debug|x64
		{73B131B6-5E74-4F6C-B008-9A6134EC6516}.Debug|Any CPU.Build.0 = Debug|x64
		{73B131B6-5E74-4F6C-B008-9A6134EC6516}.Debug|Mixed Platforms.ActiveCfg = Debug|x64
		{73B131B6-5E74-4F6C-B008-9A6134EC6516}.Debug|Mixed Platforms.Build.0 = Debug|x64
		{73B131B6-5E74-4F6C-B008-9A6134EC6516}.Debug|x64.ActiveCfg = Debug|x64
		{73B131B6-5E74-4F6C-B008-9A6134EC6516}.Debug|x64.Build.0 = Debug|x64
		{73B131B6-5E74-4F6C-B008-9A6134EC6516}.Release|Any CPU.ActiveCfg = Release|x64
		{73B131B6-5E74-4F6C-B008-9A6134EC6516}.Release|Any CPU.Build.0 = Release|x64
		{73B131B6-5E74-4F6C-B008-9A6134EC6516}.Release|Mixed Platforms.ActiveCfg = Release|x64
		{73B131B6-5E74-4F6C-B008-9A6134EC6516}.Release|Mixed Platforms.Build.0 = Release|x64
		{73B131B6-5E74-4F6C-B008-9A6134EC6516}.Release|x64.ActiveCfg = Release|x64
		{73B131B6-5E74-4F6C-B008-9A6134EC6516}.Release|x64.Build.0 = Release|x64
		{4BB65475-EC86-4C56-943D-7B8E4D8D152D}.Debug|Any CPU.ActiveCfg = Debug|x64
		{4BB65475-EC86-4C56-943D-7B8E4D8D152D}.Debug|Any CPU.Build.0 = Debug|x64
		{4BB65475-EC86-4C56-943D-7B8E4D8D152D}.Debug|Mixed Platforms.ActiveCfg = Debug|x64
		{4BB65475-EC86-4C56-943D-7B8E4D8D152D}.Debug|Mixed Platforms.Build.0 = Debug|x64
		{4BB65475-EC86-4C56-943D-7B8E4D8D152D}.Debug|x64.ActiveCfg = Debug|x64
		{4BB65475-EC86-4C56-943D-7B8E4D8D152D}.Debug|x64.Build.0 = Debug|x64
		{4BB65475-EC86-4C56-943D-7B8E4D8D152D}.Release|Any CPU.ActiveCfg = Release|x64
		{4BB65475-EC86-4C56-943D-7B8E4D8D152D}.Release|Any CPU.Build.0 = Release|x64
		{4BB65475-EC86-4C56-943D-7B8E4D8D152D}.Release|Mixed Platforms.ActiveCfg = Release|x64
		{4BB65475-EC86-4C56-943D-7B8E4D8D152D}.Release|Mixed Platforms.Build.0 = Release|x64
		{4BB65475-EC86-4C56-943D-7B8E4D8D152D}.Release|x64.ActiveCfg = Release|x64
		{4BB65475-EC86-4C56-943D-7B8E4D8D152D}.Release|x64.Build.0 = Release|x64
		{3904EC2C-B187-4999-ABB7-059DF4AA2371}.Debug|Any CPU.ActiveCfg = Debug|x64
		{3904EC2C-B187-4999-ABB7-059DF4AA2371}.Debug|Any CPU.Build.0 = Debug|x64
		{3904EC2C-B187-4999-ABB7-059DF4AA2371}.Debug|Mixed Platforms.ActiveCfg = Debug|x64
		{3904EC2C-B187-4999-ABB7-059DF4AA2371}.Debug|Mixed Platforms.Build.0 = Debug|x64
		{3904EC2C-B187-4999-ABB7-059DF4AA2371}.Debug|x64.ActiveCfg = Debug|x64
		{3904EC2C-B187-4999-ABB7-059DF4AA2371}.Debug|x64.Build.0 = Debug|x64
		{3904EC2C-B187-4999-ABB7-059DF4AA2371}.Release|Any CPU.ActiveCfg = Release|x64
		{3904EC2C-B187-4999-ABB7-059DF4AA2371}.Release|Any CPU.Build.0 = Release|x64
		{3904EC2C-B187-4999-ABB7-059DF4AA2371}.Release|Mixed Platforms.ActiveCfg = Release|x64
		{3904EC2C-B187-4999-ABB7-059DF4AA2371}.Release|Mixed Platforms.Build.0 = Release|x64
		{3904EC2C-B187-4999-ABB7-059DF4AA2371}.Release|x64.ActiveCfg = Release|x64
		{3904EC2C-B187-4999-ABB7-059DF4AA2371}.Release|x64.Build.0 = Release|x64
		{AF1AFA0D-8B4A-442E-978E-7571E7A83CDE}.Debug|Any CPU.ActiveCfg = Debug|x64
		{AF1AFA0D-8B4A-442E-978E-7571E7A83CDE}.Debug|Any CPU.Build.0 = Debug|x64
		{AF1AFA0D-8B4A-442E-978E-7571E7A83CDE}.Debug|Mixed Platforms.ActiveCfg = Debug|x64
		{AF1AFA0D-8B4A-442E-978E-7571E7A83CDE}.Debug|Mixed Platforms.Build.0 = Debug|x64
		{AF1AFA0D-8B4A-442E-978E-7571E7A83CDE}.Debug|x64.ActiveCfg = Debug|x64
		{AF1AFA0D-8B4A-442E-978E-7571E7A83CDE}.Debug|x64.Build.0 = Debug|x64
		{AF1AFA0D-8B4A-442E-978E-7571E7A83CDE}.Release|Any CPU.ActiveCfg = Release|x64
		{AF1AFA0D-8B4A-442E-978E-7571E7A83CDE}.Release|Any CPU.Build.0 = Release|x64
		{AF1AFA0D-8B4A-442E-978E-7571E7A83CDE}.Release|Mixed Platforms.ActiveCfg = Release|x64
		{AF1AFA0D-8B4A-442E-978E-7571E7A83CDE}.Release|Mixed Platforms.Build.0 = Release|x64
		{AF1AFA0D-8B4A-442E-978E-7571E7A83CDE}.Release|x64.ActiveCfg = Release|x64
		{AF1AFA0D-8B4A-442E-978E-7571E7A83CDE}.Release|x64.Build.0 = Release|x64
		{9FDA36D3-9AC4-44D2-BBF8-F0D496783896}.Debug|Any CPU.ActiveCfg = Debug|x64
		{9FDA36D3-9AC4-44D2-BBF8-F0D496783896}.Debug|Any CPU.Build.0 = Debug|x64
		{9FDA36D3-9AC4-44D2-BBF8-F0D496783896}.Debug|Mixed Platforms.ActiveCfg = Debug|x64
		{9FDA36D3-9AC4-44D2-BBF8-F0D496783896}.Debug|Mixed Platforms.Build.0 = Debug|x64
		{9FDA36D3-9AC4-44D2-BBF8-F0D496783896}.Debug|x64.ActiveCfg = Debug|x64
		{9FDA36D3-9AC4-44D2-BBF8-F0D496783896}.Debug|x64.Build.0 = Debug|x64
		{9FDA36D3-9AC4-44D2-BBF8-F0D496783896}.Release|Any CPU.ActiveCfg = Release|x64
		{9FDA36D3-9AC4-44D2-BBF8-F0D496783896}.Release|Any CPU.Build.0 = Release|x64
		{9FDA36D3-9AC4-44D2-BBF8-F0D496783896}.Release|Mixed Platforms.ActiveCfg = Release|x64
		{9FDA36D3-9AC4-44D2-BBF8-F0D496783896}.Release|Mixed Platforms.Build.0 = Release|x64
		{9FDA36D3-9AC4-44D2-BBF8-F0D496783896}.Release|x64.ActiveCfg = Release|x64
		{9FDA36D3-9AC4-44D2-BBF8-F0D496783896}.Release|x64.Build.0 = Release|x64
		{2A94C2AE-28E7-43E2-A297-6EF543B42416}.Debug|Any CPU.ActiveCfg = Debug|x64
		{2A94C2AE-28E7-43E2-A297-6EF543B42416}.Debug|Any CPU.Build.0 = Debug|x64
		{2A94C2AE-28E7-43E2-A297-6EF543B42416}.Debug|Mixed Platforms.ActiveCfg = Debug|x64
		{2A94C2AE-28E7-43E2-A297-6EF543B42416}.Debug|Mixed Platforms.Build.0 = Debug|x64
		{2A94C2AE-28E7-43E2-A297-6EF543B42416}.Debug|x64.ActiveCfg = Debug|x64
		{2A94C2AE-28E7-43E2-A297-6EF543B42416}.Debug|x64.Build.0 = Debug|x64
		{2A94C2AE-28E7-43E2-A297-6EF543B42416}.Release|Any CPU.ActiveCfg = Release|x64
		{2A94C2AE-28E7-43E2-A297-6EF543B42416}.Release|Any CPU.Build.0 = Release|x64
		{2A94C2AE-28E7-43E2-A297-6EF543B42416}.Release|Mixed Platforms.ActiveCfg = Release|x64
		{2A94C2AE-28E7-43E2-A297-6EF543B42416}.Release|Mixed Platforms.Build.0 = Release|x64
		{2A94C2AE-28E7-43E2-A297-6EF543B42416}.Release|x64.ActiveCfg = Release|x64
		{2A94C2AE-28E7-43E2-A297-6EF543B42416}.Release|x64.Build.0 = Release|x64
		{5D502DD5-115F-4679-9307-92369C935667}.Debug|Any CPU.ActiveCfg = Debug|x64
		{5D502DD5-115F-4679-9307-92369C935667}.Debug|Mixed Platforms.ActiveCfg = Debug|x64
		{5D502DD5-115F-4679-9307-92369C935667}.Debug|Mixed Platforms.Build.0 = Debug|x64
		{5D502DD5-115F-4679-9307-92369C935667}.Debug|x64.ActiveCfg = Debug|x64
		{5D502DD5-115F-4679-9307-92369C935667}.Debug|x64.Build.0 = Debug|x64
		{5D502DD5-115F-4679-9307-92369C935667}.Release|Any CPU.ActiveCfg = Release|x64
		{5D502DD5-115F-4679-9307-92369C935667}.Release|Mixed Platforms.ActiveCfg = Release|x64
		{5D502DD5-115F-4679-9307-92369C935667}.Release|Mixed Platforms.Build.0 = Release|x64
		{5D502DD5-115F-4679-9307-92369C935667}.Release|x64.ActiveCfg = Release|x64
		{5D502DD5-115F-4679-9307-92369C935667}.Release|x64.Build.0 = Release|x64
		{90ED6605-1FD5-4C7E-A5A2-914DD9FB9820}.Debug|Any CPU.ActiveCfg = Debug|x64
		{90ED6605-1FD5-4C7E-A5A2-914DD9FB9820}.Debug|Mixed Platforms.ActiveCfg = Debug|x64
		{90ED6605-1FD5-4C7E-A5A2-914DD9FB9820}.Debug|Mixed Platforms.Build.0 = Debug|x64
		{90ED6605-1FD5-4C7E-A5A2-914DD9FB9820}.Debug|x64.ActiveCfg = Debug|x64
		{90ED6605-1FD5-4C7E-A5A2-914DD9FB9820}.Debug|x64.Build.0 = Debug|x64
		{90ED6605-1FD5-4C7E-A5A2-914DD9FB9820}.Release|Any CPU.ActiveCfg = Release|x64
		{90ED6605-1FD5-4C7E-A5A2-914DD9FB9820}.Release|Mixed Platforms.ActiveCfg = Release|x64
		{90ED6605-1FD5-4C7E-A5A2-914DD9FB9820}.Release|Mixed Platforms.Build.0 = Release|x64
		{90ED6605-1FD5-4C7E-A5A2-914DD9FB9820}.Release|x64.ActiveCfg = Release|x64
		{90ED6605-1FD5-4C7E-A5A2-914DD9FB9820}.Release|x64.Build.0 = Release|x64
		{A4E28EF3-FE4D-4823-9B78-CC508B7774E6}.Debug|Any CPU.ActiveCfg = Debug|x64
		{A4E28EF3-FE4D-4823-9B78-CC508B7774E6}.Debug|Mixed Platforms.ActiveCfg = Debug|x64
		{A4E28EF3-FE4D-4823-9B78-CC508B7774E6}.Debug|Mixed Platforms.Build.0 = Debug|x64
		{A4E28EF3-FE4D-4823-9B78-CC508B7774E6}.Debug|x64.ActiveCfg = Debug|x64
		{A4E28EF3-FE4D-4823-9B78-CC508B7774E6}.Debug|x64.Build.0 = Debug|x64
		{A4E28EF3-FE4D-4823-9B78-CC508B7774E6}.Release|Any CPU.ActiveCfg = Release|x64
		{A4E28EF3-FE4D-4823-9B78-CC508B7774E6}.Release|Mixed Platforms.ActiveCfg = Release|x64
		{A4E28EF3-FE4D-4823-9B78-CC508B7774E6}.Release|Mixed Platforms.Build.0 = Release|x64
		{A4E28EF3-FE4D-4823-9B78-CC508B7774E6}.Release|x64.ActiveCfg = Release|x64
		{A4E28EF3-FE4D-4823-9B78-CC508B7774E6}.Release|x64.Build.0 = Release|x64
	EndGlobalSection
	GlobalSection(SolutionProperties) = preSolution
		HideSolutionNode = FALSE
	EndGlobalSection
	GlobalSection(NestedProjects) = preSolution
		{FA6D5947-51E7-4D99-9D18-D4946901FE80} = {9F64DA68-932B-4B25-A441-49336027E6B8}
		{B5F40029-7A5F-440D-8A5A-215E032CF89C} = {9F64DA68-932B-4B25-A441-49336027E6B8}
		{5E26950D-C4A4-4DDE-BBAB-E7317E0C864F} = {9F64DA68-932B-4B25-A441-49336027E6B8}
		{E240B619-3EF8-46C0-BE73-1A9D22D50446} = {9F64DA68-932B-4B25-A441-49336027E6B8}
		{C75D0837-A992-41A2-8A46-A1B0F292048C} = {9F64DA68-932B-4B25-A441-49336027E6B8}
		{096D6D4E-B782-4B87-95FE-8B59D80510BC} = {9F64DA68-932B-4B25-A441-49336027E6B8}
		{5889B68D-709C-4CC2-8492-B421D6D8BCE9} = {9F64DA68-932B-4B25-A441-49336027E6B8}
		{F99E3E8C-A19A-4681-8C9F-3245E63B39B2} = {9F64DA68-932B-4B25-A441-49336027E6B8}
		{CD2F335F-9E68-449E-B0F4-B377C44C294F} = {9F64DA68-932B-4B25-A441-49336027E6B8}
		{73B131B6-5E74-4F6C-B008-9A6134EC6516} = {9F64DA68-932B-4B25-A441-49336027E6B8}
		{9FDA36D3-9AC4-44D2-BBF8-F0D496783896} = {9F64DA68-932B-4B25-A441-49336027E6B8}
		{2A94C2AE-28E7-43E2-A297-6EF543B42416} = {9F64DA68-932B-4B25-A441-49336027E6B8}
		{75AA9BC5-C937-4EFB-AF4A-5F9AAA9EC483} = {F0FAB9C4-28E7-4FA2-9BA0-D6EA43EC24EE}
		{43283F9D-A669-47B2-80FD-FFA447A4BD7F} = {F0FAB9C4-28E7-4FA2-9BA0-D6EA43EC24EE}
		{CB0FD4CC-E606-4A2A-967D-A086E1AE2B9D} = {F0FAB9C4-28E7-4FA2-9BA0-D6EA43EC24EE}
		{504B29F2-8B62-4F5C-9FF8-89175002C3A8} = {F0FAB9C4-28E7-4FA2-9BA0-D6EA43EC24EE}
		{E23B0AB1-6374-4E97-9303-CEE8FD167FDE} = {F0FAB9C4-28E7-4FA2-9BA0-D6EA43EC24EE}
		{55507A34-E276-49CB-93DF-8E31E27703FB} = {F0FAB9C4-28E7-4FA2-9BA0-D6EA43EC24EE}
		{655665D8-F6E8-45A2-85CB-AE10B2215C26} = {F0FAB9C4-28E7-4FA2-9BA0-D6EA43EC24EE}
		{A2418F07-FA53-4E1E-A9D2-1170875F6042} = {158D6F04-C25E-4C77-91C5-80D43534DEE3}
		{02AFA84E-DA1B-4010-BA76-8E077E4D6175} = {158D6F04-C25E-4C77-91C5-80D43534DEE3}
		{4340017C-0FB4-4A43-8D5A-28ACB55045F0} = {158D6F04-C25E-4C77-91C5-80D43534DEE3}
		{3904EC2C-B187-4999-ABB7-059DF4AA2371} = {158D6F04-C25E-4C77-91C5-80D43534DEE3}
		{AF1AFA0D-8B4A-442E-978E-7571E7A83CDE} = {158D6F04-C25E-4C77-91C5-80D43534DEE3}
		{5D502DD5-115F-4679-9307-92369C935667} = {158D6F04-C25E-4C77-91C5-80D43534DEE3}
		{5410F9D5-9D98-44CF-9518-CE5374CE4B22} = {19D282F3-A7D7-4873-9AD0-B51938EDA439}
		{2A35D3B0-4D7B-4D6F-BB9E-1697A280BBC3} = {19D282F3-A7D7-4873-9AD0-B51938EDA439}
		{0A091EAB-F110-4CEC-9DEF-0A8E966641C8} = {19D282F3-A7D7-4873-9AD0-B51938EDA439}
		{C8FBFBAF-B2DF-49FA-B428-6BC429658BB5} = {19D282F3-A7D7-4873-9AD0-B51938EDA439}
		{F08FC04F-28A4-4A97-80CB-7F3867C8244B} = {19D282F3-A7D7-4873-9AD0-B51938EDA439}
		{74DCA687-4C27-4891-90A7-067B9F4F5B7A} = {19D282F3-A7D7-4873-9AD0-B51938EDA439}
		{3305A57B-0432-4E75-8E13-8AB265B8ECB6} = {19D282F3-A7D7-4873-9AD0-B51938EDA439}
		{4BB65475-EC86-4C56-943D-7B8E4D8D152D} = {19D282F3-A7D7-4873-9AD0-B51938EDA439}
	EndGlobalSection
EndGlobal
