<?xml version="1.0" encoding="utf-8"?>
<Project ToolsVersion="4.0" xmlns="http://schemas.microsoft.com/developer/msbuild/2003">
  <ItemGroup>
    <Filter Include="Source Files">
      <UniqueIdentifier>{4FC737F1-C7A5-4376-A066-2A32D752A2FF}</UniqueIdentifier>
      <Extensions>cpp;c;cxx;def;odl;idl;hpj;bat;asm;asmx</Extensions>
    </Filter>
    <Filter Include="Header Files">
      <UniqueIdentifier>{93995380-89BD-4b04-88EB-625FBE52EBFB}</UniqueIdentifier>
      <Extensions>h;hpp;hxx;hm;inl;inc;xsd</Extensions>
    </Filter>
    <Filter Include="Resource Files">
      <UniqueIdentifier>{67DA6AB6-F800-4c08-8B7A-83BB121AAD01}</UniqueIdentifier>
      <Extensions>rc;ico;cur;bmp;dlg;rc2;rct;bin;rgs;gif;jpg;jpeg;jpe;resx</Extensions>
    </Filter>
  </ItemGroup>
  <ItemGroup>
    <ClCompile Include="IMorseFunction.cpp">
      <Filter>Source Files</Filter>
    </ClCompile>
    <ClCompile Include="IProjectiveExtensionInfo.cpp">
      <Filter>Source Files</Filter>
    </ClCompile>
    <ClCompile Include="ISystemFunction.cpp">
      <Filter>Source Files</Filter>
    </ClCompile>
    <ClCompile Include="ISystemFunctionDerivate.cpp">
      <Filter>Source Files</Filter>
    </ClCompile>
    <ClCompile Include="MS2DAngleFunction.cpp">
      <Filter>Source Files</Filter>
    </ClCompile>
    <ClCompile Include="MS2DAngleMorseFunction.cpp">
      <Filter>Source Files</Filter>
    </ClCompile>
    <ClCompile Include="MSAngleFunction.cpp">
      <Filter>Source Files</Filter>
    </ClCompile>
    <ClCompile Include="MSAngleMorseFunction.cpp">
      <Filter>Source Files</Filter>
    </ClCompile>
    <ClCompile Include="MSNormedFunction.cpp">
      <Filter>Source Files</Filter>
    </ClCompile>
    <ClCompile Include="ProjectiveSystemFunctionDerivate.cpp">
      <Filter>Source Files</Filter>
    </ClCompile>
    <ClCompile Include="SegmentPartSystemFunction.cpp">
      <Filter>Source Files</Filter>
    </ClCompile>
    <ClCompile Include="SegmentProjectiveExtendedSystemFunction.cpp">
      <Filter>Source Files</Filter>
    </ClCompile>
    <ClCompile Include="SegmentProjectiveExtendedSystemFunctionBase.cpp">
      <Filter>Source Files</Filter>
    </ClCompile>
    <ClCompile Include="SegmentProjectiveExtensionMorseFunction.cpp">
      <Filter>Source Files</Filter>
    </ClCompile>
    <ClCompile Include="SermentProjectiveExtensionInfo.cpp">
      <Filter>Source Files</Filter>
    </ClCompile>
    <ClCompile Include="stdafx.cpp">
      <Filter>Source Files</Filter>
    </ClCompile>
    <ClCompile Include="SystemFunction.cpp">
      <Filter>Source Files</Filter>
    </ClCompile>
    <ClCompile Include="SystemFunctionDerivate.cpp">
      <Filter>Source Files</Filter>
    </ClCompile>
    <ClCompile Include="ZeroSafeDouble.cpp">
      <Filter>Source Files</Filter>
    </ClCompile>
  </ItemGroup>
  <ItemGroup>
    <ClInclude Include="IMorseFunction.h">
      <Filter>Header Files</Filter>
    </ClInclude>
    <ClInclude Include="IProjectiveExtensionInfo.h">
      <Filter>Header Files</Filter>
    </ClInclude>
    <ClInclude Include="ISystemFunction.h">
      <Filter>Header Files</Filter>
    </ClInclude>
    <ClInclude Include="ISystemFunctionDerivate.h">
      <Filter>Header Files</Filter>
    </ClInclude>
    <ClInclude Include="IteratatedSystemFunction.h">
      <Filter>Header Files</Filter>
    </ClInclude>
    <ClInclude Include="IteratedSystemFunctionDerivate.h">
      <Filter>Header Files</Filter>
    </ClInclude>
    <ClInclude Include="MS2DAngleFunction.h">
      <Filter>Header Files</Filter>
    </ClInclude>
    <ClInclude Include="MS2DAngleMorseFunction.h">
      <Filter>Header Files</Filter>
    </ClInclude>
    <ClInclude Include="MSAngleFunction.h">
      <Filter>Header Files</Filter>
    </ClInclude>
    <ClInclude Include="MSAngleMorseFunction.h">
      <Filter>Header Files</Filter>
    </ClInclude>
    <ClInclude Include="MSNormedFunction.h">
      <Filter>Header Files</Filter>
    </ClInclude>
    <ClInclude Include="ProjectiveSystemFunctionDerivate.h">
      <Filter>Header Files</Filter>
    </ClInclude>
    <ClInclude Include="SegmentPartSystemFunction.h">
      <Filter>Header Files</Filter>
    </ClInclude>
    <ClInclude Include="SegmentProjectiveExtendedSystemFunction.h">
      <Filter>Header Files</Filter>
    </ClInclude>
    <ClInclude Include="SegmentProjectiveExtendedSystemFunctionBase.h">
      <Filter>Header Files</Filter>
    </ClInclude>
    <ClInclude Include="SegmentProjectiveExtensionMorseFunction.h">
      <Filter>Header Files</Filter>
    </ClInclude>
    <ClInclude Include="SermentProjectiveExtensionInfo.h">
      <Filter>Header Files</Filter>
    </ClInclude>
    <ClInclude Include="stdafx.h">
      <Filter>Header Files</Filter>
    </ClInclude>
    <ClInclude Include="SystemFunction.h">
      <Filter>Header Files</Filter>
    </ClInclude>
    <ClInclude Include="SystemFunctionDerivate.h">
      <Filter>Header Files</Filter>
    </ClInclude>
    <ClInclude Include="ZeroSafeDouble.h">
      <Filter>Header Files</Filter>
    </ClInclude>
  </ItemGroup>
  <ItemGroup>
    <Text Include="ReadMe.txt" />
  </ItemGroup>
</Project>