<?xml version="1.0" encoding="utf-8"?>
<Project ToolsVersion="4.0" xmlns="http://schemas.microsoft.com/developer/msbuild/2003">
  <ItemGroup>
    <Filter Include="Source Files">
      <UniqueIdentifier>{4FC737F1-C7A5-4376-A066-2A32D752A2FF}</UniqueIdentifier>
      <Extensions>cpp;c;cxx;def;odl;idl;hpj;bat;asm;asmx</Extensions>
    </Filter>
    <Filter Include="Header Files">
      <UniqueIdentifier>{93995380-89BD-4b04-88EB-625FBE52EBFB}</UniqueIdentifier>
      <Extensions>h;hpp;hxx;hm;inl;inc;xsd</Extensions>
    </Filter>
    <Filter Include="Resource Files">
      <UniqueIdentifier>{67DA6AB6-F800-4c08-8B7A-83BB121AAD01}</UniqueIdentifier>
      <Extensions>rc;ico;cur;bmp;dlg;rc2;rct;bin;rgs;gif;jpg;jpeg;jpe;resx</Extensions>
    </Filter>
  </ItemGroup>
  <ItemGroup>
    <ClCompile Include="Action.cpp">
      <Filter>Source Files</Filter>
    </ClCompile>
    <ClCompile Include="ActionBase.cpp">
      <Filter>Source Files</Filter>
    </ClCompile>
    <ClCompile Include="AdaptiveBoxMethod.cpp">
      <Filter>Source Files</Filter>
    </ClCompile>
    <ClCompile Include="AdaptiveMethodAction.cpp">
      <Filter>Source Files</Filter>
    </ClCompile>
    <ClCompile Include="BoxMethodAction.cpp">
      <Filter>Source Files</Filter>
    </ClCompile>
    <ClCompile Include="compreg.cpp">
      <Filter>Source Files</Filter>
    </ClCompile>
    <ClCompile Include="ComputationParameters.cpp">
      <Filter>Source Files</Filter>
    </ClCompile>
    <ClCompile Include="Dummy.cpp">
      <Filter>Source Files</Filter>
    </ClCompile>
    <ClCompile Include="Dummy1.cpp">
      <Filter>Source Files</Filter>
    </ClCompile>
    <ClCompile Include="Dummy2.cpp">
      <Filter>Source Files</Filter>
    </ClCompile>
    <ClCompile Include="Dummy3.cpp">
      <Filter>Source Files</Filter>
    </ClCompile>
    <ClCompile Include="Dummy4.cpp">
      <Filter>Source Files</Filter>
    </ClCompile>
    <ClCompile Include="Function.cpp">
      <Filter>Source Files</Filter>
    </ClCompile>
    <ClCompile Include="FunctionImpl.cpp">
      <Filter>Source Files</Filter>
    </ClCompile>
    <ClCompile Include="GraphInfo.cpp">
      <Filter>Source Files</Filter>
    </ClCompile>
    <ClCompile Include="GraphInfoImpl.cpp">
      <Filter>Source Files</Filter>
    </ClCompile>
    <ClCompile Include="GraphResult.cpp">
      <Filter>Source Files</Filter>
    </ClCompile>
    <ClCompile Include="GraphResultImpl.cpp">
      <Filter>Source Files</Filter>
    </ClCompile>
    <ClCompile Include="GraphResultUtil.cpp">
      <Filter>Source Files</Filter>
    </ClCompile>
    <ClCompile Include="GraphResultWrapper.cpp">
      <Filter>Source Files</Filter>
    </ClCompile>
    <ClCompile Include="IsolatedSetAction.cpp">
      <Filter>Source Files</Filter>
    </ClCompile>
    <ClCompile Include="Kernell.cpp">
      <Filter>Source Files</Filter>
    </ClCompile>
    <ClCompile Include="KernellException.cpp">
      <Filter>Source Files</Filter>
    </ClCompile>
    <ClCompile Include="KernellImpl.cpp">
      <Filter>Source Files</Filter>
    </ClCompile>
    <ClCompile Include="LoopsLocalizationAction.cpp">
      <Filter>Source Files</Filter>
    </ClCompile>
    <ClCompile Include="MinimalLoopLocalizationAction.cpp">
      <Filter>Source Files</Filter>
    </ClCompile>
    <ClCompile Include="MorseKernel2.cpp">
      <Filter>Source Files</Filter>
    </ClCompile>
    <ClCompile Include="MS2DCreationAction.cpp">
      <Filter>Source Files</Filter>
    </ClCompile>
    <ClCompile Include="MS2DProcessAction.cpp">
      <Filter>Source Files</Filter>
    </ClCompile>
    <ClCompile Include="MS2DRomAction.cpp">
      <Filter>Source Files</Filter>
    </ClCompile>
    <ClCompile Include="MS2Metadata.cpp">
      <Filter>Source Files</Filter>
    </ClCompile>
    <ClCompile Include="MSAdaptiveAction.cpp">
      <Filter>Source Files</Filter>
    </ClCompile>
    <ClCompile Include="MSAngleCreationMethod.cpp">
      <Filter>Source Files</Filter>
    </ClCompile>
    <ClCompile Include="MSAngleMetadata.cpp">
      <Filter>Source Files</Filter>
    </ClCompile>
    <ClCompile Include="MSAngleMethod.cpp">
      <Filter>Source Files</Filter>
    </ClCompile>
    <ClCompile Include="MSAngleRomProcess.cpp">
      <Filter>Source Files</Filter>
    </ClCompile>
    <ClCompile Include="MSCreationProcess.cpp">
      <Filter>Source Files</Filter>
    </ClCompile>
    <ClCompile Include="MSMetadata.cpp">
      <Filter>Source Files</Filter>
    </ClCompile>
    <ClCompile Include="MSMethodAction.cpp">
      <Filter>Source Files</Filter>
    </ClCompile>
    <ClCompile Include="MSSegmentMetadata.cpp">
      <Filter>Source Files</Filter>
    </ClCompile>
    <ClCompile Include="MSSegmentRom.cpp">
      <Filter>Source Files</Filter>
    </ClCompile>
    <ClCompile Include="Parameters.cpp">
      <Filter>Source Files</Filter>
    </ClCompile>
    <ClCompile Include="PersistantManager.cpp">
      <Filter>Source Files</Filter>
    </ClCompile>
    <ClCompile Include="PointMethodAction.cpp">
      <Filter>Source Files</Filter>
    </ClCompile>
    <ClCompile Include="ProgressBarInfo.cpp">
      <Filter>Source Files</Filter>
    </ClCompile>
    <ClCompile Include="ProgressBarNotificationAdapter.cpp">
      <Filter>Source Files</Filter>
    </ClCompile>
    <ClCompile Include="ProjectAction.cpp">
      <Filter>Source Files</Filter>
    </ClCompile>
    <ClCompile Include="Result.cpp">
      <Filter>Source Files</Filter>
    </ClCompile>
    <ClCompile Include="ResultBase.cpp">
      <Filter>Source Files</Filter>
    </ClCompile>
    <ClCompile Include="ResultInfo.cpp">
      <Filter>Source Files</Filter>
    </ClCompile>
    <ClCompile Include="ResultMetadata.cpp">
      <Filter>Source Files</Filter>
    </ClCompile>
    <ClCompile Include="ResultSet.cpp">
      <Filter>Source Files</Filter>
    </ClCompile>
    <ClCompile Include="ResultSetImpl.cpp">
      <Filter>Source Files</Filter>
    </ClCompile>
    <ClCompile Include="ResultSetIterator.cpp">
      <Filter>Source Files</Filter>
    </ClCompile>
    <ClCompile Include="ResultSetList.cpp">
      <Filter>Source Files</Filter>
    </ClCompile>
    <ClCompile Include="SIRomAction.cpp">
      <Filter>Source Files</Filter>
    </ClCompile>
    <ClCompile Include="SmartInterface.cpp">
      <Filter>Source Files</Filter>
    </ClCompile>
    <ClCompile Include="SpectrumMetadata.cpp">
      <Filter>Source Files</Filter>
    </ClCompile>
    <ClCompile Include="SpectrumResult.cpp">
      <Filter>Source Files</Filter>
    </ClCompile>
    <ClCompile Include="SpectrumResultImpl.cpp">
      <Filter>Source Files</Filter>
    </ClCompile>
    <ClCompile Include="stdafx.cpp">
      <Filter>Source Files</Filter>
    </ClCompile>
    <ClCompile Include="SymbolicImageMetadata.cpp">
      <Filter>Source Files</Filter>
    </ClCompile>
    <ClCompile Include="TarjanAction.cpp">
      <Filter>Source Files</Filter>
    </ClCompile>
    <ClCompile Include="WritableFunction.cpp">
      <Filter>Source Files</Filter>
    </ClCompile>
    <ClCompile Include="WritableGraphInfo.cpp">
      <Filter>Source Files</Filter>
    </ClCompile>
    <ClCompile Include="WritableGraphResult.cpp">
      <Filter>Source Files</Filter>
    </ClCompile>
    <ClCompile Include="WritableKernell.cpp">
      <Filter>Source Files</Filter>
    </ClCompile>
    <ClCompile Include="WritableResultSet.cpp">
      <Filter>Source Files</Filter>
    </ClCompile>
    <ClCompile Include="WritableSpectrum.cpp">
      <Filter>Source Files</Filter>
    </ClCompile>
  </ItemGroup>
  <ItemGroup>
    <ClInclude Include="Action.h">
      <Filter>Header Files</Filter>
    </ClInclude>
    <ClInclude Include="ActionBase.h">
      <Filter>Header Files</Filter>
    </ClInclude>
    <ClInclude Include="ActionBaseImpl.h">
      <Filter>Header Files</Filter>
    </ClInclude>
    <ClInclude Include="AdaptiveBoxMethod.h">
      <Filter>Header Files</Filter>
    </ClInclude>
    <ClInclude Include="AdaptiveMethodAction.h">
      <Filter>Header Files</Filter>
    </ClInclude>
    <ClInclude Include="BoxMethodAction.h">
      <Filter>Header Files</Filter>
    </ClInclude>
    <ClInclude Include="compreg.h">
      <Filter>Header Files</Filter>
    </ClInclude>
    <ClInclude Include="ComputationParameters.h">
      <Filter>Header Files</Filter>
    </ClInclude>
    <ClInclude Include="Dummy.h">
      <Filter>Header Files</Filter>
    </ClInclude>
    <ClInclude Include="Dummy1.h">
      <Filter>Header Files</Filter>
    </ClInclude>
    <ClInclude Include="Dummy2.h">
      <Filter>Header Files</Filter>
    </ClInclude>
    <ClInclude Include="Dummy3.h">
      <Filter>Header Files</Filter>
    </ClInclude>
    <ClInclude Include="Dummy4.h">
      <Filter>Header Files</Filter>
    </ClInclude>
    <ClInclude Include="Function.h">
      <Filter>Header Files</Filter>
    </ClInclude>
    <ClInclude Include="FunctionImpl.h">
      <Filter>Header Files</Filter>
    </ClInclude>
    <ClInclude Include="GraphInfo.h">
      <Filter>Header Files</Filter>
    </ClInclude>
    <ClInclude Include="GraphInfoImpl.h">
      <Filter>Header Files</Filter>
    </ClInclude>
    <ClInclude Include="GraphResult.h">
      <Filter>Header Files</Filter>
    </ClInclude>
    <ClInclude Include="GraphResultImpl.h">
      <Filter>Header Files</Filter>
    </ClInclude>
    <ClInclude Include="GraphResultUtil.h">
      <Filter>Header Files</Filter>
    </ClInclude>
    <ClInclude Include="GraphResultWrapper.h">
      <Filter>Header Files</Filter>
    </ClInclude>
    <ClInclude Include="IsolatedSetAction.h">
      <Filter>Header Files</Filter>
    </ClInclude>
    <ClInclude Include="Kernell.h">
      <Filter>Header Files</Filter>
    </ClInclude>
    <ClInclude Include="KernellException.h">
      <Filter>Header Files</Filter>
    </ClInclude>
    <ClInclude Include="KernellImpl.h">
      <Filter>Header Files</Filter>
    </ClInclude>
    <ClInclude Include="LoopsLocalizationAction.h">
      <Filter>Header Files</Filter>
    </ClInclude>
    <ClInclude Include="MinimalLoopLocalizationAction.h">
      <Filter>Header Files</Filter>
    </ClInclude>
    <ClInclude Include="MS2DCreationAction.h">
      <Filter>Header Files</Filter>
    </ClInclude>
    <ClInclude Include="MS2DProcessAction.h">
      <Filter>Header Files</Filter>
    </ClInclude>
    <ClInclude Include="MS2DRomAction.h">
      <Filter>Header Files</Filter>
    </ClInclude>
    <ClInclude Include="MS2Metadata.h">
      <Filter>Header Files</Filter>
    </ClInclude>
    <ClInclude Include="MSAdaptiveAction.h">
      <Filter>Header Files</Filter>
    </ClInclude>
    <ClInclude Include="MSAngleCreationMethod.h">
      <Filter>Header Files</Filter>
    </ClInclude>
    <ClInclude Include="MSAngleMetadata.h">
      <Filter>Header Files</Filter>
    </ClInclude>
    <ClInclude Include="MSAngleMethod.h">
      <Filter>Header Files</Filter>
    </ClInclude>
    <ClInclude Include="MSAngleRomProcess.h">
      <Filter>Header Files</Filter>
    </ClInclude>
    <ClInclude Include="MSCreationProcess.h">
      <Filter>Header Files</Filter>
    </ClInclude>
    <ClInclude Include="MSMetadata.h">
      <Filter>Header Files</Filter>
    </ClInclude>
    <ClInclude Include="MSMethodAction.h">
      <Filter>Header Files</Filter>
    </ClInclude>
    <ClInclude Include="MSSegmentMetadata.h">
      <Filter>Header Files</Filter>
    </ClInclude>
    <ClInclude Include="MSSegmentRom.h">
      <Filter>Header Files</Filter>
    </ClInclude>
    <ClInclude Include="Parameters.h">
      <Filter>Header Files</Filter>
    </ClInclude>
    <ClInclude Include="PersistantManager.h">
      <Filter>Header Files</Filter>
    </ClInclude>
    <ClInclude Include="PointMethodAction.h">
      <Filter>Header Files</Filter>
    </ClInclude>
    <ClInclude Include="ProgressBarInfo.h">
      <Filter>Header Files</Filter>
    </ClInclude>
    <ClInclude Include="ProgressBarNotificationAdapter.h">
      <Filter>Header Files</Filter>
    </ClInclude>
    <ClInclude Include="ProjectAction.h">
      <Filter>Header Files</Filter>
    </ClInclude>
    <ClInclude Include="Resource.h">
      <Filter>Header Files</Filter>
    </ClInclude>
    <ClInclude Include="Result.h">
      <Filter>Header Files</Filter>
    </ClInclude>
    <ClInclude Include="ResultBase.h">
      <Filter>Header Files</Filter>
    </ClInclude>
    <ClInclude Include="ResultInfo.h">
      <Filter>Header Files</Filter>
    </ClInclude>
    <ClInclude Include="ResultMetadata.h">
      <Filter>Header Files</Filter>
    </ClInclude>
    <ClInclude Include="ResultMetadataBase.h">
      <Filter>Header Files</Filter>
    </ClInclude>
    <ClInclude Include="ResultSet.h">
      <Filter>Header Files</Filter>
    </ClInclude>
    <ClInclude Include="ResultSetImpl.h">
      <Filter>Header Files</Filter>
    </ClInclude>
    <ClInclude Include="ResultSetIterator.h">
      <Filter>Header Files</Filter>
    </ClInclude>
    <ClInclude Include="ResultSetList.h">
      <Filter>Header Files</Filter>
    </ClInclude>
    <ClInclude Include="SIRomAction.h">
      <Filter>Header Files</Filter>
    </ClInclude>
    <ClInclude Include="SmartInterface.h">
      <Filter>Header Files</Filter>
    </ClInclude>
    <ClInclude Include="SpectrumMetadata.h">
      <Filter>Header Files</Filter>
    </ClInclude>
    <ClInclude Include="SpectrumResult.h">
      <Filter>Header Files</Filter>
    </ClInclude>
    <ClInclude Include="SpectrumResultImpl.h">
      <Filter>Header Files</Filter>
    </ClInclude>
    <ClInclude Include="stdafx.h">
      <Filter>Header Files</Filter>
    </ClInclude>
    <ClInclude Include="SymbolicImageMetadata.h">
      <Filter>Header Files</Filter>
    </ClInclude>
    <ClInclude Include="TarjanAction.h">
      <Filter>Header Files</Filter>
    </ClInclude>
    <ClInclude Include="WritableFunction.h">
      <Filter>Header Files</Filter>
    </ClInclude>
    <ClInclude Include="WritableGraphInfo.h">
      <Filter>Header Files</Filter>
    </ClInclude>
    <ClInclude Include="WritableGraphResult.h">
      <Filter>Header Files</Filter>
    </ClInclude>
    <ClInclude Include="WritableKernell.h">
      <Filter>Header Files</Filter>
    </ClInclude>
    <ClInclude Include="WritableResultSet.h">
      <Filter>Header Files</Filter>
    </ClInclude>
    <ClInclude Include="WritableSpectrum.h">
      <Filter>Header Files</Filter>
    </ClInclude>
  </ItemGroup>
  <ItemGroup>
    <ResourceCompile Include="MorseKernel2.rc">
      <Filter>Resource Files</Filter>
    </ResourceCompile>
  </ItemGroup>
  <ItemGroup>
    <None Include="MorseKernel2.rgs">
      <Filter>Resource Files</Filter>
    </None>
  </ItemGroup>
  <ItemGroup>
    <Text Include="ReadMe.txt" />
  </ItemGroup>
</Project>