<?xml version="1.0" encoding="utf-8"?>
<Project ToolsVersion="4.0" xmlns="http://schemas.microsoft.com/developer/msbuild/2003">
  <ItemGroup>
    <Filter Include="Source Files">
      <UniqueIdentifier>{4FC737F1-C7A5-4376-A066-2A32D752A2FF}</UniqueIdentifier>
      <Extensions>cpp;c;cxx;def;odl;idl;hpj;bat;asm;asmx</Extensions>
    </Filter>
    <Filter Include="Header Files">
      <UniqueIdentifier>{93995380-89BD-4b04-88EB-625FBE52EBFB}</UniqueIdentifier>
      <Extensions>h;hpp;hxx;hm;inl;inc;xsd</Extensions>
    </Filter>
    <Filter Include="Resource Files">
      <UniqueIdentifier>{67DA6AB6-F800-4c08-8B7A-83BB121AAD01}</UniqueIdentifier>
      <Extensions>rc;ico;cur;bmp;dlg;rc2;rct;bin;rgs;gif;jpg;jpeg;jpe;resx</Extensions>
    </Filter>
  </ItemGroup>
  <ItemGroup>
    <ClCompile Include="FunctionContext.cpp">
      <Filter>Source Files</Filter>
    </ClCompile>
    <ClCompile Include="FunctionDictionary.cpp">
      <Filter>Source Files</Filter>
    </ClCompile>
    <ClCompile Include="FunctionFactory.cpp">
      <Filter>Source Files</Filter>
    </ClCompile>
    <ClCompile Include="FunctionFactoryParseException.cpp">
      <Filter>Source Files</Filter>
    </ClCompile>
    <ClCompile Include="FunctionNative.cpp">
      <Filter>Source Files</Filter>
    </ClCompile>
    <ClCompile Include="FunctionNode.cpp">
      <Filter>Source Files</Filter>
    </ClCompile>
    <ClCompile Include="FunctionNodeConstant.cpp">
      <Filter>Source Files</Filter>
    </ClCompile>
    <ClCompile Include="FunctionNodeDiv.cpp">
      <Filter>Source Files</Filter>
    </ClCompile>
    <ClCompile Include="FunctionNodeEquation.cpp">
      <Filter>Source Files</Filter>
    </ClCompile>
    <ClCompile Include="FunctionNodeFunction.cpp">
      <Filter>Source Files</Filter>
    </ClCompile>
    <ClCompile Include="FunctionNodeIfLZ.cpp">
      <Filter>Source Files</Filter>
    </ClCompile>
    <ClCompile Include="FunctionNodeMax.cpp">
      <Filter>Source Files</Filter>
    </ClCompile>
    <ClCompile Include="FunctionNodeMin.cpp">
      <Filter>Source Files</Filter>
    </ClCompile>
    <ClCompile Include="FunctionNodeMul.cpp">
      <Filter>Source Files</Filter>
    </ClCompile>
    <ClCompile Include="FunctionNodePower.cpp">
      <Filter>Source Files</Filter>
    </ClCompile>
    <ClCompile Include="FunctionNodeSub.cpp">
      <Filter>Source Files</Filter>
    </ClCompile>
    <ClCompile Include="FunctionNodeSum.cpp">
      <Filter>Source Files</Filter>
    </ClCompile>
    <ClCompile Include="FunctionNodeUMinus.cpp">
      <Filter>Source Files</Filter>
    </ClCompile>
    <ClCompile Include="FunctionNodeUnary.cpp">
      <Filter>Source Files</Filter>
    </ClCompile>
    <ClCompile Include="FunctionNodeUnaryATan.cpp">
      <Filter>Source Files</Filter>
    </ClCompile>
    <ClCompile Include="FunctionNodeUnaryCos.cpp">
      <Filter>Source Files</Filter>
    </ClCompile>
    <ClCompile Include="FunctionNodeUnaryExp.cpp">
      <Filter>Source Files</Filter>
    </ClCompile>
    <ClCompile Include="FunctionNodeUnaryLn.cpp">
      <Filter>Source Files</Filter>
    </ClCompile>
    <ClCompile Include="FunctionNodeUnaryTg.cpp">
      <Filter>Source Files</Filter>
    </ClCompile>
    <ClCompile Include="FunctionNodeUnatySin.cpp">
      <Filter>Source Files</Filter>
    </ClCompile>
    <ClCompile Include="FunctionNodeUserFunction.cpp">
      <Filter>Source Files</Filter>
    </ClCompile>
    <ClCompile Include="FunctionNodeVariable.cpp">
      <Filter>Source Files</Filter>
    </ClCompile>
    <ClCompile Include="FunctionNodeVisitor.cpp">
      <Filter>Source Files</Filter>
    </ClCompile>
    <ClCompile Include="FunctionTest.cpp">
      <Filter>Source Files</Filter>
    </ClCompile>
    <ClCompile Include="IntervalEvaluator.cpp">
      <Filter>Source Files</Filter>
    </ClCompile>
    <ClCompile Include="IntervalValue.cpp">
      <Filter>Source Files</Filter>
    </ClCompile>
    <ClCompile Include="LipsitzFinder.cpp">
      <Filter>Source Files</Filter>
    </ClCompile>
    <ClCompile Include="stdafx.cpp">
      <Filter>Source Files</Filter>
    </ClCompile>
    <ClCompile Include="SystemNative.cpp">
      <Filter>Source Files</Filter>
    </ClCompile>
  </ItemGroup>
  <ItemGroup>
    <ClInclude Include="FunctionContext.h">
      <Filter>Header Files</Filter>
    </ClInclude>
    <ClInclude Include="FunctionDictionary.h">
      <Filter>Header Files</Filter>
    </ClInclude>
    <ClInclude Include="FunctionFactory.h">
      <Filter>Header Files</Filter>
    </ClInclude>
    <ClInclude Include="FunctionFactoryParseException.h">
      <Filter>Header Files</Filter>
    </ClInclude>
    <ClInclude Include="FunctionNative.h">
      <Filter>Header Files</Filter>
    </ClInclude>
    <ClInclude Include="FunctionNode.h">
      <Filter>Header Files</Filter>
    </ClInclude>
    <ClInclude Include="FunctionNodeConstant.h">
      <Filter>Header Files</Filter>
    </ClInclude>
    <ClInclude Include="FunctionNodeDiv.h">
      <Filter>Header Files</Filter>
    </ClInclude>
    <ClInclude Include="FunctionNodeEquation.h">
      <Filter>Header Files</Filter>
    </ClInclude>
    <ClInclude Include="FunctionNodeFunction.h">
      <Filter>Header Files</Filter>
    </ClInclude>
    <ClInclude Include="FunctionNodeIfLZ.h">
      <Filter>Header Files</Filter>
    </ClInclude>
    <ClInclude Include="FunctionNodeMax.h">
      <Filter>Header Files</Filter>
    </ClInclude>
    <ClInclude Include="FunctionNodeMin.h">
      <Filter>Header Files</Filter>
    </ClInclude>
    <ClInclude Include="FunctionNodeMul.h">
      <Filter>Header Files</Filter>
    </ClInclude>
    <ClInclude Include="FunctionNodePower.h">
      <Filter>Header Files</Filter>
    </ClInclude>
    <ClInclude Include="FunctionNodeSub.h">
      <Filter>Header Files</Filter>
    </ClInclude>
    <ClInclude Include="FunctionNodeSum.h">
      <Filter>Header Files</Filter>
    </ClInclude>
    <ClInclude Include="FunctionNodeUMinus.h">
      <Filter>Header Files</Filter>
    </ClInclude>
    <ClInclude Include="FunctionNodeUnary.h">
      <Filter>Header Files</Filter>
    </ClInclude>
    <ClInclude Include="FunctionNodeUnaryATan.h">
      <Filter>Header Files</Filter>
    </ClInclude>
    <ClInclude Include="FunctionNodeUnaryCos.h">
      <Filter>Header Files</Filter>
    </ClInclude>
    <ClInclude Include="FunctionNodeUnaryExp.h">
      <Filter>Header Files</Filter>
    </ClInclude>
    <ClInclude Include="FunctionNodeUnaryLn.h">
      <Filter>Header Files</Filter>
    </ClInclude>
    <ClInclude Include="FunctionNodeUnaryTg.h">
      <Filter>Header Files</Filter>
    </ClInclude>
    <ClInclude Include="FunctionNodeUnatySin.h">
      <Filter>Header Files</Filter>
    </ClInclude>
    <ClInclude Include="FunctionNodeUserFunction.h">
      <Filter>Header Files</Filter>
    </ClInclude>
    <ClInclude Include="FunctionNodeVariable.h">
      <Filter>Header Files</Filter>
    </ClInclude>
    <ClInclude Include="FunctionNodeVisitor.h">
      <Filter>Header Files</Filter>
    </ClInclude>
    <ClInclude Include="FunctionTest.h">
      <Filter>Header Files</Filter>
    </ClInclude>
    <ClInclude Include="IntervalEvaluator.h">
      <Filter>Header Files</Filter>
    </ClInclude>
    <ClInclude Include="Intervals.h">
      <Filter>Header Files</Filter>
    </ClInclude>
    <ClInclude Include="IntervalValue.h">
      <Filter>Header Files</Filter>
    </ClInclude>
    <ClInclude Include="LipsitzFinder.h">
      <Filter>Header Files</Filter>
    </ClInclude>
    <ClInclude Include="stdafx.h">
      <Filter>Header Files</Filter>
    </ClInclude>
    <ClInclude Include="SystemNative.h">
      <Filter>Header Files</Filter>
    </ClInclude>
  </ItemGroup>
  <ItemGroup>
    <Text Include="ReadMe.txt" />
  </ItemGroup>
</Project>